lockfileVersion: '9.0'

settings:
  autoInstallPeers: true
  excludeLinksFromLockfile: false

importers:

  .:
    dependencies:
      '@opentelemetry/sdk-node':
        specifier: 0.201.1
        version: 0.201.1(@opentelemetry/api@1.9.0)
      ai-sdk-openai-v5:
        specifier: npm:@ai-sdk/openai@2.0.57
        version: '@ai-sdk/openai@2.0.57(zod@3.25.76)'
      ai-sdk-openai-v6:
        specifier: npm:@ai-sdk/openai@3.0.7
        version: '@ai-sdk/openai@3.0.7(zod@3.25.76)'
      ai-sdk-v5:
        specifier: npm:ai@5.0.82
        version: ai@5.0.82(zod@3.25.76)
      ai-sdk-v6:
        specifier: npm:ai@6.0.1
        version: ai@6.0.1(zod@3.25.76)
      zod:
        specifier: 3.25.76
        version: 3.25.76

packages:

  '@ai-sdk/gateway@2.0.3':
    resolution: {integrity: sha512-/vCoMKtod+A74/BbkWsaAflWKz1ovhX5lmJpIaXQXtd6gyexZncjotBTbFM8rVJT9LKJ/Kx7iVVo3vh+KT+IJg==}
    engines: {node: '>=18'}
    peerDependencies:
      zod: ^3.25.76 || ^4.1.8

  '@ai-sdk/gateway@3.0.0':
    resolution: {integrity: sha512-JcjePYVpbezv+XOxkxPemwnorjWpgDiiKWMYy6FXTCG2rFABIK2Co1bFxIUSDT4vYO6f1448x9rKbn38vbhDiA==}
    engines: {node: '>=18'}
    peerDependencies:
      zod: ^3.25.76 || ^4.1.8

  '@ai-sdk/openai@2.0.57':
    resolution: {integrity: sha512-ad2e4Ah9KdLnchMcWFv2FfU1JCwm50b3+UZq2VhkO8qLYEh2kh/aVQomZyAsIbx5ft5nOv2KmDwZrefXkeKttQ==}
    engines: {node: '>=18'}
    peerDependencies:
      zod: ^3.25.76 || ^4.1.8

  '@ai-sdk/openai@3.0.7':
    resolution: {integrity: sha512-CBoYn1U59Lop8yBL9KuVjHCKc/B06q9Qo0SasRwHoyMEq+X4I8LQZu3a8Ck1jwwcZTTxfyiExB70LtIRSynBDA==}
    engines: {node: '>=18'}
    peerDependencies:
      zod: ^3.25.76 || ^4.1.8

  '@ai-sdk/provider-utils@3.0.14':
    resolution: {integrity: sha512-CYRU6L7IlR7KslSBVxvlqlybQvXJln/PI57O8swhOaDIURZbjRP2AY3igKgUsrmWqqnFFUHP+AwTN8xqJAknnA==}
    engines: {node: '>=18'}
    peerDependencies:
      zod: ^3.25.76 || ^4.1.8

  '@ai-sdk/provider-utils@4.0.0':
    resolution: {integrity: sha512-HyCyOls9I3a3e38+gtvOJOEjuw9KRcvbBnCL5GBuSmJvS9Jh9v3fz7pRC6ha1EUo/ZH1zwvLWYXBMtic8MTguA==}
    engines: {node: '>=18'}
    peerDependencies:
      zod: ^3.25.76 || ^4.1.8

  '@ai-sdk/provider-utils@4.0.4':
    resolution: {integrity: sha512-VxhX0B/dWGbpNHxrKCWUAJKXIXV015J4e7qYjdIU9lLWeptk0KMLGcqkB4wFxff5Njqur8dt8wRi1MN9lZtDqg==}
    engines: {node: '>=18'}
    peerDependencies:
      zod: ^3.25.76 || ^4.1.8

  '@ai-sdk/provider@2.0.0':
    resolution: {integrity: sha512-6o7Y2SeO9vFKB8lArHXehNuusnpddKPk7xqL7T2/b+OvXMRIXUO1rR4wcv1hAFUAT9avGZshty3Wlua/XA7TvA==}
    engines: {node: '>=18'}

  '@ai-sdk/provider@3.0.0':
    resolution: {integrity: sha512-m9ka3ptkPQbaHHZHqDXDF9C9B5/Mav0KTdky1k2HZ3/nrW2t1AgObxIVPyGDWQNS9FXT/FS6PIoSjpcP/No8rQ==}
    engines: {node: '>=18'}

  '@ai-sdk/provider@3.0.2':
    resolution: {integrity: sha512-HrEmNt/BH/hkQ7zpi2o6N3k1ZR1QTb7z85WYhYygiTxOQuaml4CMtHCWRbric5WPU+RNsYI7r1EpyVQMKO1pYw==}
    engines: {node: '>=18'}

  '@grpc/grpc-js@1.14.3':
    resolution: {integrity: sha512-Iq8QQQ/7X3Sac15oB6p0FmUg/klxQvXLeileoqrTRGJYLV+/9tubbr9ipz0GKHjmXVsgFPo/+W+2cA8eNcR+XA==}
    engines: {node: '>=12.10.0'}

  '@grpc/proto-loader@0.8.0':
    resolution: {integrity: sha512-rc1hOQtjIWGxcxpb9aHAfLpIctjEnsDehj0DAiVfBlmT84uvR0uUtN2hEi/ecvWVjXUGf5qPF4qEgiLOx1YIMQ==}
    engines: {node: '>=6'}
    hasBin: true

  '@js-sdsl/ordered-map@4.4.2':
    resolution: {integrity: sha512-iUKgm52T8HOE/makSxjqoWhe95ZJA1/G1sYsGev2JDKUSS14KAgg1LHb+Ba+IPow0xflbnSkOsZcO08C7w1gYw==}

  '@opentelemetry/api-logs@0.201.1':
    resolution: {integrity: sha512-IxcFDP1IGMDemVFG2by/AMK+/o6EuBQ8idUq3xZ6MxgQGeumYZuX5OwR0h9HuvcUc/JPjQGfU5OHKIKYDJcXeA==}
    engines: {node: '>=8.0.0'}

  '@opentelemetry/api@1.9.0':
    resolution: {integrity: sha512-3giAOQvZiH5F9bMlMiv8+GSPMeqg0dbaeo58/0SlA9sxSqZhnUtxzX9/2FzyhS9sWQf5S0GJE0AKBrFqjpeYcg==}
    engines: {node: '>=8.0.0'}

  '@opentelemetry/context-async-hooks@2.0.1':
    resolution: {integrity: sha512-XuY23lSI3d4PEqKA+7SLtAgwqIfc6E/E9eAQWLN1vlpC53ybO3o6jW4BsXo1xvz9lYyyWItfQDDLzezER01mCw==}
    engines: {node: ^18.19.0 || >=20.6.0}
    peerDependencies:
      '@opentelemetry/api': '>=1.0.0 <1.10.0'

  '@opentelemetry/core@2.0.1':
    resolution: {integrity: sha512-MaZk9SJIDgo1peKevlbhP6+IwIiNPNmswNL4AF0WaQJLbHXjr9SrZMgS12+iqr9ToV4ZVosCcc0f8Rg67LXjxw==}
    engines: {node: ^18.19.0 || >=20.6.0}
    peerDependencies:
      '@opentelemetry/api': '>=1.0.0 <1.10.0'

  '@opentelemetry/exporter-logs-otlp-grpc@0.201.1':
    resolution: {integrity: sha512-ACV2Az9BHRcAaPMYBnYMwKHNn2JwkzzsT3cdeG6+Tokm47fFfpf2xk3sq3QvX0Gk+TXW7q6d+OfBuYfWoAud2g==}
    engines: {node: ^18.19.0 || >=20.6.0}
    peerDependencies:
      '@opentelemetry/api': ^1.3.0

  '@opentelemetry/exporter-logs-otlp-http@0.201.1':
    resolution: {integrity: sha512-flYr1tr/wlUxsVc2ZYt/seNLgp3uagyUg9MtjiHYyaMQcN4XuEuI4UjUFwXAGQjd2khmXeie5YnTmO8gzyzemw==}
    engines: {node: ^18.19.0 || >=20.6.0}
    peerDependencies:
      '@opentelemetry/api': ^1.3.0

  '@opentelemetry/exporter-logs-otlp-proto@0.201.1':
    resolution: {integrity: sha512-ZVkutDoQYLAkWmpbmd9XKZ9NeBQS6GPxLl/NZ/uDMq+tFnmZu1p0cvZ43x5+TpFoGkjPR6QYHCxkcZBwI9M8ag==}
    engines: {node: ^18.19.0 || >=20.6.0}
    peerDependencies:
      '@opentelemetry/api': ^1.3.0

  '@opentelemetry/exporter-metrics-otlp-grpc@0.201.1':
    resolution: {integrity: sha512-ywo4TpQNOLi07K7P3CaymzS8XlDGfTFmMQ4oSPsZv38/gAf3/wPVh2uL5qYAFqrVokNCmkcaeCwX3QSy0g9b/A==}
    engines: {node: ^18.19.0 || >=20.6.0}
    peerDependencies:
      '@opentelemetry/api': ^1.3.0

  '@opentelemetry/exporter-metrics-otlp-http@0.201.1':
    resolution: {integrity: sha512-LMRVg2yTev28L51RLLUK3gY0avMa1RVBq7IkYNtXDBxJRcd0TGGq/0rqfk7Y4UIM9NCJhDIUFHeGg8NpSgSWcw==}
    engines: {node: ^18.19.0 || >=20.6.0}
    peerDependencies:
      '@opentelemetry/api': ^1.3.0

  '@opentelemetry/exporter-metrics-otlp-proto@0.201.1':
    resolution: {integrity: sha512-9ie2jcaUQZdIoe6B02r0rF4Gz+JsZ9mev/2pYou1N0woOUkFM8xwO6BAlORnrFVslqF/XO5WG3q5FsTbuC5iiw==}
    engines: {node: ^18.19.0 || >=20.6.0}
    peerDependencies:
      '@opentelemetry/api': ^1.3.0

  '@opentelemetry/exporter-prometheus@0.201.1':
    resolution: {integrity: sha512-J6/4KgljApWda/2YBMHHZg6vaZ6H8BjFInO8YQW+N0al1LjGAAq3pFRCEHpU6GI7ZlkphCxKy6MUjXOZVM8KWQ==}
    engines: {node: ^18.19.0 || >=20.6.0}
    peerDependencies:
      '@opentelemetry/api': ^1.3.0

  '@opentelemetry/exporter-trace-otlp-grpc@0.201.1':
    resolution: {integrity: sha512-0ZM5CBoZbufXckxi/SWwP5B++CjPWS6N1i+K7f+GhRxYWVGt/yh4eiV3jklZKWw/DUyMkUvUOo0GW1RxoiLoZQ==}
    engines: {node: ^18.19.0 || >=20.6.0}
    peerDependencies:
      '@opentelemetry/api': ^1.3.0

  '@opentelemetry/exporter-trace-otlp-http@0.201.1':
    resolution: {integrity: sha512-Nw3pIqATC/9LfSGrMiQeeMQ7/z7W2D0wKPxtXwAcr7P64JW7KSH4YSX7Ji8Ti3MmB79NQg6imdagfegJDB0rng==}
    engines: {node: ^18.19.0 || >=20.6.0}
    peerDependencies:
      '@opentelemetry/api': ^1.3.0

  '@opentelemetry/exporter-trace-otlp-proto@0.201.1':
    resolution: {integrity: sha512-wMxdDDyW+lmmenYGBp0evCoKzajXqIw6SSaZtaF/uqKR9/POhC/9vudnc+kf8W49hYFyIEutPrc1hA0exe3UwQ==}
    engines: {node: ^18.19.0 || >=20.6.0}
    peerDependencies:
      '@opentelemetry/api': ^1.3.0

  '@opentelemetry/exporter-zipkin@2.0.1':
    resolution: {integrity: sha512-a9eeyHIipfdxzCfc2XPrE+/TI3wmrZUDFtG2RRXHSbZZULAny7SyybSvaDvS77a7iib5MPiAvluwVvbGTsHxsw==}
    engines: {node: ^18.19.0 || >=20.6.0}
    peerDependencies:
      '@opentelemetry/api': ^1.0.0

  '@opentelemetry/instrumentation@0.201.1':
    resolution: {integrity: sha512-6EOSoT2zcyBM3VryAzn35ytjRrOMeaWZyzQ/PHVfxoXp5rMf7UUgVToqxOhQffKOHtC7Dma4bHt+DuwIBBZyZA==}
    engines: {node: ^18.19.0 || >=20.6.0}
    peerDependencies:
      '@opentelemetry/api': ^1.3.0

  '@opentelemetry/otlp-exporter-base@0.201.1':
    resolution: {integrity: sha512-FiS/mIWmZXyRxYGyXPHY+I/4+XrYVTD7Fz/zwOHkVPQsA1JTakAOP9fAi6trXMio0dIpzvQujLNiBqGM7ExrQw==}
    engines: {node: ^18.19.0 || >=20.6.0}
    peerDependencies:
      '@opentelemetry/api': ^1.3.0

  '@opentelemetry/otlp-grpc-exporter-base@0.201.1':
    resolution: {integrity: sha512-Y0h9hiMvNtUuXUMkYNAt81hxnFuOHHSeu/RC+pXcHe7S6ac0ROlcjdabBKmYSadJxRrP4YfLahLRuNkVtZow4w==}
    engines: {node: ^18.19.0 || >=20.6.0}
    peerDependencies:
      '@opentelemetry/api': ^1.3.0

  '@opentelemetry/otlp-transformer@0.201.1':
    resolution: {integrity: sha512-+q/8Yuhtu9QxCcjEAXEO8fXLjlSnrnVwfzi9jiWaMAppQp69MoagHHomQj02V2WnGjvBod5ajgkbK4IoWab50A==}
    engines: {node: ^18.19.0 || >=20.6.0}
    peerDependencies:
      '@opentelemetry/api': ^1.3.0

  '@opentelemetry/propagator-b3@2.0.1':
    resolution: {integrity: sha512-Hc09CaQ8Tf5AGLmf449H726uRoBNGPBL4bjr7AnnUpzWMvhdn61F78z9qb6IqB737TffBsokGAK1XykFEZ1igw==}
    engines: {node: ^18.19.0 || >=20.6.0}
    peerDependencies:
      '@opentelemetry/api': '>=1.0.0 <1.10.0'

  '@opentelemetry/propagator-jaeger@2.0.1':
    resolution: {integrity: sha512-7PMdPBmGVH2eQNb/AtSJizQNgeNTfh6jQFqys6lfhd6P4r+m/nTh3gKPPpaCXVdRQ+z93vfKk+4UGty390283w==}
    engines: {node: ^18.19.0 || >=20.6.0}
    peerDependencies:
      '@opentelemetry/api': '>=1.0.0 <1.10.0'

  '@opentelemetry/resources@2.0.1':
    resolution: {integrity: sha512-dZOB3R6zvBwDKnHDTB4X1xtMArB/d324VsbiPkX/Yu0Q8T2xceRthoIVFhJdvgVM2QhGVUyX9tzwiNxGtoBJUw==}
    engines: {node: ^18.19.0 || >=20.6.0}
    peerDependencies:
      '@opentelemetry/api': '>=1.3.0 <1.10.0'

  '@opentelemetry/sdk-logs@0.201.1':
    resolution: {integrity: sha512-Ug8gtpssUNUnfpotB9ZhnSsPSGDu+7LngTMgKl31mmVJwLAKyl6jC8diZrMcGkSgBh0o5dbg9puvLyR25buZfw==}
    engines: {node: ^18.19.0 || >=20.6.0}
    peerDependencies:
      '@opentelemetry/api': '>=1.4.0 <1.10.0'

  '@opentelemetry/sdk-metrics@2.0.1':
    resolution: {integrity: sha512-wf8OaJoSnujMAHWR3g+/hGvNcsC16rf9s1So4JlMiFaFHiE4HpIA3oUh+uWZQ7CNuK8gVW/pQSkgoa5HkkOl0g==}
    engines: {node: ^18.19.0 || >=20.6.0}
    peerDependencies:
      '@opentelemetry/api': '>=1.9.0 <1.10.0'

  '@opentelemetry/sdk-node@0.201.1':
    resolution: {integrity: sha512-OdkYe6ZEFbPq+YXhebuiYpPECIBrrKgFJoAQVATllKlB5RDQDTE4J84/8LwGfQqSxBiSK2u1aSaFpzgBVoBrKA==}
    engines: {node: ^18.19.0 || >=20.6.0}
    peerDependencies:
      '@opentelemetry/api': '>=1.3.0 <1.10.0'

  '@opentelemetry/sdk-trace-base@2.0.1':
    resolution: {integrity: sha512-xYLlvk/xdScGx1aEqvxLwf6sXQLXCjk3/1SQT9X9AoN5rXRhkdvIFShuNNmtTEPRBqcsMbS4p/gJLNI2wXaDuQ==}
    engines: {node: ^18.19.0 || >=20.6.0}
    peerDependencies:
      '@opentelemetry/api': '>=1.3.0 <1.10.0'

  '@opentelemetry/sdk-trace-node@2.0.1':
    resolution: {integrity: sha512-UhdbPF19pMpBtCWYP5lHbTogLWx9N0EBxtdagvkn5YtsAnCBZzL7SjktG+ZmupRgifsHMjwUaCCaVmqGfSADmA==}
    engines: {node: ^18.19.0 || >=20.6.0}
    peerDependencies:
      '@opentelemetry/api': '>=1.0.0 <1.10.0'

  '@opentelemetry/semantic-conventions@1.40.0':
    resolution: {integrity: sha512-cifvXDhcqMwwTlTK04GBNeIe7yyo28Mfby85QXFe1Yk8nmi36Ab/5UQwptOx84SsoGNRg+EVSjwzfSZMy6pmlw==}
    engines: {node: '>=14'}

  '@protobufjs/aspromise@1.1.2':
    resolution: {integrity: sha512-j+gKExEuLmKwvz3OgROXtrJ2UG2x8Ch2YZUxahh+s1F2HZ+wAceUNLkvy6zKCPVRkU++ZWQrdxsUeQXmcg4uoQ==}

  '@protobufjs/base64@1.1.2':
    resolution: {integrity: sha512-AZkcAA5vnN/v4PDqKyMR5lx7hZttPDgClv83E//FMNhR2TMcLUhfRUBHCmSl0oi9zMgDDqRUJkSxO3wm85+XLg==}

  '@protobufjs/codegen@2.0.4':
    resolution: {integrity: sha512-YyFaikqM5sH0ziFZCN3xDC7zeGaB/d0IUb9CATugHWbd1FRFwWwt4ld4OYMPWu5a3Xe01mGAULCdqhMlPl29Jg==}

  '@protobufjs/eventemitter@1.1.0':
    resolution: {integrity: sha512-j9ednRT81vYJ9OfVuXG6ERSTdEL1xVsNgqpkxMsbIabzSo3goCjDIveeGv5d03om39ML71RdmrGNjG5SReBP/Q==}

  '@protobufjs/fetch@1.1.0':
    resolution: {integrity: sha512-lljVXpqXebpsijW71PZaCYeIcE5on1w5DlQy5WH6GLbFryLUrBD4932W/E2BSpfRJWseIL4v/KPgBFxDOIdKpQ==}

  '@protobufjs/float@1.0.2':
    resolution: {integrity: sha512-Ddb+kVXlXst9d+R9PfTIxh1EdNkgoRe5tOX6t01f1lYWOvJnSPDBlG241QLzcyPdoNTsblLUdujGSE4RzrTZGQ==}

  '@protobufjs/inquire@1.1.0':
    resolution: {integrity: sha512-kdSefcPdruJiFMVSbn801t4vFK7KB/5gd2fYvrxhuJYg8ILrmn9SKSX2tZdV6V+ksulWqS7aXjBcRXl3wHoD9Q==}

  '@protobufjs/path@1.1.2':
    resolution: {integrity: sha512-6JOcJ5Tm08dOHAbdR3GrvP+yUUfkjG5ePsHYczMFLq3ZmMkAD98cDgcT2iA1lJ9NVwFd4tH/iSSoe44YWkltEA==}

  '@protobufjs/pool@1.1.0':
    resolution: {integrity: sha512-0kELaGSIDBKvcgS4zkjz1PeddatrjYcmMWOlAuAPwAeccUrPHdUqo/J6LiymHHEiJT5NrF1UVwxY14f+fy4WQw==}

  '@protobufjs/utf8@1.1.0':
    resolution: {integrity: sha512-Vvn3zZrhQZkkBE8LSuW3em98c0FwgO4nxzv6OdSxPKJIEKY2bGbHn+mhGIPerzI4twdxaP8/0+06HBpwf345Lw==}

  '@standard-schema/spec@1.1.0':
    resolution: {integrity: sha512-l2aFy5jALhniG5HgqrD6jXLi/rUWrKvqN/qJx6yoJsgKhblVd+iqqU4RCXavm/jPityDo5TCvKMnpjKnOriy0w==}

  '@types/node@25.5.0':
    resolution: {integrity: sha512-jp2P3tQMSxWugkCUKLRPVUpGaL5MVFwF8RDuSRztfwgN1wmqJeMSbKlnEtQqU8UrhTmzEmZdu2I6v2dpp7XIxw==}

  '@types/shimmer@1.2.0':
    resolution: {integrity: sha512-UE7oxhQLLd9gub6JKIAhDq06T0F6FnztwMNRvYgjeQSBeMc1ZG/tA47EwfduvkuQS8apbkM/lpLpWsaCeYsXVg==}

  '@vercel/oidc@3.0.3':
    resolution: {integrity: sha512-yNEQvPcVrK9sIe637+I0jD6leluPxzwJKx/Haw6F4H77CdDsszUn5V3o96LPziXkSNE2B83+Z3mjqGKBK/R6Gg==}
    engines: {node: '>= 20'}

  '@vercel/oidc@3.0.5':
    resolution: {integrity: sha512-fnYhv671l+eTTp48gB4zEsTW/YtRgRPnkI2nT7x6qw5rkI1Lq2hTmQIpHPgyThI0znLK+vX2n9XxKdXZ7BUbbw==}
    engines: {node: '>= 20'}

  acorn-import-attributes@1.9.5:
    resolution: {integrity: sha512-n02Vykv5uA3eHGM/Z2dQrcD56kL8TyDb2p1+0P83PClMnC/nc+anbQRhIOWnSq4Ke/KvDPrY3C9hDtC/A3eHnQ==}
    peerDependencies:
      acorn: ^8

  acorn@8.16.0:
    resolution: {integrity: sha512-UVJyE9MttOsBQIDKw1skb9nAwQuR5wuGD3+82K6JgJlm/Y+KI92oNsMNGZCYdDsVtRHSak0pcV5Dno5+4jh9sw==}
    engines: {node: '>=0.4.0'}
    hasBin: true

  ai@5.0.82:
    resolution: {integrity: sha512-wmZZfsU40qB77umrcj3YzMSk6cUP5gxLXZDPfiSQLBLegTVXPUdSJC603tR7JB5JkhBDzN5VLaliuRKQGKpUXg==}
    engines: {node: '>=18'}
    peerDependencies:
      zod: ^3.25.76 || ^4.1.8

  ai@6.0.1:
    resolution: {integrity: sha512-g/jPakC6h4vUJKDww0d6+VaJmfMC38UqH3kKsngiP+coT0uvCUdQ7lpFDJ0mNmamaOyRMaY2zwEB2RnTAaJU/w==}
    engines: {node: '>=18'}
    peerDependencies:
      zod: ^3.25.76 || ^4.1.8

  ansi-regex@5.0.1:
    resolution: {integrity: sha512-quJQXlTSUGL2LH9SUXo8VwsY4soanhgo6LNSm84E1LBcE8s3O0wpdiRzyR9z/ZZJMlMWv37qOOb9pdJlMUEKFQ==}
    engines: {node: '>=8'}

  ansi-styles@4.3.0:
    resolution: {integrity: sha512-zbB9rCJAT1rbjiVDb2hqKFHNYLxgtk8NURxZ3IZwD3F6NtxbXZQCnnSi1Lkx+IDohdPlFp222wVALIheZJQSEg==}
    engines: {node: '>=8'}

  cjs-module-lexer@1.4.3:
    resolution: {integrity: sha512-9z8TZaGM1pfswYeXrUpzPrkx8UnWYdhJclsiYMm6x/w5+nN+8Tf/LnAgfLGQCm59qAOxU8WwHEq2vNwF6i4j+Q==}

  cliui@8.0.1:
    resolution: {integrity: sha512-BSeNnyus75C4//NQ9gQt1/csTXyo/8Sb+afLAkzAptFuMsod9HFokGNudZpi/oQV73hnVK+sR+5PVRMd+Dr7YQ==}
    engines: {node: '>=12'}

  color-convert@2.0.1:
    resolution: {integrity: sha512-RRECPsj7iu/xb5oKYcsFHSppFNnsj/52OVTRKb4zP5onXwVF3zVmmToNcOfGC+CRDpfK/U584fMg38ZHCaElKQ==}
    engines: {node: '>=7.0.0'}

  color-name@1.1.4:
    resolution: {integrity: sha512-dOy+3AuW3a2wNbZHIuMZpTcgjGuLU/uBL/ubcZF9OXbDo8ff4O8yVp5Bf0efS8uEoYo5q4Fx7dY9OgQGXgAsQA==}

  debug@4.4.3:
    resolution: {integrity: sha512-RGwwWnwQvkVfavKVt22FGLw+xYSdzARwm0ru6DhTVA3umU5hZc28V3kO4stgYryrTlLpuvgI9GiijltAjNbcqA==}
    engines: {node: '>=6.0'}
    peerDependencies:
      supports-color: '*'
    peerDependenciesMeta:
      supports-color:
        optional: true

  emoji-regex@8.0.0:
    resolution: {integrity: sha512-MSjYzcWNOA0ewAHpz0MxpYFvwg6yjy1NG3xteoqz644VCo/RPgnr1/GGt+ic3iJTzQ8Eu3TdM14SawnVUmGE6A==}

  escalade@3.2.0:
    resolution: {integrity: sha512-WUj2qlxaQtO4g6Pq5c29GTcWGDyd8itL8zTlipgECz3JesAiiOKotd8JU6otB3PACgG6xkJUyVhboMS+bje/jA==}
    engines: {node: '>=6'}

  eventsource-parser@3.0.6:
    resolution: {integrity: sha512-Vo1ab+QXPzZ4tCa8SwIHJFaSzy4R6SHf7BY79rFBDf0idraZWAkYrDjDj8uWaSm3S2TK+hJ7/t1CEmZ7jXw+pg==}
    engines: {node: '>=18.0.0'}

  function-bind@1.1.2:
    resolution: {integrity: sha512-7XHNxH7qX9xG5mIwxkhumTox/MIRNcOgDrxWsMt2pAr23WHp6MrRlN7FBSFpCpr+oVO0F744iUgR82nJMfG2SA==}

  get-caller-file@2.0.5:
    resolution: {integrity: sha512-DyFP3BM/3YHTQOCUL/w0OZHR0lpKeGrxotcHWcqNEdnltqFwXVfhEBQ94eIo34AfQpo0rGki4cyIiftY06h2Fg==}
    engines: {node: 6.* || 8.* || >= 10.*}

  hasown@2.0.2:
    resolution: {integrity: sha512-0hJU9SCPvmMzIBdZFqNPXWa6dqh7WdH0cII9y+CyS8rG3nL48Bclra9HmKhVVUHyPWNH5Y7xDwAB7bfgSjkUMQ==}
    engines: {node: '>= 0.4'}

  import-in-the-middle@1.15.0:
    resolution: {integrity: sha512-bpQy+CrsRmYmoPMAE/0G33iwRqwW4ouqdRg8jgbH3aKuCtOc8lxgmYXg2dMM92CRiGP660EtBcymH/eVUpCSaA==}

  is-core-module@2.16.1:
    resolution: {integrity: sha512-UfoeMA6fIJ8wTYFEUjelnaGI67v6+N7qXJEvQuIGa99l4xsCruSYOVSQ0uPANn4dAzm8lkYPaKLrrijLq7x23w==}
    engines: {node: '>= 0.4'}

  is-fullwidth-code-point@3.0.0:
    resolution: {integrity: sha512-zymm5+u+sCsSWyD9qNaejV3DFvhCKclKdizYaJUuHA83RLjb7nSuGnddCHGv0hk+KY7BMAlsWeK4Ueg6EV6XQg==}
    engines: {node: '>=8'}

  json-schema@0.4.0:
    resolution: {integrity: sha512-es94M3nTIfsEPisRafak+HDLfHXnKBhV3vU5eqPcS3flIWqcxJWgXHXiey3YrpaNsanY5ei1VoYEbOzijuq9BA==}

  lodash.camelcase@4.3.0:
    resolution: {integrity: sha512-TwuEnCnxbc3rAvhf/LbG7tJUDzhqXyFnv3dtzLOPgCG/hODL7WFnsbwktkD7yUV0RrreP/l1PALq/YSg6VvjlA==}

  long@5.3.2:
    resolution: {integrity: sha512-mNAgZ1GmyNhD7AuqnTG3/VQ26o760+ZYBPKjPvugO8+nLbYfX6TVpJPseBvopbdY+qpZ/lKUnmEc1LeZYS3QAA==}

  module-details-from-path@1.0.4:
    resolution: {integrity: sha512-EGWKgxALGMgzvxYF1UyGTy0HXX/2vHLkw6+NvDKW2jypWbHpjQuj4UMcqQWXHERJhVGKikolT06G3bcKe4fi7w==}

  ms@2.1.3:
    resolution: {integrity: sha512-6FlzubTLZG3J2a/NVCAleEhjzq5oxgHyaCU9yYXvcLsvoVaHJq/s5xXI6/XXP6tz7R9xAOtHnSO/tXtF3WRTlA==}

  path-parse@1.0.7:
    resolution: {integrity: sha512-LDJzPVEEEPR+y48z93A0Ed0yXb8pAByGWo/k5YYdYgpY2/2EsOsksJrq7lOHxryrVOn1ejG6oAp8ahvOIQD8sw==}

  protobufjs@7.5.4:
    resolution: {integrity: sha512-CvexbZtbov6jW2eXAvLukXjXUW1TzFaivC46BpWc/3BpcCysb5Vffu+B3XHMm8lVEuy2Mm4XGex8hBSg1yapPg==}
    engines: {node: '>=12.0.0'}

  require-directory@2.1.1:
    resolution: {integrity: sha512-fGxEI7+wsG9xrvdjsrlmL22OMTTiHRwAMroiEeMgq8gzoLC/PQr7RsRDSTLUg/bZAZtF+TVIkHc6/4RIKrui+Q==}
    engines: {node: '>=0.10.0'}

  require-in-the-middle@7.5.2:
    resolution: {integrity: sha512-gAZ+kLqBdHarXB64XpAe2VCjB7rIRv+mU8tfRWziHRJ5umKsIHN2tLLv6EtMw7WCdP19S0ERVMldNvxYCHnhSQ==}
    engines: {node: '>=8.6.0'}

  resolve@1.22.11:
    resolution: {integrity: sha512-RfqAvLnMl313r7c9oclB1HhUEAezcpLjz95wFH4LVuhk9JF/r22qmVP9AMmOU4vMX7Q8pN8jwNg/CSpdFnMjTQ==}
    engines: {node: '>= 0.4'}
    hasBin: true

  shimmer@1.2.1:
    resolution: {integrity: sha512-sQTKC1Re/rM6XyFM6fIAGHRPVGvyXfgzIDvzoq608vM+jeyVD0Tu1E6Np0Kc2zAIFWIj963V2800iF/9LPieQw==}

  string-width@4.2.3:
    resolution: {integrity: sha512-wKyQRQpjJ0sIp62ErSZdGsjMJWsap5oRNihHhu6G7JVO/9jIB6UyevL+tXuOqrng8j/cxKTWyWUwvSTriiZz/g==}
    engines: {node: '>=8'}

  strip-ansi@6.0.1:
    resolution: {integrity: sha512-Y38VPSHcqkFrCpFnQ9vuSXmquuv5oXOKpGeT6aGrr3o3Gc9AlVa6JBfUSOCnbxGGZF+/0ooI7KrPuUSztUdU5A==}
    engines: {node: '>=8'}

  supports-preserve-symlinks-flag@1.0.0:
    resolution: {integrity: sha512-ot0WnXS9fgdkgIcePe6RHNk1WA8+muPa6cSjeR3V8K27q9BB1rTE3R1p7Hv0z1ZyAc8s6Vvv8DIyWf681MAt0w==}
    engines: {node: '>= 0.4'}

  undici-types@7.18.2:
    resolution: {integrity: sha512-AsuCzffGHJybSaRrmr5eHr81mwJU3kjw6M+uprWvCXiNeN9SOGwQ3Jn8jb8m3Z6izVgknn1R0FTCEAP2QrLY/w==}

  wrap-ansi@7.0.0:
    resolution: {integrity: sha512-YVGIj2kamLSTxw6NsZjoBxfSwsn0ycdesmc4p+Q21c5zPuZ1pl+NfxVdxPtdHvmNVOQ6XSYG4AUtyt/Fi7D16Q==}
    engines: {node: '>=10'}

  y18n@5.0.8:
    resolution: {integrity: sha512-0pfFzegeDWJHJIAmTLRP2DwHjdF5s7jo9tuztdQxAhINCdvS+3nGINqPd00AphqJR/0LhANUS6/+7SCb98YOfA==}
    engines: {node: '>=10'}

  yargs-parser@21.1.1:
    resolution: {integrity: sha512-tVpsJW7DdjecAiFpbIB1e3qxIQsE6NoPc5/eTdrbbIC4h0LVsWhnoa3g+m2HclBIujHzsxZ4VJVA+GUuc2/LBw==}
    engines: {node: '>=12'}

  yargs@17.7.2:
    resolution: {integrity: sha512-7dSzzRQ++CKnNI/krKnYRV7JKKPUXMEh61soaHKg9mrWEhzFWhFnxPxGl+69cD1Ou63C13NUPCnmIcrvqCuM6w==}
    engines: {node: '>=12'}

  zod@3.25.76:
    resolution: {integrity: sha512-gzUt/qt81nXsFGKIFcC3YnfEAx5NkunCfnDlvuBSSFS02bcXu4Lmea0AFIUwbLWxWPx3d9p8S5QoaujKcNQxcQ==}

snapshots:

  '@ai-sdk/gateway@2.0.3(zod@3.25.76)':
    dependencies:
      '@ai-sdk/provider': 2.0.0
      '@ai-sdk/provider-utils': 3.0.14(zod@3.25.76)
      '@vercel/oidc': 3.0.3
      zod: 3.25.76

  '@ai-sdk/gateway@3.0.0(zod@3.25.76)':
    dependencies:
      '@ai-sdk/provider': 3.0.0
      '@ai-sdk/provider-utils': 4.0.0(zod@3.25.76)
      '@vercel/oidc': 3.0.5
      zod: 3.25.76

  '@ai-sdk/openai@2.0.57(zod@3.25.76)':
    dependencies:
      '@ai-sdk/provider': 2.0.0
      '@ai-sdk/provider-utils': 3.0.14(zod@3.25.76)
      zod: 3.25.76

  '@ai-sdk/openai@3.0.7(zod@3.25.76)':
    dependencies:
      '@ai-sdk/provider': 3.0.2
      '@ai-sdk/provider-utils': 4.0.4(zod@3.25.76)
      zod: 3.25.76

  '@ai-sdk/provider-utils@3.0.14(zod@3.25.76)':
    dependencies:
      '@ai-sdk/provider': 2.0.0
      '@standard-schema/spec': 1.1.0
      eventsource-parser: 3.0.6
      zod: 3.25.76

  '@ai-sdk/provider-utils@4.0.0(zod@3.25.76)':
    dependencies:
      '@ai-sdk/provider': 3.0.0
      '@standard-schema/spec': 1.1.0
      eventsource-parser: 3.0.6
      zod: 3.25.76

  '@ai-sdk/provider-utils@4.0.4(zod@3.25.76)':
    dependencies:
      '@ai-sdk/provider': 3.0.2
      '@standard-schema/spec': 1.1.0
      eventsource-parser: 3.0.6
      zod: 3.25.76

  '@ai-sdk/provider@2.0.0':
    dependencies:
      json-schema: 0.4.0

  '@ai-sdk/provider@3.0.0':
    dependencies:
      json-schema: 0.4.0

  '@ai-sdk/provider@3.0.2':
    dependencies:
      json-schema: 0.4.0

  '@grpc/grpc-js@1.14.3':
    dependencies:
      '@grpc/proto-loader': 0.8.0
      '@js-sdsl/ordered-map': 4.4.2

  '@grpc/proto-loader@0.8.0':
    dependencies:
      lodash.camelcase: 4.3.0
      long: 5.3.2
      protobufjs: 7.5.4
      yargs: 17.7.2

  '@js-sdsl/ordered-map@4.4.2': {}

  '@opentelemetry/api-logs@0.201.1':
    dependencies:
      '@opentelemetry/api': 1.9.0

  '@opentelemetry/api@1.9.0': {}

  '@opentelemetry/context-async-hooks@2.0.1(@opentelemetry/api@1.9.0)':
    dependencies:
      '@opentelemetry/api': 1.9.0

  '@opentelemetry/core@2.0.1(@opentelemetry/api@1.9.0)':
    dependencies:
      '@opentelemetry/api': 1.9.0
      '@opentelemetry/semantic-conventions': 1.40.0

  '@opentelemetry/exporter-logs-otlp-grpc@0.201.1(@opentelemetry/api@1.9.0)':
    dependencies:
      '@grpc/grpc-js': 1.14.3
      '@opentelemetry/api': 1.9.0
      '@opentelemetry/core': 2.0.1(@opentelemetry/api@1.9.0)
      '@opentelemetry/otlp-exporter-base': 0.201.1(@opentelemetry/api@1.9.0)
      '@opentelemetry/otlp-grpc-exporter-base': 0.201.1(@opentelemetry/api@1.9.0)
      '@opentelemetry/otlp-transformer': 0.201.1(@opentelemetry/api@1.9.0)
      '@opentelemetry/sdk-logs': 0.201.1(@opentelemetry/api@1.9.0)

  '@opentelemetry/exporter-logs-otlp-http@0.201.1(@opentelemetry/api@1.9.0)':
    dependencies:
      '@opentelemetry/api': 1.9.0
      '@opentelemetry/api-logs': 0.201.1
      '@opentelemetry/core': 2.0.1(@opentelemetry/api@1.9.0)
      '@opentelemetry/otlp-exporter-base': 0.201.1(@opentelemetry/api@1.9.0)
      '@opentelemetry/otlp-transformer': 0.201.1(@opentelemetry/api@1.9.0)
      '@opentelemetry/sdk-logs': 0.201.1(@opentelemetry/api@1.9.0)

  '@opentelemetry/exporter-logs-otlp-proto@0.201.1(@opentelemetry/api@1.9.0)':
    dependencies:
      '@opentelemetry/api': 1.9.0
      '@opentelemetry/api-logs': 0.201.1
      '@opentelemetry/core': 2.0.1(@opentelemetry/api@1.9.0)
      '@opentelemetry/otlp-exporter-base': 0.201.1(@opentelemetry/api@1.9.0)
      '@opentelemetry/otlp-transformer': 0.201.1(@opentelemetry/api@1.9.0)
      '@opentelemetry/resources': 2.0.1(@opentelemetry/api@1.9.0)
      '@opentelemetry/sdk-logs': 0.201.1(@opentelemetry/api@1.9.0)
      '@opentelemetry/sdk-trace-base': 2.0.1(@opentelemetry/api@1.9.0)

  '@opentelemetry/exporter-metrics-otlp-grpc@0.201.1(@opentelemetry/api@1.9.0)':
    dependencies:
      '@grpc/grpc-js': 1.14.3
      '@opentelemetry/api': 1.9.0
      '@opentelemetry/core': 2.0.1(@opentelemetry/api@1.9.0)
      '@opentelemetry/exporter-metrics-otlp-http': 0.201.1(@opentelemetry/api@1.9.0)
      '@opentelemetry/otlp-exporter-base': 0.201.1(@opentelemetry/api@1.9.0)
      '@opentelemetry/otlp-grpc-exporter-base': 0.201.1(@opentelemetry/api@1.9.0)
      '@opentelemetry/otlp-transformer': 0.201.1(@opentelemetry/api@1.9.0)
      '@opentelemetry/resources': 2.0.1(@opentelemetry/api@1.9.0)
      '@opentelemetry/sdk-metrics': 2.0.1(@opentelemetry/api@1.9.0)

  '@opentelemetry/exporter-metrics-otlp-http@0.201.1(@opentelemetry/api@1.9.0)':
    dependencies:
      '@opentelemetry/api': 1.9.0
      '@opentelemetry/core': 2.0.1(@opentelemetry/api@1.9.0)
      '@opentelemetry/otlp-exporter-base': 0.201.1(@opentelemetry/api@1.9.0)
      '@opentelemetry/otlp-transformer': 0.201.1(@opentelemetry/api@1.9.0)
      '@opentelemetry/resources': 2.0.1(@opentelemetry/api@1.9.0)
      '@opentelemetry/sdk-metrics': 2.0.1(@opentelemetry/api@1.9.0)

  '@opentelemetry/exporter-metrics-otlp-proto@0.201.1(@opentelemetry/api@1.9.0)':
    dependencies:
      '@opentelemetry/api': 1.9.0
      '@opentelemetry/core': 2.0.1(@opentelemetry/api@1.9.0)
      '@opentelemetry/exporter-metrics-otlp-http': 0.201.1(@opentelemetry/api@1.9.0)
      '@opentelemetry/otlp-exporter-base': 0.201.1(@opentelemetry/api@1.9.0)
      '@opentelemetry/otlp-transformer': 0.201.1(@opentelemetry/api@1.9.0)
      '@opentelemetry/resources': 2.0.1(@opentelemetry/api@1.9.0)
      '@opentelemetry/sdk-metrics': 2.0.1(@opentelemetry/api@1.9.0)

  '@opentelemetry/exporter-prometheus@0.201.1(@opentelemetry/api@1.9.0)':
    dependencies:
      '@opentelemetry/api': 1.9.0
      '@opentelemetry/core': 2.0.1(@opentelemetry/api@1.9.0)
      '@opentelemetry/resources': 2.0.1(@opentelemetry/api@1.9.0)
      '@opentelemetry/sdk-metrics': 2.0.1(@opentelemetry/api@1.9.0)

  '@opentelemetry/exporter-trace-otlp-grpc@0.201.1(@opentelemetry/api@1.9.0)':
    dependencies:
      '@grpc/grpc-js': 1.14.3
      '@opentelemetry/api': 1.9.0
      '@opentelemetry/core': 2.0.1(@opentelemetry/api@1.9.0)
      '@opentelemetry/otlp-exporter-base': 0.201.1(@opentelemetry/api@1.9.0)
      '@opentelemetry/otlp-grpc-exporter-base': 0.201.1(@opentelemetry/api@1.9.0)
      '@opentelemetry/otlp-transformer': 0.201.1(@opentelemetry/api@1.9.0)
      '@opentelemetry/resources': 2.0.1(@opentelemetry/api@1.9.0)
      '@opentelemetry/sdk-trace-base': 2.0.1(@opentelemetry/api@1.9.0)

  '@opentelemetry/exporter-trace-otlp-http@0.201.1(@opentelemetry/api@1.9.0)':
    dependencies:
      '@opentelemetry/api': 1.9.0
      '@opentelemetry/core': 2.0.1(@opentelemetry/api@1.9.0)
      '@opentelemetry/otlp-exporter-base': 0.201.1(@opentelemetry/api@1.9.0)
      '@opentelemetry/otlp-transformer': 0.201.1(@opentelemetry/api@1.9.0)
      '@opentelemetry/resources': 2.0.1(@opentelemetry/api@1.9.0)
      '@opentelemetry/sdk-trace-base': 2.0.1(@opentelemetry/api@1.9.0)

  '@opentelemetry/exporter-trace-otlp-proto@0.201.1(@opentelemetry/api@1.9.0)':
    dependencies:
      '@opentelemetry/api': 1.9.0
      '@opentelemetry/core': 2.0.1(@opentelemetry/api@1.9.0)
      '@opentelemetry/otlp-exporter-base': 0.201.1(@opentelemetry/api@1.9.0)
      '@opentelemetry/otlp-transformer': 0.201.1(@opentelemetry/api@1.9.0)
      '@opentelemetry/resources': 2.0.1(@opentelemetry/api@1.9.0)
      '@opentelemetry/sdk-trace-base': 2.0.1(@opentelemetry/api@1.9.0)

  '@opentelemetry/exporter-zipkin@2.0.1(@opentelemetry/api@1.9.0)':
    dependencies:
      '@opentelemetry/api': 1.9.0
      '@opentelemetry/core': 2.0.1(@opentelemetry/api@1.9.0)
      '@opentelemetry/resources': 2.0.1(@opentelemetry/api@1.9.0)
      '@opentelemetry/sdk-trace-base': 2.0.1(@opentelemetry/api@1.9.0)
      '@opentelemetry/semantic-conventions': 1.40.0

  '@opentelemetry/instrumentation@0.201.1(@opentelemetry/api@1.9.0)':
    dependencies:
      '@opentelemetry/api': 1.9.0
      '@opentelemetry/api-logs': 0.201.1
      '@types/shimmer': 1.2.0
      import-in-the-middle: 1.15.0
      require-in-the-middle: 7.5.2
      shimmer: 1.2.1
    transitivePeerDependencies:
      - supports-color

  '@opentelemetry/otlp-exporter-base@0.201.1(@opentelemetry/api@1.9.0)':
    dependencies:
      '@opentelemetry/api': 1.9.0
      '@opentelemetry/core': 2.0.1(@opentelemetry/api@1.9.0)
      '@opentelemetry/otlp-transformer': 0.201.1(@opentelemetry/api@1.9.0)

  '@opentelemetry/otlp-grpc-exporter-base@0.201.1(@opentelemetry/api@1.9.0)':
    dependencies:
      '@grpc/grpc-js': 1.14.3
      '@opentelemetry/api': 1.9.0
      '@opentelemetry/core': 2.0.1(@opentelemetry/api@1.9.0)
      '@opentelemetry/otlp-exporter-base': 0.201.1(@opentelemetry/api@1.9.0)
      '@opentelemetry/otlp-transformer': 0.201.1(@opentelemetry/api@1.9.0)

  '@opentelemetry/otlp-transformer@0.201.1(@opentelemetry/api@1.9.0)':
    dependencies:
      '@opentelemetry/api': 1.9.0
      '@opentelemetry/api-logs': 0.201.1
      '@opentelemetry/core': 2.0.1(@opentelemetry/api@1.9.0)
      '@opentelemetry/resources': 2.0.1(@opentelemetry/api@1.9.0)
      '@opentelemetry/sdk-logs': 0.201.1(@opentelemetry/api@1.9.0)
      '@opentelemetry/sdk-metrics': 2.0.1(@opentelemetry/api@1.9.0)
      '@opentelemetry/sdk-trace-base': 2.0.1(@opentelemetry/api@1.9.0)
      protobufjs: 7.5.4

  '@opentelemetry/propagator-b3@2.0.1(@opentelemetry/api@1.9.0)':
    dependencies:
      '@opentelemetry/api': 1.9.0
      '@opentelemetry/core': 2.0.1(@opentelemetry/api@1.9.0)

  '@opentelemetry/propagator-jaeger@2.0.1(@opentelemetry/api@1.9.0)':
    dependencies:
      '@opentelemetry/api': 1.9.0
      '@opentelemetry/core': 2.0.1(@opentelemetry/api@1.9.0)

  '@opentelemetry/resources@2.0.1(@opentelemetry/api@1.9.0)':
    dependencies:
      '@opentelemetry/api': 1.9.0
      '@opentelemetry/core': 2.0.1(@opentelemetry/api@1.9.0)
      '@opentelemetry/semantic-conventions': 1.40.0

  '@opentelemetry/sdk-logs@0.201.1(@opentelemetry/api@1.9.0)':
    dependencies:
      '@opentelemetry/api': 1.9.0
      '@opentelemetry/api-logs': 0.201.1
      '@opentelemetry/core': 2.0.1(@opentelemetry/api@1.9.0)
      '@opentelemetry/resources': 2.0.1(@opentelemetry/api@1.9.0)

  '@opentelemetry/sdk-metrics@2.0.1(@opentelemetry/api@1.9.0)':
    dependencies:
      '@opentelemetry/api': 1.9.0
      '@opentelemetry/core': 2.0.1(@opentelemetry/api@1.9.0)
      '@opentelemetry/resources': 2.0.1(@opentelemetry/api@1.9.0)

  '@opentelemetry/sdk-node@0.201.1(@opentelemetry/api@1.9.0)':
    dependencies:
      '@opentelemetry/api': 1.9.0
      '@opentelemetry/api-logs': 0.201.1
      '@opentelemetry/core': 2.0.1(@opentelemetry/api@1.9.0)
      '@opentelemetry/exporter-logs-otlp-grpc': 0.201.1(@opentelemetry/api@1.9.0)
      '@opentelemetry/exporter-logs-otlp-http': 0.201.1(@opentelemetry/api@1.9.0)
      '@opentelemetry/exporter-logs-otlp-proto': 0.201.1(@opentelemetry/api@1.9.0)
      '@opentelemetry/exporter-metrics-otlp-grpc': 0.201.1(@opentelemetry/api@1.9.0)
      '@opentelemetry/exporter-metrics-otlp-http': 0.201.1(@opentelemetry/api@1.9.0)
      '@opentelemetry/exporter-metrics-otlp-proto': 0.201.1(@opentelemetry/api@1.9.0)
      '@opentelemetry/exporter-prometheus': 0.201.1(@opentelemetry/api@1.9.0)
      '@opentelemetry/exporter-trace-otlp-grpc': 0.201.1(@opentelemetry/api@1.9.0)
      '@opentelemetry/exporter-trace-otlp-http': 0.201.1(@opentelemetry/api@1.9.0)
      '@opentelemetry/exporter-trace-otlp-proto': 0.201.1(@opentelemetry/api@1.9.0)
      '@opentelemetry/exporter-zipkin': 2.0.1(@opentelemetry/api@1.9.0)
      '@opentelemetry/instrumentation': 0.201.1(@opentelemetry/api@1.9.0)
      '@opentelemetry/propagator-b3': 2.0.1(@opentelemetry/api@1.9.0)
      '@opentelemetry/propagator-jaeger': 2.0.1(@opentelemetry/api@1.9.0)
      '@opentelemetry/resources': 2.0.1(@opentelemetry/api@1.9.0)
      '@opentelemetry/sdk-logs': 0.201.1(@opentelemetry/api@1.9.0)
      '@opentelemetry/sdk-metrics': 2.0.1(@opentelemetry/api@1.9.0)
      '@opentelemetry/sdk-trace-base': 2.0.1(@opentelemetry/api@1.9.0)
      '@opentelemetry/sdk-trace-node': 2.0.1(@opentelemetry/api@1.9.0)
      '@opentelemetry/semantic-conventions': 1.40.0
    transitivePeerDependencies:
      - supports-color

  '@opentelemetry/sdk-trace-base@2.0.1(@opentelemetry/api@1.9.0)':
    dependencies:
      '@opentelemetry/api': 1.9.0
      '@opentelemetry/core': 2.0.1(@opentelemetry/api@1.9.0)
      '@opentelemetry/resources': 2.0.1(@opentelemetry/api@1.9.0)
      '@opentelemetry/semantic-conventions': 1.40.0

  '@opentelemetry/sdk-trace-node@2.0.1(@opentelemetry/api@1.9.0)':
    dependencies:
      '@opentelemetry/api': 1.9.0
      '@opentelemetry/context-async-hooks': 2.0.1(@opentelemetry/api@1.9.0)
      '@opentelemetry/core': 2.0.1(@opentelemetry/api@1.9.0)
      '@opentelemetry/sdk-trace-base': 2.0.1(@opentelemetry/api@1.9.0)

  '@opentelemetry/semantic-conventions@1.40.0': {}

  '@protobufjs/aspromise@1.1.2': {}

  '@protobufjs/base64@1.1.2': {}

  '@protobufjs/codegen@2.0.4': {}

  '@protobufjs/eventemitter@1.1.0': {}

  '@protobufjs/fetch@1.1.0':
    dependencies:
      '@protobufjs/aspromise': 1.1.2
      '@protobufjs/inquire': 1.1.0

  '@protobufjs/float@1.0.2': {}

  '@protobufjs/inquire@1.1.0': {}

  '@protobufjs/path@1.1.2': {}

  '@protobufjs/pool@1.1.0': {}

  '@protobufjs/utf8@1.1.0': {}

  '@standard-schema/spec@1.1.0': {}

  '@types/node@25.5.0':
    dependencies:
      undici-types: 7.18.2

  '@types/shimmer@1.2.0': {}

  '@vercel/oidc@3.0.3': {}

  '@vercel/oidc@3.0.5': {}

  acorn-import-attributes@1.9.5(acorn@8.16.0):
    dependencies:
      acorn: 8.16.0

  acorn@8.16.0: {}

  ai@5.0.82(zod@3.25.76):
    dependencies:
      '@ai-sdk/gateway': 2.0.3(zod@3.25.76)
      '@ai-sdk/provider': 2.0.0
      '@ai-sdk/provider-utils': 3.0.14(zod@3.25.76)
      '@opentelemetry/api': 1.9.0
      zod: 3.25.76

  ai@6.0.1(zod@3.25.76):
    dependencies:
      '@ai-sdk/gateway': 3.0.0(zod@3.25.76)
      '@ai-sdk/provider': 3.0.0
      '@ai-sdk/provider-utils': 4.0.0(zod@3.25.76)
      '@opentelemetry/api': 1.9.0
      zod: 3.25.76

  ansi-regex@5.0.1: {}

  ansi-styles@4.3.0:
    dependencies:
      color-convert: 2.0.1

  cjs-module-lexer@1.4.3: {}

  cliui@8.0.1:
    dependencies:
      string-width: 4.2.3
      strip-ansi: 6.0.1
      wrap-ansi: 7.0.0

  color-convert@2.0.1:
    dependencies:
      color-name: 1.1.4

  color-name@1.1.4: {}

  debug@4.4.3:
    dependencies:
      ms: 2.1.3

  emoji-regex@8.0.0: {}

  escalade@3.2.0: {}

  eventsource-parser@3.0.6: {}

  function-bind@1.1.2: {}

  get-caller-file@2.0.5: {}

  hasown@2.0.2:
    dependencies:
      function-bind: 1.1.2

  import-in-the-middle@1.15.0:
    dependencies:
      acorn: 8.16.0
      acorn-import-attributes: 1.9.5(acorn@8.16.0)
      cjs-module-lexer: 1.4.3
      module-details-from-path: 1.0.4

  is-core-module@2.16.1:
    dependencies:
      hasown: 2.0.2

  is-fullwidth-code-point@3.0.0: {}

  json-schema@0.4.0: {}

  lodash.camelcase@4.3.0: {}

  long@5.3.2: {}

  module-details-from-path@1.0.4: {}

  ms@2.1.3: {}

  path-parse@1.0.7: {}

  protobufjs@7.5.4:
    dependencies:
      '@protobufjs/aspromise': 1.1.2
      '@protobufjs/base64': 1.1.2
      '@protobufjs/codegen': 2.0.4
      '@protobufjs/eventemitter': 1.1.0
      '@protobufjs/fetch': 1.1.0
      '@protobufjs/float': 1.0.2
      '@protobufjs/inquire': 1.1.0
      '@protobufjs/path': 1.1.2
      '@protobufjs/pool': 1.1.0
      '@protobufjs/utf8': 1.1.0
      '@types/node': 25.5.0
      long: 5.3.2

  require-directory@2.1.1: {}

  require-in-the-middle@7.5.2:
    dependencies:
      debug: 4.4.3
      module-details-from-path: 1.0.4
      resolve: 1.22.11
    transitivePeerDependencies:
      - supports-color

  resolve@1.22.11:
    dependencies:
      is-core-module: 2.16.1
      path-parse: 1.0.7
      supports-preserve-symlinks-flag: 1.0.0

  shimmer@1.2.1: {}

  string-width@4.2.3:
    dependencies:
      emoji-regex: 8.0.0
      is-fullwidth-code-point: 3.0.0
      strip-ansi: 6.0.1

  strip-ansi@6.0.1:
    dependencies:
      ansi-regex: 5.0.1

  supports-preserve-symlinks-flag@1.0.0: {}

  undici-types@7.18.2: {}

  wrap-ansi@7.0.0:
    dependencies:
      ansi-styles: 4.3.0
      string-width: 4.2.3
      strip-ansi: 6.0.1

  y18n@5.0.8: {}

  yargs-parser@21.1.1: {}

  yargs@17.7.2:
    dependencies:
      cliui: 8.0.1
      escalade: 3.2.0
      get-caller-file: 2.0.5
      require-directory: 2.1.1
      string-width: 4.2.3
      y18n: 5.0.8
      yargs-parser: 21.1.1

  zod@3.25.76: {}
