lockfileVersion: '9.0'

settings:
  autoInstallPeers: true
  excludeLinksFromLockfile: false

importers:

  .:
    dependencies:
      '@opentelemetry/api':
        specifier: 1.9.0
        version: 1.9.0
      '@opentelemetry/core':
        specifier: 2.0.0
        version: 2.0.0(@opentelemetry/api@1.9.0)
      '@opentelemetry/exporter-trace-otlp-http':
        specifier: 0.200.0
        version: 0.200.0(@opentelemetry/api@1.9.0)
      '@opentelemetry/sdk-trace-base':
        specifier: 2.0.0
        version: 2.0.0(@opentelemetry/api@1.9.0)
      '@vercel/otel':
        specifier: 2.1.0
        version: 2.1.0(@opentelemetry/api-logs@0.200.0)(@opentelemetry/api@1.9.0)(@opentelemetry/instrumentation@0.213.0(@opentelemetry/api@1.9.0))(@opentelemetry/resources@2.0.0(@opentelemetry/api@1.9.0))(@opentelemetry/sdk-logs@0.200.0(@opentelemetry/api@1.9.0))(@opentelemetry/sdk-metrics@2.0.0(@opentelemetry/api@1.9.0))(@opentelemetry/sdk-trace-base@2.0.0(@opentelemetry/api@1.9.0))
      next:
        specifier: 14.2.34
        version: 14.2.34(@opentelemetry/api@1.9.0)(react-dom@18.3.1(react@18.3.1))(react@18.3.1)
      react:
        specifier: 18.3.1
        version: 18.3.1
      react-dom:
        specifier: 18.3.1
        version: 18.3.1(react@18.3.1)
    devDependencies:
      '@types/node':
        specifier: ^20
        version: 20.19.37
      '@types/react':
        specifier: ^18
        version: 18.3.28
      '@types/react-dom':
        specifier: ^18
        version: 18.3.7(@types/react@18.3.28)
      typescript:
        specifier: 5.4.4
        version: 5.4.4

packages:

  '@next/env@14.2.34':
    resolution: {integrity: sha512-iuGW/UM+EZbn2dm+aLx+avo1rVap+ASoFr7oLpTBVW2G2DqhD5l8Fme9IsLZ6TTsp0ozVSFswidiHK1NGNO+pg==}

  '@next/swc-darwin-arm64@14.2.33':
    resolution: {integrity: sha512-HqYnb6pxlsshoSTubdXKu15g3iivcbsMXg4bYpjL2iS/V6aQot+iyF4BUc2qA/J/n55YtvE4PHMKWBKGCF/+wA==}
    engines: {node: '>= 10'}
    cpu: [arm64]
    os: [darwin]

  '@next/swc-darwin-x64@14.2.33':
    resolution: {integrity: sha512-8HGBeAE5rX3jzKvF593XTTFg3gxeU4f+UWnswa6JPhzaR6+zblO5+fjltJWIZc4aUalqTclvN2QtTC37LxvZAA==}
    engines: {node: '>= 10'}
    cpu: [x64]
    os: [darwin]

  '@next/swc-linux-arm64-gnu@14.2.33':
    resolution: {integrity: sha512-JXMBka6lNNmqbkvcTtaX8Gu5by9547bukHQvPoLe9VRBx1gHwzf5tdt4AaezW85HAB3pikcvyqBToRTDA4DeLw==}
    engines: {node: '>= 10'}
    cpu: [arm64]
    os: [linux]

  '@next/swc-linux-arm64-musl@14.2.33':
    resolution: {integrity: sha512-Bm+QulsAItD/x6Ih8wGIMfRJy4G73tu1HJsrccPW6AfqdZd0Sfm5Imhgkgq2+kly065rYMnCOxTBvmvFY1BKfg==}
    engines: {node: '>= 10'}
    cpu: [arm64]
    os: [linux]

  '@next/swc-linux-x64-gnu@14.2.33':
    resolution: {integrity: sha512-FnFn+ZBgsVMbGDsTqo8zsnRzydvsGV8vfiWwUo1LD8FTmPTdV+otGSWKc4LJec0oSexFnCYVO4hX8P8qQKaSlg==}
    engines: {node: '>= 10'}
    cpu: [x64]
    os: [linux]

  '@next/swc-linux-x64-musl@14.2.33':
    resolution: {integrity: sha512-345tsIWMzoXaQndUTDv1qypDRiebFxGYx9pYkhwY4hBRaOLt8UGfiWKr9FSSHs25dFIf8ZqIFaPdy5MljdoawA==}
    engines: {node: '>= 10'}
    cpu: [x64]
    os: [linux]

  '@next/swc-win32-arm64-msvc@14.2.33':
    resolution: {integrity: sha512-nscpt0G6UCTkrT2ppnJnFsYbPDQwmum4GNXYTeoTIdsmMydSKFz9Iny2jpaRupTb+Wl298+Rh82WKzt9LCcqSQ==}
    engines: {node: '>= 10'}
    cpu: [arm64]
    os: [win32]

  '@next/swc-win32-ia32-msvc@14.2.33':
    resolution: {integrity: sha512-pc9LpGNKhJ0dXQhZ5QMmYxtARwwmWLpeocFmVG5Z0DzWq5Uf0izcI8tLc+qOpqxO1PWqZ5A7J1blrUIKrIFc7Q==}
    engines: {node: '>= 10'}
    cpu: [ia32]
    os: [win32]

  '@next/swc-win32-x64-msvc@14.2.33':
    resolution: {integrity: sha512-nOjfZMy8B94MdisuzZo9/57xuFVLHJaDj5e/xrduJp9CV2/HrfxTRH2fbyLe+K9QT41WBLUd4iXX3R7jBp0EUg==}
    engines: {node: '>= 10'}
    cpu: [x64]
    os: [win32]

  '@opentelemetry/api-logs@0.200.0':
    resolution: {integrity: sha512-IKJBQxh91qJ+3ssRly5hYEJ8NDHu9oY/B1PXVSCWf7zytmYO9RNLB0Ox9XQ/fJ8m6gY6Q6NtBWlmXfaXt5Uc4Q==}
    engines: {node: '>=8.0.0'}

  '@opentelemetry/api-logs@0.213.0':
    resolution: {integrity: sha512-zRM5/Qj6G84Ej3F1yt33xBVY/3tnMxtL1fiDIxYbDWYaZ/eudVw3/PBiZ8G7JwUxXxjW8gU4g6LnOyfGKYHYgw==}
    engines: {node: '>=8.0.0'}

  '@opentelemetry/api@1.9.0':
    resolution: {integrity: sha512-3giAOQvZiH5F9bMlMiv8+GSPMeqg0dbaeo58/0SlA9sxSqZhnUtxzX9/2FzyhS9sWQf5S0GJE0AKBrFqjpeYcg==}
    engines: {node: '>=8.0.0'}

  '@opentelemetry/core@2.0.0':
    resolution: {integrity: sha512-SLX36allrcnVaPYG3R78F/UZZsBsvbc7lMCLx37LyH5MJ1KAAZ2E3mW9OAD3zGz0G8q/BtoS5VUrjzDydhD6LQ==}
    engines: {node: ^18.19.0 || >=20.6.0}
    peerDependencies:
      '@opentelemetry/api': '>=1.0.0 <1.10.0'

  '@opentelemetry/exporter-trace-otlp-http@0.200.0':
    resolution: {integrity: sha512-Goi//m/7ZHeUedxTGVmEzH19NgqJY+Bzr6zXo1Rni1+hwqaksEyJ44gdlEMREu6dzX1DlAaH/qSykSVzdrdafA==}
    engines: {node: ^18.19.0 || >=20.6.0}
    peerDependencies:
      '@opentelemetry/api': ^1.3.0

  '@opentelemetry/instrumentation@0.213.0':
    resolution: {integrity: sha512-3i9NdkET/KvQomeh7UaR/F4r9P25Rx6ooALlWXPIjypcEOUxksCmVu0zA70NBJWlrMW1rPr/LRidFAflLI+s/w==}
    engines: {node: ^18.19.0 || >=20.6.0}
    peerDependencies:
      '@opentelemetry/api': ^1.3.0

  '@opentelemetry/otlp-exporter-base@0.200.0':
    resolution: {integrity: sha512-IxJgA3FD7q4V6gGq4bnmQM5nTIyMDkoGFGrBrrDjB6onEiq1pafma55V+bHvGYLWvcqbBbRfezr1GED88lacEQ==}
    engines: {node: ^18.19.0 || >=20.6.0}
    peerDependencies:
      '@opentelemetry/api': ^1.3.0

  '@opentelemetry/otlp-transformer@0.200.0':
    resolution: {integrity: sha512-+9YDZbYybOnv7sWzebWOeK6gKyt2XE7iarSyBFkwwnP559pEevKOUD8NyDHhRjCSp13ybh9iVXlMfcj/DwF/yw==}
    engines: {node: ^18.19.0 || >=20.6.0}
    peerDependencies:
      '@opentelemetry/api': ^1.3.0

  '@opentelemetry/resources@2.0.0':
    resolution: {integrity: sha512-rnZr6dML2z4IARI4zPGQV4arDikF/9OXZQzrC01dLmn0CZxU5U5OLd/m1T7YkGRj5UitjeoCtg/zorlgMQcdTg==}
    engines: {node: ^18.19.0 || >=20.6.0}
    peerDependencies:
      '@opentelemetry/api': '>=1.3.0 <1.10.0'

  '@opentelemetry/sdk-logs@0.200.0':
    resolution: {integrity: sha512-VZG870063NLfObmQQNtCVcdXXLzI3vOjjrRENmU37HYiPFa0ZXpXVDsTD02Nh3AT3xYJzQaWKl2X2lQ2l7TWJA==}
    engines: {node: ^18.19.0 || >=20.6.0}
    peerDependencies:
      '@opentelemetry/api': '>=1.4.0 <1.10.0'

  '@opentelemetry/sdk-metrics@2.0.0':
    resolution: {integrity: sha512-Bvy8QDjO05umd0+j+gDeWcTaVa1/R2lDj/eOvjzpm8VQj1K1vVZJuyjThpV5/lSHyYW2JaHF2IQ7Z8twJFAhjA==}
    engines: {node: ^18.19.0 || >=20.6.0}
    peerDependencies:
      '@opentelemetry/api': '>=1.9.0 <1.10.0'

  '@opentelemetry/sdk-trace-base@2.0.0':
    resolution: {integrity: sha512-qQnYdX+ZCkonM7tA5iU4fSRsVxbFGml8jbxOgipRGMFHKaXKHQ30js03rTobYjKjIfnOsZSbHKWF0/0v0OQGfw==}
    engines: {node: ^18.19.0 || >=20.6.0}
    peerDependencies:
      '@opentelemetry/api': '>=1.3.0 <1.10.0'

  '@opentelemetry/semantic-conventions@1.40.0':
    resolution: {integrity: sha512-cifvXDhcqMwwTlTK04GBNeIe7yyo28Mfby85QXFe1Yk8nmi36Ab/5UQwptOx84SsoGNRg+EVSjwzfSZMy6pmlw==}
    engines: {node: '>=14'}

  '@protobufjs/aspromise@1.1.2':
    resolution: {integrity: sha512-j+gKExEuLmKwvz3OgROXtrJ2UG2x8Ch2YZUxahh+s1F2HZ+wAceUNLkvy6zKCPVRkU++ZWQrdxsUeQXmcg4uoQ==}

  '@protobufjs/base64@1.1.2':
    resolution: {integrity: sha512-AZkcAA5vnN/v4PDqKyMR5lx7hZttPDgClv83E//FMNhR2TMcLUhfRUBHCmSl0oi9zMgDDqRUJkSxO3wm85+XLg==}

  '@protobufjs/codegen@2.0.4':
    resolution: {integrity: sha512-YyFaikqM5sH0ziFZCN3xDC7zeGaB/d0IUb9CATugHWbd1FRFwWwt4ld4OYMPWu5a3Xe01mGAULCdqhMlPl29Jg==}

  '@protobufjs/eventemitter@1.1.0':
    resolution: {integrity: sha512-j9ednRT81vYJ9OfVuXG6ERSTdEL1xVsNgqpkxMsbIabzSo3goCjDIveeGv5d03om39ML71RdmrGNjG5SReBP/Q==}

  '@protobufjs/fetch@1.1.0':
    resolution: {integrity: sha512-lljVXpqXebpsijW71PZaCYeIcE5on1w5DlQy5WH6GLbFryLUrBD4932W/E2BSpfRJWseIL4v/KPgBFxDOIdKpQ==}

  '@protobufjs/float@1.0.2':
    resolution: {integrity: sha512-Ddb+kVXlXst9d+R9PfTIxh1EdNkgoRe5tOX6t01f1lYWOvJnSPDBlG241QLzcyPdoNTsblLUdujGSE4RzrTZGQ==}

  '@protobufjs/inquire@1.1.0':
    resolution: {integrity: sha512-kdSefcPdruJiFMVSbn801t4vFK7KB/5gd2fYvrxhuJYg8ILrmn9SKSX2tZdV6V+ksulWqS7aXjBcRXl3wHoD9Q==}

  '@protobufjs/path@1.1.2':
    resolution: {integrity: sha512-6JOcJ5Tm08dOHAbdR3GrvP+yUUfkjG5ePsHYczMFLq3ZmMkAD98cDgcT2iA1lJ9NVwFd4tH/iSSoe44YWkltEA==}

  '@protobufjs/pool@1.1.0':
    resolution: {integrity: sha512-0kELaGSIDBKvcgS4zkjz1PeddatrjYcmMWOlAuAPwAeccUrPHdUqo/J6LiymHHEiJT5NrF1UVwxY14f+fy4WQw==}

  '@protobufjs/utf8@1.1.0':
    resolution: {integrity: sha512-Vvn3zZrhQZkkBE8LSuW3em98c0FwgO4nxzv6OdSxPKJIEKY2bGbHn+mhGIPerzI4twdxaP8/0+06HBpwf345Lw==}

  '@swc/counter@0.1.3':
    resolution: {integrity: sha512-e2BR4lsJkkRlKZ/qCHPw9ZaSxc0MVUd7gtbtaB7aMvHeJVYe8sOB8DBZkP2DtISHGSku9sCK6T6cnY0CtXrOCQ==}

  '@swc/helpers@0.5.5':
    resolution: {integrity: sha512-KGYxvIOXcceOAbEk4bi/dVLEK9z8sZ0uBB3Il5b1rhfClSpcX0yfRO0KmTkqR2cnQDymwLB+25ZyMzICg/cm/A==}

  '@types/node@20.19.37':
    resolution: {integrity: sha512-8kzdPJ3FsNsVIurqBs7oodNnCEVbni9yUEkaHbgptDACOPW04jimGagZ51E6+lXUwJjgnBw+hyko/lkFWCldqw==}

  '@types/prop-types@15.7.15':
    resolution: {integrity: sha512-F6bEyamV9jKGAFBEmlQnesRPGOQqS2+Uwi0Em15xenOxHaf2hv6L8YCVn3rPdPJOiJfPiCnLIRyvwVaqMY3MIw==}

  '@types/react-dom@18.3.7':
    resolution: {integrity: sha512-MEe3UeoENYVFXzoXEWsvcpg6ZvlrFNlOQ7EOsvhI3CfAXwzPfO8Qwuxd40nepsYKqyyVQnTdEfv68q91yLcKrQ==}
    peerDependencies:
      '@types/react': ^18.0.0

  '@types/react@18.3.28':
    resolution: {integrity: sha512-z9VXpC7MWrhfWipitjNdgCauoMLRdIILQsAEV+ZesIzBq/oUlxk0m3ApZuMFCXdnS4U7KrI+l3WRUEGQ8K1QKw==}

  '@vercel/otel@2.1.0':
    resolution: {integrity: sha512-Zwu2Cu4t46DzBnY1DQSTxZ4MBLVfYsOjnlWuZuLRWnmVPX+SNrVHbs3ssiJ6uvY1J1JJswor4zSn8mHYxzYeBA==}
    engines: {node: ^18.19.0 || >=20.6.0}
    peerDependencies:
      '@opentelemetry/api': '>=1.9.0 <2.0.0'
      '@opentelemetry/api-logs': '>=0.200.0 <0.300.0'
      '@opentelemetry/instrumentation': '>=0.200.0 <0.300.0'
      '@opentelemetry/resources': '>=2.0.0 <3.0.0'
      '@opentelemetry/sdk-logs': '>=0.200.0 <0.300.0'
      '@opentelemetry/sdk-metrics': '>=2.0.0 <3.0.0'
      '@opentelemetry/sdk-trace-base': '>=2.0.0 <3.0.0'

  acorn-import-attributes@1.9.5:
    resolution: {integrity: sha512-n02Vykv5uA3eHGM/Z2dQrcD56kL8TyDb2p1+0P83PClMnC/nc+anbQRhIOWnSq4Ke/KvDPrY3C9hDtC/A3eHnQ==}
    peerDependencies:
      acorn: ^8

  acorn@8.16.0:
    resolution: {integrity: sha512-UVJyE9MttOsBQIDKw1skb9nAwQuR5wuGD3+82K6JgJlm/Y+KI92oNsMNGZCYdDsVtRHSak0pcV5Dno5+4jh9sw==}
    engines: {node: '>=0.4.0'}
    hasBin: true

  busboy@1.6.0:
    resolution: {integrity: sha512-8SFQbg/0hQ9xy3UNTB0YEnsNBbWfhf7RtnzpL7TkBiTBRfrQ9Fxcnz7VJsleJpyp6rVLvXiuORqjlHi5q+PYuA==}
    engines: {node: '>=10.16.0'}

  caniuse-lite@1.0.30001781:
    resolution: {integrity: sha512-RdwNCyMsNBftLjW6w01z8bKEvT6e/5tpPVEgtn22TiLGlstHOVecsX2KHFkD5e/vRnIE4EGzpuIODb3mtswtkw==}

  cjs-module-lexer@2.2.0:
    resolution: {integrity: sha512-4bHTS2YuzUvtoLjdy+98ykbNB5jS0+07EvFNXerqZQJ89F7DI6ET7OQo/HJuW6K0aVsKA9hj9/RVb2kQVOrPDQ==}

  client-only@0.0.1:
    resolution: {integrity: sha512-IV3Ou0jSMzZrd3pZ48nLkT9DA7Ag1pnPzaiQhpW7c3RbcqqzvzzVu+L8gfqMp/8IM2MQtSiqaCxrrcfu8I8rMA==}

  csstype@3.2.3:
    resolution: {integrity: sha512-z1HGKcYy2xA8AGQfwrn0PAy+PB7X/GSj3UVJW9qKyn43xWa+gl5nXmU4qqLMRzWVLFC8KusUX8T/0kCiOYpAIQ==}

  debug@4.4.3:
    resolution: {integrity: sha512-RGwwWnwQvkVfavKVt22FGLw+xYSdzARwm0ru6DhTVA3umU5hZc28V3kO4stgYryrTlLpuvgI9GiijltAjNbcqA==}
    engines: {node: '>=6.0'}
    peerDependencies:
      supports-color: '*'
    peerDependenciesMeta:
      supports-color:
        optional: true

  graceful-fs@4.2.11:
    resolution: {integrity: sha512-RbJ5/jmFcNNCcDV5o9eTnBLJ/HszWV0P73bc+Ff4nS/rJj+YaS6IGyiOL0VoBYX+l1Wrl3k63h/KrH+nhJ0XvQ==}

  import-in-the-middle@3.0.0:
    resolution: {integrity: sha512-OnGy+eYT7wVejH2XWgLRgbmzujhhVIATQH0ztIeRilwHBjTeG3pD+XnH3PKX0r9gJ0BuJmJ68q/oh9qgXnNDQg==}
    engines: {node: '>=18'}

  js-tokens@4.0.0:
    resolution: {integrity: sha512-RdJUflcE3cUzKiMqQgsCu06FPu9UdIJO0beYbPhHN4k6apgJtifcoCtT9bcxOpYBtpD2kCM6Sbzg4CausW/PKQ==}

  long@5.3.2:
    resolution: {integrity: sha512-mNAgZ1GmyNhD7AuqnTG3/VQ26o760+ZYBPKjPvugO8+nLbYfX6TVpJPseBvopbdY+qpZ/lKUnmEc1LeZYS3QAA==}

  loose-envify@1.4.0:
    resolution: {integrity: sha512-lyuxPGr/Wfhrlem2CL/UcnUc1zcqKAImBDzukY7Y5F/yQiNdko6+fRLevlw1HgMySw7f611UIY408EtxRSoK3Q==}
    hasBin: true

  module-details-from-path@1.0.4:
    resolution: {integrity: sha512-EGWKgxALGMgzvxYF1UyGTy0HXX/2vHLkw6+NvDKW2jypWbHpjQuj4UMcqQWXHERJhVGKikolT06G3bcKe4fi7w==}

  ms@2.1.3:
    resolution: {integrity: sha512-6FlzubTLZG3J2a/NVCAleEhjzq5oxgHyaCU9yYXvcLsvoVaHJq/s5xXI6/XXP6tz7R9xAOtHnSO/tXtF3WRTlA==}

  nanoid@3.3.11:
    resolution: {integrity: sha512-N8SpfPUnUp1bK+PMYW8qSWdl9U+wwNWI4QKxOYDy9JAro3WMX7p2OeVRF9v+347pnakNevPmiHhNmZ2HbFA76w==}
    engines: {node: ^10 || ^12 || ^13.7 || ^14 || >=15.0.1}
    hasBin: true

  next@14.2.34:
    resolution: {integrity: sha512-s7mRraWlkEVRLjHHdu5khn0bSnmUh+U+YtigBc+t2Ge7jJHFIVBZna+W9Jcx7b04HhM7eJWrNJ2A+sQs9gJ3eg==}
    engines: {node: '>=18.17.0'}
    deprecated: This version has a security vulnerability. Please upgrade to a patched version. See https://nextjs.org/blog/security-update-2025-12-11 for more details.
    hasBin: true
    peerDependencies:
      '@opentelemetry/api': ^1.1.0
      '@playwright/test': ^1.41.2
      react: ^18.2.0
      react-dom: ^18.2.0
      sass: ^1.3.0
    peerDependenciesMeta:
      '@opentelemetry/api':
        optional: true
      '@playwright/test':
        optional: true
      sass:
        optional: true

  picocolors@1.1.1:
    resolution: {integrity: sha512-xceH2snhtb5M9liqDsmEw56le376mTZkEX/jEb/RxNFyegNul7eNslCXP9FDj/Lcu0X8KEyMceP2ntpaHrDEVA==}

  postcss@8.4.31:
    resolution: {integrity: sha512-PS08Iboia9mts/2ygV3eLpY5ghnUcfLV/EXTOW1E2qYxJKGGBUtNjN76FYHnMs36RmARn41bC0AZmn+rR0OVpQ==}
    engines: {node: ^10 || ^12 || >=14}

  protobufjs@7.5.4:
    resolution: {integrity: sha512-CvexbZtbov6jW2eXAvLukXjXUW1TzFaivC46BpWc/3BpcCysb5Vffu+B3XHMm8lVEuy2Mm4XGex8hBSg1yapPg==}
    engines: {node: '>=12.0.0'}

  react-dom@18.3.1:
    resolution: {integrity: sha512-5m4nQKp+rZRb09LNH59GM4BxTh9251/ylbKIbpe7TpGxfJ+9kv6BLkLBXIjjspbgbnIBNqlI23tRnTWT0snUIw==}
    peerDependencies:
      react: ^18.3.1

  react@18.3.1:
    resolution: {integrity: sha512-wS+hAgJShR0KhEvPJArfuPVN1+Hz1t0Y6n5jLrGQbkb4urgPE/0Rve+1kMB1v/oWgHgm4WIcV+i7F2pTVj+2iQ==}
    engines: {node: '>=0.10.0'}

  require-in-the-middle@8.0.1:
    resolution: {integrity: sha512-QT7FVMXfWOYFbeRBF6nu+I6tr2Tf3u0q8RIEjNob/heKY/nh7drD/k7eeMFmSQgnTtCzLDcCu/XEnpW2wk4xCQ==}
    engines: {node: '>=9.3.0 || >=8.10.0 <9.0.0'}

  scheduler@0.23.2:
    resolution: {integrity: sha512-UOShsPwz7NrMUqhR6t0hWjFduvOzbtv7toDH1/hIrfRNIDBnnBWd0CwJTGvTpngVlmwGCdP9/Zl/tVrDqcuYzQ==}

  source-map-js@1.2.1:
    resolution: {integrity: sha512-UXWMKhLOwVKb728IUtQPXxfYU+usdybtUrK/8uGE8CQMvrhOpwvzDBwj0QhSL7MQc7vIsISBG8VQ8+IDQxpfQA==}
    engines: {node: '>=0.10.0'}

  streamsearch@1.1.0:
    resolution: {integrity: sha512-Mcc5wHehp9aXz1ax6bZUyY5afg9u2rv5cqQI3mRrYkGC8rW2hM02jWuwjtL++LS5qinSyhj2QfLyNsuc+VsExg==}
    engines: {node: '>=10.0.0'}

  styled-jsx@5.1.1:
    resolution: {integrity: sha512-pW7uC1l4mBZ8ugbiZrcIsiIvVx1UmTfw7UkC3Um2tmfUq9Bhk8IiyEIPl6F8agHgjzku6j0xQEZbfA5uSgSaCw==}
    engines: {node: '>= 12.0.0'}
    peerDependencies:
      '@babel/core': '*'
      babel-plugin-macros: '*'
      react: '>= 16.8.0 || 17.x.x || ^18.0.0-0'
    peerDependenciesMeta:
      '@babel/core':
        optional: true
      babel-plugin-macros:
        optional: true

  tslib@2.8.1:
    resolution: {integrity: sha512-oJFu94HQb+KVduSUQL7wnpmqnfmLsOA/nAh6b6EH0wCEoK0/mPeXU6c3wKDV83MkOuHPRHtSXKKU99IBazS/2w==}

  typescript@5.4.4:
    resolution: {integrity: sha512-dGE2Vv8cpVvw28v8HCPqyb08EzbBURxDpuhJvTrusShUfGnhHBafDsLdS1EhhxyL6BJQE+2cT3dDPAv+MQ6oLw==}
    engines: {node: '>=14.17'}
    hasBin: true

  undici-types@6.21.0:
    resolution: {integrity: sha512-iwDZqg0QAGrg9Rav5H4n0M64c3mkR59cJ6wQp+7C4nI0gsmExaedaYLNO44eT4AtBBwjbTiGPMlt2Md0T9H9JQ==}

snapshots:

  '@next/env@14.2.34': {}

  '@next/swc-darwin-arm64@14.2.33':
    optional: true

  '@next/swc-darwin-x64@14.2.33':
    optional: true

  '@next/swc-linux-arm64-gnu@14.2.33':
    optional: true

  '@next/swc-linux-arm64-musl@14.2.33':
    optional: true

  '@next/swc-linux-x64-gnu@14.2.33':
    optional: true

  '@next/swc-linux-x64-musl@14.2.33':
    optional: true

  '@next/swc-win32-arm64-msvc@14.2.33':
    optional: true

  '@next/swc-win32-ia32-msvc@14.2.33':
    optional: true

  '@next/swc-win32-x64-msvc@14.2.33':
    optional: true

  '@opentelemetry/api-logs@0.200.0':
    dependencies:
      '@opentelemetry/api': 1.9.0

  '@opentelemetry/api-logs@0.213.0':
    dependencies:
      '@opentelemetry/api': 1.9.0

  '@opentelemetry/api@1.9.0': {}

  '@opentelemetry/core@2.0.0(@opentelemetry/api@1.9.0)':
    dependencies:
      '@opentelemetry/api': 1.9.0
      '@opentelemetry/semantic-conventions': 1.40.0

  '@opentelemetry/exporter-trace-otlp-http@0.200.0(@opentelemetry/api@1.9.0)':
    dependencies:
      '@opentelemetry/api': 1.9.0
      '@opentelemetry/core': 2.0.0(@opentelemetry/api@1.9.0)
      '@opentelemetry/otlp-exporter-base': 0.200.0(@opentelemetry/api@1.9.0)
      '@opentelemetry/otlp-transformer': 0.200.0(@opentelemetry/api@1.9.0)
      '@opentelemetry/resources': 2.0.0(@opentelemetry/api@1.9.0)
      '@opentelemetry/sdk-trace-base': 2.0.0(@opentelemetry/api@1.9.0)

  '@opentelemetry/instrumentation@0.213.0(@opentelemetry/api@1.9.0)':
    dependencies:
      '@opentelemetry/api': 1.9.0
      '@opentelemetry/api-logs': 0.213.0
      import-in-the-middle: 3.0.0
      require-in-the-middle: 8.0.1
    transitivePeerDependencies:
      - supports-color

  '@opentelemetry/otlp-exporter-base@0.200.0(@opentelemetry/api@1.9.0)':
    dependencies:
      '@opentelemetry/api': 1.9.0
      '@opentelemetry/core': 2.0.0(@opentelemetry/api@1.9.0)
      '@opentelemetry/otlp-transformer': 0.200.0(@opentelemetry/api@1.9.0)

  '@opentelemetry/otlp-transformer@0.200.0(@opentelemetry/api@1.9.0)':
    dependencies:
      '@opentelemetry/api': 1.9.0
      '@opentelemetry/api-logs': 0.200.0
      '@opentelemetry/core': 2.0.0(@opentelemetry/api@1.9.0)
      '@opentelemetry/resources': 2.0.0(@opentelemetry/api@1.9.0)
      '@opentelemetry/sdk-logs': 0.200.0(@opentelemetry/api@1.9.0)
      '@opentelemetry/sdk-metrics': 2.0.0(@opentelemetry/api@1.9.0)
      '@opentelemetry/sdk-trace-base': 2.0.0(@opentelemetry/api@1.9.0)
      protobufjs: 7.5.4

  '@opentelemetry/resources@2.0.0(@opentelemetry/api@1.9.0)':
    dependencies:
      '@opentelemetry/api': 1.9.0
      '@opentelemetry/core': 2.0.0(@opentelemetry/api@1.9.0)
      '@opentelemetry/semantic-conventions': 1.40.0

  '@opentelemetry/sdk-logs@0.200.0(@opentelemetry/api@1.9.0)':
    dependencies:
      '@opentelemetry/api': 1.9.0
      '@opentelemetry/api-logs': 0.200.0
      '@opentelemetry/core': 2.0.0(@opentelemetry/api@1.9.0)
      '@opentelemetry/resources': 2.0.0(@opentelemetry/api@1.9.0)

  '@opentelemetry/sdk-metrics@2.0.0(@opentelemetry/api@1.9.0)':
    dependencies:
      '@opentelemetry/api': 1.9.0
      '@opentelemetry/core': 2.0.0(@opentelemetry/api@1.9.0)
      '@opentelemetry/resources': 2.0.0(@opentelemetry/api@1.9.0)

  '@opentelemetry/sdk-trace-base@2.0.0(@opentelemetry/api@1.9.0)':
    dependencies:
      '@opentelemetry/api': 1.9.0
      '@opentelemetry/core': 2.0.0(@opentelemetry/api@1.9.0)
      '@opentelemetry/resources': 2.0.0(@opentelemetry/api@1.9.0)
      '@opentelemetry/semantic-conventions': 1.40.0

  '@opentelemetry/semantic-conventions@1.40.0': {}

  '@protobufjs/aspromise@1.1.2': {}

  '@protobufjs/base64@1.1.2': {}

  '@protobufjs/codegen@2.0.4': {}

  '@protobufjs/eventemitter@1.1.0': {}

  '@protobufjs/fetch@1.1.0':
    dependencies:
      '@protobufjs/aspromise': 1.1.2
      '@protobufjs/inquire': 1.1.0

  '@protobufjs/float@1.0.2': {}

  '@protobufjs/inquire@1.1.0': {}

  '@protobufjs/path@1.1.2': {}

  '@protobufjs/pool@1.1.0': {}

  '@protobufjs/utf8@1.1.0': {}

  '@swc/counter@0.1.3': {}

  '@swc/helpers@0.5.5':
    dependencies:
      '@swc/counter': 0.1.3
      tslib: 2.8.1

  '@types/node@20.19.37':
    dependencies:
      undici-types: 6.21.0

  '@types/prop-types@15.7.15': {}

  '@types/react-dom@18.3.7(@types/react@18.3.28)':
    dependencies:
      '@types/react': 18.3.28

  '@types/react@18.3.28':
    dependencies:
      '@types/prop-types': 15.7.15
      csstype: 3.2.3

  '@vercel/otel@2.1.0(@opentelemetry/api-logs@0.200.0)(@opentelemetry/api@1.9.0)(@opentelemetry/instrumentation@0.213.0(@opentelemetry/api@1.9.0))(@opentelemetry/resources@2.0.0(@opentelemetry/api@1.9.0))(@opentelemetry/sdk-logs@0.200.0(@opentelemetry/api@1.9.0))(@opentelemetry/sdk-metrics@2.0.0(@opentelemetry/api@1.9.0))(@opentelemetry/sdk-trace-base@2.0.0(@opentelemetry/api@1.9.0))':
    dependencies:
      '@opentelemetry/api': 1.9.0
      '@opentelemetry/api-logs': 0.200.0
      '@opentelemetry/instrumentation': 0.213.0(@opentelemetry/api@1.9.0)
      '@opentelemetry/resources': 2.0.0(@opentelemetry/api@1.9.0)
      '@opentelemetry/sdk-logs': 0.200.0(@opentelemetry/api@1.9.0)
      '@opentelemetry/sdk-metrics': 2.0.0(@opentelemetry/api@1.9.0)
      '@opentelemetry/sdk-trace-base': 2.0.0(@opentelemetry/api@1.9.0)

  acorn-import-attributes@1.9.5(acorn@8.16.0):
    dependencies:
      acorn: 8.16.0

  acorn@8.16.0: {}

  busboy@1.6.0:
    dependencies:
      streamsearch: 1.1.0

  caniuse-lite@1.0.30001781: {}

  cjs-module-lexer@2.2.0: {}

  client-only@0.0.1: {}

  csstype@3.2.3: {}

  debug@4.4.3:
    dependencies:
      ms: 2.1.3

  graceful-fs@4.2.11: {}

  import-in-the-middle@3.0.0:
    dependencies:
      acorn: 8.16.0
      acorn-import-attributes: 1.9.5(acorn@8.16.0)
      cjs-module-lexer: 2.2.0
      module-details-from-path: 1.0.4

  js-tokens@4.0.0: {}

  long@5.3.2: {}

  loose-envify@1.4.0:
    dependencies:
      js-tokens: 4.0.0

  module-details-from-path@1.0.4: {}

  ms@2.1.3: {}

  nanoid@3.3.11: {}

  next@14.2.34(@opentelemetry/api@1.9.0)(react-dom@18.3.1(react@18.3.1))(react@18.3.1):
    dependencies:
      '@next/env': 14.2.34
      '@swc/helpers': 0.5.5
      busboy: 1.6.0
      caniuse-lite: 1.0.30001781
      graceful-fs: 4.2.11
      postcss: 8.4.31
      react: 18.3.1
      react-dom: 18.3.1(react@18.3.1)
      styled-jsx: 5.1.1(react@18.3.1)
    optionalDependencies:
      '@next/swc-darwin-arm64': 14.2.33
      '@next/swc-darwin-x64': 14.2.33
      '@next/swc-linux-arm64-gnu': 14.2.33
      '@next/swc-linux-arm64-musl': 14.2.33
      '@next/swc-linux-x64-gnu': 14.2.33
      '@next/swc-linux-x64-musl': 14.2.33
      '@next/swc-win32-arm64-msvc': 14.2.33
      '@next/swc-win32-ia32-msvc': 14.2.33
      '@next/swc-win32-x64-msvc': 14.2.33
      '@opentelemetry/api': 1.9.0
    transitivePeerDependencies:
      - '@babel/core'
      - babel-plugin-macros

  picocolors@1.1.1: {}

  postcss@8.4.31:
    dependencies:
      nanoid: 3.3.11
      picocolors: 1.1.1
      source-map-js: 1.2.1

  protobufjs@7.5.4:
    dependencies:
      '@protobufjs/aspromise': 1.1.2
      '@protobufjs/base64': 1.1.2
      '@protobufjs/codegen': 2.0.4
      '@protobufjs/eventemitter': 1.1.0
      '@protobufjs/fetch': 1.1.0
      '@protobufjs/float': 1.0.2
      '@protobufjs/inquire': 1.1.0
      '@protobufjs/path': 1.1.2
      '@protobufjs/pool': 1.1.0
      '@protobufjs/utf8': 1.1.0
      '@types/node': 20.19.37
      long: 5.3.2

  react-dom@18.3.1(react@18.3.1):
    dependencies:
      loose-envify: 1.4.0
      react: 18.3.1
      scheduler: 0.23.2

  react@18.3.1:
    dependencies:
      loose-envify: 1.4.0

  require-in-the-middle@8.0.1:
    dependencies:
      debug: 4.4.3
      module-details-from-path: 1.0.4
    transitivePeerDependencies:
      - supports-color

  scheduler@0.23.2:
    dependencies:
      loose-envify: 1.4.0

  source-map-js@1.2.1: {}

  streamsearch@1.1.0: {}

  styled-jsx@5.1.1(react@18.3.1):
    dependencies:
      client-only: 0.0.1
      react: 18.3.1

  tslib@2.8.1: {}

  typescript@5.4.4: {}

  undici-types@6.21.0: {}
