lockfileVersion: '9.0'

settings:
  autoInstallPeers: true
  excludeLinksFromLockfile: false

importers:

  .:
    dependencies:
      '@anthropic-ai/claude-agent-sdk':
        specifier: file:../../helpers/mock-claude-agent-sdk
        version: file:../../helpers/mock-claude-agent-sdk

packages:

  '@anthropic-ai/claude-agent-sdk@file:../../helpers/mock-claude-agent-sdk':
    resolution: {directory: ../../helpers/mock-claude-agent-sdk, type: directory}

snapshots:

  '@anthropic-ai/claude-agent-sdk@file:../../helpers/mock-claude-agent-sdk': {}
