lockfileVersion: '9.0'

settings:
  autoInstallPeers: true
  excludeLinksFromLockfile: false

importers:

  .:
    dependencies:
      ai-sdk-openai-v3:
        specifier: npm:@ai-sdk/openai@1.3.24
        version: '@ai-sdk/openai@1.3.24(zod@3.25.76)'
      ai-sdk-openai-v4:
        specifier: npm:@ai-sdk/openai@1.3.24
        version: '@ai-sdk/openai@1.3.24(zod@3.25.76)'
      ai-sdk-openai-v5:
        specifier: npm:@ai-sdk/openai@2.0.57
        version: '@ai-sdk/openai@2.0.57(zod@3.25.76)'
      ai-sdk-openai-v6:
        specifier: npm:@ai-sdk/openai@3.0.7
        version: '@ai-sdk/openai@3.0.7(zod@3.25.76)'
      ai-sdk-v3:
        specifier: npm:ai@3.4.33
        version: ai@3.4.33(react@19.2.4)(sswr@2.2.0(svelte@5.54.0))(svelte@5.54.0)(vue@3.5.30)(zod@3.25.76)
      ai-sdk-v4:
        specifier: npm:ai@4.3.19
        version: ai@4.3.19(react@19.2.4)(zod@3.25.76)
      ai-sdk-v5:
        specifier: npm:ai@5.0.82
        version: ai@5.0.82(zod@3.25.76)
      ai-sdk-v6:
        specifier: npm:ai@6.0.1
        version: ai@6.0.1(zod@3.25.76)
      zod:
        specifier: 3.25.76
        version: 3.25.76

packages:

  '@ai-sdk/gateway@2.0.3':
    resolution: {integrity: sha512-/vCoMKtod+A74/BbkWsaAflWKz1ovhX5lmJpIaXQXtd6gyexZncjotBTbFM8rVJT9LKJ/Kx7iVVo3vh+KT+IJg==}
    engines: {node: '>=18'}
    peerDependencies:
      zod: ^3.25.76 || ^4.1.8

  '@ai-sdk/gateway@3.0.0':
    resolution: {integrity: sha512-JcjePYVpbezv+XOxkxPemwnorjWpgDiiKWMYy6FXTCG2rFABIK2Co1bFxIUSDT4vYO6f1448x9rKbn38vbhDiA==}
    engines: {node: '>=18'}
    peerDependencies:
      zod: ^3.25.76 || ^4.1.8

  '@ai-sdk/openai@1.3.24':
    resolution: {integrity: sha512-GYXnGJTHRTZc4gJMSmFRgEQudjqd4PUN0ZjQhPwOAYH1yOAvQoG/Ikqs+HyISRbLPCrhbZnPKCNHuRU4OfpW0Q==}
    engines: {node: '>=18'}
    peerDependencies:
      zod: ^3.0.0

  '@ai-sdk/openai@2.0.57':
    resolution: {integrity: sha512-ad2e4Ah9KdLnchMcWFv2FfU1JCwm50b3+UZq2VhkO8qLYEh2kh/aVQomZyAsIbx5ft5nOv2KmDwZrefXkeKttQ==}
    engines: {node: '>=18'}
    peerDependencies:
      zod: ^3.25.76 || ^4.1.8

  '@ai-sdk/openai@3.0.7':
    resolution: {integrity: sha512-CBoYn1U59Lop8yBL9KuVjHCKc/B06q9Qo0SasRwHoyMEq+X4I8LQZu3a8Ck1jwwcZTTxfyiExB70LtIRSynBDA==}
    engines: {node: '>=18'}
    peerDependencies:
      zod: ^3.25.76 || ^4.1.8

  '@ai-sdk/provider-utils@1.0.22':
    resolution: {integrity: sha512-YHK2rpj++wnLVc9vPGzGFP3Pjeld2MwhKinetA0zKXOoHAT/Jit5O8kZsxcSlJPu9wvcGT1UGZEjZrtO7PfFOQ==}
    engines: {node: '>=18'}
    peerDependencies:
      zod: ^3.0.0
    peerDependenciesMeta:
      zod:
        optional: true

  '@ai-sdk/provider-utils@2.2.8':
    resolution: {integrity: sha512-fqhG+4sCVv8x7nFzYnFo19ryhAa3w096Kmc3hWxMQfW/TubPOmt3A6tYZhl4mUfQWWQMsuSkLrtjlWuXBVSGQA==}
    engines: {node: '>=18'}
    peerDependencies:
      zod: ^3.23.8

  '@ai-sdk/provider-utils@3.0.14':
    resolution: {integrity: sha512-CYRU6L7IlR7KslSBVxvlqlybQvXJln/PI57O8swhOaDIURZbjRP2AY3igKgUsrmWqqnFFUHP+AwTN8xqJAknnA==}
    engines: {node: '>=18'}
    peerDependencies:
      zod: ^3.25.76 || ^4.1.8

  '@ai-sdk/provider-utils@4.0.0':
    resolution: {integrity: sha512-HyCyOls9I3a3e38+gtvOJOEjuw9KRcvbBnCL5GBuSmJvS9Jh9v3fz7pRC6ha1EUo/ZH1zwvLWYXBMtic8MTguA==}
    engines: {node: '>=18'}
    peerDependencies:
      zod: ^3.25.76 || ^4.1.8

  '@ai-sdk/provider-utils@4.0.4':
    resolution: {integrity: sha512-VxhX0B/dWGbpNHxrKCWUAJKXIXV015J4e7qYjdIU9lLWeptk0KMLGcqkB4wFxff5Njqur8dt8wRi1MN9lZtDqg==}
    engines: {node: '>=18'}
    peerDependencies:
      zod: ^3.25.76 || ^4.1.8

  '@ai-sdk/provider@0.0.26':
    resolution: {integrity: sha512-dQkfBDs2lTYpKM8389oopPdQgIU007GQyCbuPPrV+K6MtSII3HBfE0stUIMXUb44L+LK1t6GXPP7wjSzjO6uKg==}
    engines: {node: '>=18'}

  '@ai-sdk/provider@1.1.3':
    resolution: {integrity: sha512-qZMxYJ0qqX/RfnuIaab+zp8UAeJn/ygXXAffR5I4N0n1IrvA6qBsjc8hXLmBiMV2zoXlifkacF7sEFnYnjBcqg==}
    engines: {node: '>=18'}

  '@ai-sdk/provider@2.0.0':
    resolution: {integrity: sha512-6o7Y2SeO9vFKB8lArHXehNuusnpddKPk7xqL7T2/b+OvXMRIXUO1rR4wcv1hAFUAT9avGZshty3Wlua/XA7TvA==}
    engines: {node: '>=18'}

  '@ai-sdk/provider@3.0.0':
    resolution: {integrity: sha512-m9ka3ptkPQbaHHZHqDXDF9C9B5/Mav0KTdky1k2HZ3/nrW2t1AgObxIVPyGDWQNS9FXT/FS6PIoSjpcP/No8rQ==}
    engines: {node: '>=18'}

  '@ai-sdk/provider@3.0.2':
    resolution: {integrity: sha512-HrEmNt/BH/hkQ7zpi2o6N3k1ZR1QTb7z85WYhYygiTxOQuaml4CMtHCWRbric5WPU+RNsYI7r1EpyVQMKO1pYw==}
    engines: {node: '>=18'}

  '@ai-sdk/react@0.0.70':
    resolution: {integrity: sha512-GnwbtjW4/4z7MleLiW+TOZC2M29eCg1tOUpuEiYFMmFNZK8mkrqM0PFZMo6UsYeUYMWqEOOcPOU9OQVJMJh7IQ==}
    engines: {node: '>=18'}
    peerDependencies:
      react: ^18 || ^19 || ^19.0.0-rc
      zod: ^3.0.0
    peerDependenciesMeta:
      react:
        optional: true
      zod:
        optional: true

  '@ai-sdk/react@1.2.12':
    resolution: {integrity: sha512-jK1IZZ22evPZoQW3vlkZ7wvjYGYF+tRBKXtrcolduIkQ/m/sOAVcVeVDUDvh1T91xCnWCdUGCPZg2avZ90mv3g==}
    engines: {node: '>=18'}
    peerDependencies:
      react: ^18 || ^19 || ^19.0.0-rc
      zod: ^3.23.8
    peerDependenciesMeta:
      zod:
        optional: true

  '@ai-sdk/solid@0.0.54':
    resolution: {integrity: sha512-96KWTVK+opdFeRubqrgaJXoNiDP89gNxFRWUp0PJOotZW816AbhUf4EnDjBjXTLjXL1n0h8tGSE9sZsRkj9wQQ==}
    engines: {node: '>=18'}
    peerDependencies:
      solid-js: ^1.7.7
    peerDependenciesMeta:
      solid-js:
        optional: true

  '@ai-sdk/svelte@0.0.57':
    resolution: {integrity: sha512-SyF9ItIR9ALP9yDNAD+2/5Vl1IT6kchgyDH8xkmhysfJI6WrvJbtO1wdQ0nylvPLcsPoYu+cAlz1krU4lFHcYw==}
    engines: {node: '>=18'}
    peerDependencies:
      svelte: ^3.0.0 || ^4.0.0 || ^5.0.0
    peerDependenciesMeta:
      svelte:
        optional: true

  '@ai-sdk/ui-utils@0.0.50':
    resolution: {integrity: sha512-Z5QYJVW+5XpSaJ4jYCCAVG7zIAuKOOdikhgpksneNmKvx61ACFaf98pmOd+xnjahl0pIlc/QIe6O4yVaJ1sEaw==}
    engines: {node: '>=18'}
    peerDependencies:
      zod: ^3.0.0
    peerDependenciesMeta:
      zod:
        optional: true

  '@ai-sdk/ui-utils@1.2.11':
    resolution: {integrity: sha512-3zcwCc8ezzFlwp3ZD15wAPjf2Au4s3vAbKsXQVyhxODHcmu0iyPO2Eua6D/vicq/AUm/BAo60r97O6HU+EI0+w==}
    engines: {node: '>=18'}
    peerDependencies:
      zod: ^3.23.8

  '@ai-sdk/vue@0.0.59':
    resolution: {integrity: sha512-+ofYlnqdc8c4F6tM0IKF0+7NagZRAiqBJpGDJ+6EYhDW8FHLUP/JFBgu32SjxSxC6IKFZxEnl68ZoP/Z38EMlw==}
    engines: {node: '>=18'}
    peerDependencies:
      vue: ^3.3.4
    peerDependenciesMeta:
      vue:
        optional: true

  '@babel/helper-string-parser@7.27.1':
    resolution: {integrity: sha512-qMlSxKbpRlAridDExk92nSobyDdpPijUq2DW6oDnUqd0iOGxmQjyqhMIihI9+zv4LPyZdRje2cavWPbCbWm3eA==}
    engines: {node: '>=6.9.0'}

  '@babel/helper-validator-identifier@7.28.5':
    resolution: {integrity: sha512-qSs4ifwzKJSV39ucNjsvc6WVHs6b7S03sOh2OcHF9UHfVPqWWALUsNUVzhSBiItjRZoLHx7nIarVjqKVusUZ1Q==}
    engines: {node: '>=6.9.0'}

  '@babel/parser@7.29.2':
    resolution: {integrity: sha512-4GgRzy/+fsBa72/RZVJmGKPmZu9Byn8o4MoLpmNe1m8ZfYnz5emHLQz3U4gLud6Zwl0RZIcgiLD7Uq7ySFuDLA==}
    engines: {node: '>=6.0.0'}
    hasBin: true

  '@babel/types@7.29.0':
    resolution: {integrity: sha512-LwdZHpScM4Qz8Xw2iKSzS+cfglZzJGvofQICy7W7v4caru4EaAmyUuO6BGrbyQ2mYV11W0U8j5mBhd14dd3B0A==}
    engines: {node: '>=6.9.0'}

  '@jridgewell/gen-mapping@0.3.13':
    resolution: {integrity: sha512-2kkt/7niJ6MgEPxF0bYdQ6etZaA+fQvDcLKckhy1yIQOzaoKjBBjSj63/aLVjYE3qhRt5dvM+uUyfCg6UKCBbA==}

  '@jridgewell/remapping@2.3.5':
    resolution: {integrity: sha512-LI9u/+laYG4Ds1TDKSJW2YPrIlcVYOwi2fUC6xB43lueCjgxV4lffOCZCtYFiH6TNOX+tQKXx97T4IKHbhyHEQ==}

  '@jridgewell/resolve-uri@3.1.2':
    resolution: {integrity: sha512-bRISgCIjP20/tbWSPWMEi54QVPRZExkuD9lJL+UIxUKtwVJA8wW1Trb1jMs1RFXo1CBTNZ/5hpC9QvmKWdopKw==}
    engines: {node: '>=6.0.0'}

  '@jridgewell/sourcemap-codec@1.5.5':
    resolution: {integrity: sha512-cYQ9310grqxueWbl+WuIUIaiUaDcj7WOq5fVhEljNVgRfOUhY9fy2zTvfoqWsnebh8Sl70VScFbICvJnLKB0Og==}

  '@jridgewell/trace-mapping@0.3.31':
    resolution: {integrity: sha512-zzNR+SdQSDJzc8joaeP8QQoCQr8NuYx2dIIytl1QeBEZHJ9uW6hebsrYgbz8hJwUQao3TWCMtmfV8Nu1twOLAw==}

  '@opentelemetry/api@1.9.0':
    resolution: {integrity: sha512-3giAOQvZiH5F9bMlMiv8+GSPMeqg0dbaeo58/0SlA9sxSqZhnUtxzX9/2FzyhS9sWQf5S0GJE0AKBrFqjpeYcg==}
    engines: {node: '>=8.0.0'}

  '@standard-schema/spec@1.1.0':
    resolution: {integrity: sha512-l2aFy5jALhniG5HgqrD6jXLi/rUWrKvqN/qJx6yoJsgKhblVd+iqqU4RCXavm/jPityDo5TCvKMnpjKnOriy0w==}

  '@sveltejs/acorn-typescript@1.0.9':
    resolution: {integrity: sha512-lVJX6qEgs/4DOcRTpo56tmKzVPtoWAaVbL4hfO7t7NVwl9AAXzQR6cihesW1BmNMPl+bK6dreu2sOKBP2Q9CIA==}
    peerDependencies:
      acorn: ^8.9.0

  '@types/diff-match-patch@1.0.36':
    resolution: {integrity: sha512-xFdR6tkm0MWvBfO8xXCSsinYxHcqkQUlcHeSpMC2ukzOb6lwQAfDmW+Qt0AvlGd8HpsS28qKsB+oPeJn9I39jg==}

  '@types/estree@1.0.8':
    resolution: {integrity: sha512-dWHzHa2WqEXI/O1E9OjrocMTKJl2mSrEolh1Iomrv6U+JuNwaHXsXx9bLu5gG7BUWFIN0skIQJQ/L1rIex4X6w==}

  '@types/trusted-types@2.0.7':
    resolution: {integrity: sha512-ScaPdn1dQczgbl0QFTeTOmVHFULt394XJgOQNoyVhZ6r2vLnMLJfBPd53SB52T/3G36VI1/g2MZaX0cwDuXsfw==}

  '@typescript-eslint/types@8.57.1':
    resolution: {integrity: sha512-S29BOBPJSFUiblEl6RzPPjJt6w25A6XsBqRVDt53tA/tlL8q7ceQNZHTjPeONt/3S7KRI4quk+yP9jK2WjBiPQ==}
    engines: {node: ^18.18.0 || ^20.9.0 || >=21.1.0}

  '@vercel/oidc@3.0.3':
    resolution: {integrity: sha512-yNEQvPcVrK9sIe637+I0jD6leluPxzwJKx/Haw6F4H77CdDsszUn5V3o96LPziXkSNE2B83+Z3mjqGKBK/R6Gg==}
    engines: {node: '>= 20'}

  '@vercel/oidc@3.0.5':
    resolution: {integrity: sha512-fnYhv671l+eTTp48gB4zEsTW/YtRgRPnkI2nT7x6qw5rkI1Lq2hTmQIpHPgyThI0znLK+vX2n9XxKdXZ7BUbbw==}
    engines: {node: '>= 20'}

  '@vue/compiler-core@3.5.30':
    resolution: {integrity: sha512-s3DfdZkcu/qExZ+td75015ljzHc6vE+30cFMGRPROYjqkroYI5NV2X1yAMX9UeyBNWB9MxCfPcsjpLS11nzkkw==}

  '@vue/compiler-dom@3.5.30':
    resolution: {integrity: sha512-eCFYESUEVYHhiMuK4SQTldO3RYxyMR/UQL4KdGD1Yrkfdx4m/HYuZ9jSfPdA+nWJY34VWndiYdW/wZXyiPEB9g==}

  '@vue/compiler-sfc@3.5.30':
    resolution: {integrity: sha512-LqmFPDn89dtU9vI3wHJnwaV6GfTRD87AjWpTWpyrdVOObVtjIuSeZr181z5C4PmVx/V3j2p+0f7edFKGRMpQ5A==}

  '@vue/compiler-ssr@3.5.30':
    resolution: {integrity: sha512-NsYK6OMTnx109PSL2IAyf62JP6EUdk4Dmj6AkWcJGBvN0dQoMYtVekAmdqgTtWQgEJo+Okstbf/1p7qZr5H+bA==}

  '@vue/reactivity@3.5.30':
    resolution: {integrity: sha512-179YNgKATuwj9gB+66snskRDOitDiuOZqkYia7mHKJaidOMo/WJxHKF8DuGc4V4XbYTJANlfEKb0yxTQotnx4Q==}

  '@vue/runtime-core@3.5.30':
    resolution: {integrity: sha512-e0Z+8PQsUTdwV8TtEsLzUM7SzC7lQwYKePydb7K2ZnmS6jjND+WJXkmmfh/swYzRyfP1EY3fpdesyYoymCzYfg==}

  '@vue/runtime-dom@3.5.30':
    resolution: {integrity: sha512-2UIGakjU4WSQ0T4iwDEW0W7vQj6n7AFn7taqZ9Cvm0Q/RA2FFOziLESrDL4GmtI1wV3jXg5nMoJSYO66egDUBw==}

  '@vue/server-renderer@3.5.30':
    resolution: {integrity: sha512-v+R34icapydRwbZRD0sXwtHqrQJv38JuMB4JxbOxd8NEpGLny7cncMp53W9UH/zo4j8eDHjQ1dEJXwzFQknjtQ==}
    peerDependencies:
      vue: 3.5.30

  '@vue/shared@3.5.30':
    resolution: {integrity: sha512-YXgQ7JjaO18NeK2K9VTbDHaFy62WrObMa6XERNfNOkAhD1F1oDSf3ZJ7K6GqabZ0BvSDHajp8qfS5Sa2I9n8uQ==}

  acorn@8.16.0:
    resolution: {integrity: sha512-UVJyE9MttOsBQIDKw1skb9nAwQuR5wuGD3+82K6JgJlm/Y+KI92oNsMNGZCYdDsVtRHSak0pcV5Dno5+4jh9sw==}
    engines: {node: '>=0.4.0'}
    hasBin: true

  ai@3.4.33:
    resolution: {integrity: sha512-plBlrVZKwPoRTmM8+D1sJac9Bq8eaa2jiZlHLZIWekKWI1yMWYZvCCEezY9ASPwRhULYDJB2VhKOBUUeg3S5JQ==}
    engines: {node: '>=18'}
    peerDependencies:
      openai: ^4.42.0
      react: ^18 || ^19 || ^19.0.0-rc
      sswr: ^2.1.0
      svelte: ^3.0.0 || ^4.0.0 || ^5.0.0
      zod: ^3.0.0
    peerDependenciesMeta:
      openai:
        optional: true
      react:
        optional: true
      sswr:
        optional: true
      svelte:
        optional: true
      zod:
        optional: true

  ai@4.3.19:
    resolution: {integrity: sha512-dIE2bfNpqHN3r6IINp9znguYdhIOheKW2LDigAMrgt/upT3B8eBGPSCblENvaZGoq+hxaN9fSMzjWpbqloP+7Q==}
    engines: {node: '>=18'}
    peerDependencies:
      react: ^18 || ^19 || ^19.0.0-rc
      zod: ^3.23.8
    peerDependenciesMeta:
      react:
        optional: true

  ai@5.0.82:
    resolution: {integrity: sha512-wmZZfsU40qB77umrcj3YzMSk6cUP5gxLXZDPfiSQLBLegTVXPUdSJC603tR7JB5JkhBDzN5VLaliuRKQGKpUXg==}
    engines: {node: '>=18'}
    peerDependencies:
      zod: ^3.25.76 || ^4.1.8

  ai@6.0.1:
    resolution: {integrity: sha512-g/jPakC6h4vUJKDww0d6+VaJmfMC38UqH3kKsngiP+coT0uvCUdQ7lpFDJ0mNmamaOyRMaY2zwEB2RnTAaJU/w==}
    engines: {node: '>=18'}
    peerDependencies:
      zod: ^3.25.76 || ^4.1.8

  aria-query@5.3.1:
    resolution: {integrity: sha512-Z/ZeOgVl7bcSYZ/u/rh0fOpvEpq//LZmdbkXyc7syVzjPAhfOa9ebsdTSjEBDU4vs5nC98Kfduj1uFo0qyET3g==}
    engines: {node: '>= 0.4'}

  axobject-query@4.1.0:
    resolution: {integrity: sha512-qIj0G9wZbMGNLjLmg1PT6v2mE9AH2zlnADJD/2tC6E00hgmhUOfEB6greHPAfLRSufHqROIUTkw6E+M3lH0PTQ==}
    engines: {node: '>= 0.4'}

  chalk@5.6.2:
    resolution: {integrity: sha512-7NzBL0rN6fMUW+f7A6Io4h40qQlG+xGmtMxfbnH/K7TAtt8JQWVQK+6g0UXKMeVJoyV5EkkNsErQ8pVD3bLHbA==}
    engines: {node: ^12.17.0 || ^14.13 || >=16.0.0}

  clsx@2.1.1:
    resolution: {integrity: sha512-eYm0QWBtUrBWZWG0d386OGAw16Z995PiOVo2B7bjWSbHedGl5e0ZWaq65kOGgUSNesEIDkB9ISbTg/JK9dhCZA==}
    engines: {node: '>=6'}

  csstype@3.2.3:
    resolution: {integrity: sha512-z1HGKcYy2xA8AGQfwrn0PAy+PB7X/GSj3UVJW9qKyn43xWa+gl5nXmU4qqLMRzWVLFC8KusUX8T/0kCiOYpAIQ==}

  dequal@2.0.3:
    resolution: {integrity: sha512-0je+qPKHEMohvfRTCEo3CrPG6cAzAYgmzKyxRiYSSDkS6eGJdyVJm7WaYA5ECaAD9wLB2T4EEeymA5aFVcYXCA==}
    engines: {node: '>=6'}

  devalue@5.6.4:
    resolution: {integrity: sha512-Gp6rDldRsFh/7XuouDbxMH3Mx8GMCcgzIb1pDTvNyn8pZGQ22u+Wa+lGV9dQCltFQ7uVw0MhRyb8XDskNFOReA==}

  diff-match-patch@1.0.5:
    resolution: {integrity: sha512-IayShXAgj/QMXgB0IWmKx+rOPuGMhqm5w6jvFxmVenXKIzRqTAAsbBPT3kWQeGANj3jGgvcvv4yK6SxqYmikgw==}

  entities@7.0.1:
    resolution: {integrity: sha512-TWrgLOFUQTH994YUyl1yT4uyavY5nNB5muff+RtWaqNVCAK408b5ZnnbNAUEWLTCpum9w6arT70i1XdQ4UeOPA==}
    engines: {node: '>=0.12'}

  esm-env@1.2.2:
    resolution: {integrity: sha512-Epxrv+Nr/CaL4ZcFGPJIYLWFom+YeV1DqMLHJoEd9SYRxNbaFruBwfEX/kkHUJf55j2+TUbmDcmuilbP1TmXHA==}

  esrap@2.2.4:
    resolution: {integrity: sha512-suICpxAmZ9A8bzJjEl/+rLJiDKC0X4gYWUxT6URAWBLvlXmtbZd5ySMu/N2ZGEtMCAmflUDPSehrP9BQcsGcSg==}

  estree-walker@2.0.2:
    resolution: {integrity: sha512-Rfkk/Mp/DL7JVje3u18FxFujQlTNR2q6QfMSMB7AvCBx91NGj/ba3kCfza0f6dVDbw7YlRf/nDrn7pQrCCyQ/w==}

  eventsource-parser@1.1.2:
    resolution: {integrity: sha512-v0eOBUbiaFojBu2s2NPBfYUoRR9GjcDNvCXVaqEf5vVfpIAh9f8RCo4vXTP8c63QRKCFwoLpMpTdPwwhEKVgzA==}
    engines: {node: '>=14.18'}

  eventsource-parser@3.0.6:
    resolution: {integrity: sha512-Vo1ab+QXPzZ4tCa8SwIHJFaSzy4R6SHf7BY79rFBDf0idraZWAkYrDjDj8uWaSm3S2TK+hJ7/t1CEmZ7jXw+pg==}
    engines: {node: '>=18.0.0'}

  is-reference@3.0.3:
    resolution: {integrity: sha512-ixkJoqQvAP88E6wLydLGGqCJsrFUnqoH6HnaczB8XmDH1oaWU+xxdptvikTgaEhtZ53Ky6YXiBuUI2WXLMCwjw==}

  json-schema@0.4.0:
    resolution: {integrity: sha512-es94M3nTIfsEPisRafak+HDLfHXnKBhV3vU5eqPcS3flIWqcxJWgXHXiey3YrpaNsanY5ei1VoYEbOzijuq9BA==}

  jsondiffpatch@0.6.0:
    resolution: {integrity: sha512-3QItJOXp2AP1uv7waBkao5nCvhEv+QmJAd38Ybq7wNI74Q+BBmnLn4EDKz6yI9xGAIQoUF87qHt+kc1IVxB4zQ==}
    engines: {node: ^18.0.0 || >=20.0.0}
    hasBin: true

  locate-character@3.0.0:
    resolution: {integrity: sha512-SW13ws7BjaeJ6p7Q6CO2nchbYEc3X3J6WrmTTDto7yMPqVSZTUyY5Tjbid+Ab8gLnATtygYtiDIJGQRRn2ZOiA==}

  magic-string@0.30.21:
    resolution: {integrity: sha512-vd2F4YUyEXKGcLHoq+TEyCjxueSeHnFxyyjNp80yg0XV4vUhnDer/lvvlqM/arB5bXQN5K2/3oinyCRyx8T2CQ==}

  nanoid@3.3.11:
    resolution: {integrity: sha512-N8SpfPUnUp1bK+PMYW8qSWdl9U+wwNWI4QKxOYDy9JAro3WMX7p2OeVRF9v+347pnakNevPmiHhNmZ2HbFA76w==}
    engines: {node: ^10 || ^12 || ^13.7 || ^14 || >=15.0.1}
    hasBin: true

  picocolors@1.1.1:
    resolution: {integrity: sha512-xceH2snhtb5M9liqDsmEw56le376mTZkEX/jEb/RxNFyegNul7eNslCXP9FDj/Lcu0X8KEyMceP2ntpaHrDEVA==}

  postcss@8.5.8:
    resolution: {integrity: sha512-OW/rX8O/jXnm82Ey1k44pObPtdblfiuWnrd8X7GJ7emImCOstunGbXUpp7HdBrFQX6rJzn3sPT397Wp5aCwCHg==}
    engines: {node: ^10 || ^12 || >=14}

  react@19.2.4:
    resolution: {integrity: sha512-9nfp2hYpCwOjAN+8TZFGhtWEwgvWHXqESH8qT89AT/lWklpLON22Lc8pEtnpsZz7VmawabSU0gCjnj8aC0euHQ==}
    engines: {node: '>=0.10.0'}

  secure-json-parse@2.7.0:
    resolution: {integrity: sha512-6aU+Rwsezw7VR8/nyvKTx8QpWH9FrcYiXXlqC4z5d5XQBDRqtbfsRjnwGyqbi3gddNtWHuEk9OANUotL26qKUw==}

  source-map-js@1.2.1:
    resolution: {integrity: sha512-UXWMKhLOwVKb728IUtQPXxfYU+usdybtUrK/8uGE8CQMvrhOpwvzDBwj0QhSL7MQc7vIsISBG8VQ8+IDQxpfQA==}
    engines: {node: '>=0.10.0'}

  sswr@2.2.0:
    resolution: {integrity: sha512-clTszLPZkmycALTHD1mXGU+mOtA/MIoLgS1KGTTzFNVm9rytQVykgRaP+z1zl572cz0bTqj4rFVoC2N+IGK4Sg==}
    peerDependencies:
      svelte: ^4.0.0 || ^5.0.0

  svelte@5.54.0:
    resolution: {integrity: sha512-TTDxwYnHkova6Wsyj1PGt9TByuWqvMoeY1bQiuAf2DM/JeDSMw7FjRKzk8K/5mJ99vGOKhbCqTDpyAKwjp4igg==}
    engines: {node: '>=18'}

  swr@2.4.1:
    resolution: {integrity: sha512-2CC6CiKQtEwaEeNiqWTAw9PGykW8SR5zZX8MZk6TeAvEAnVS7Visz8WzphqgtQ8v2xz/4Q5K+j+SeMaKXeeQIA==}
    peerDependencies:
      react: ^16.11.0 || ^17.0.0 || ^18.0.0 || ^19.0.0

  swrev@4.0.0:
    resolution: {integrity: sha512-LqVcOHSB4cPGgitD1riJ1Hh4vdmITOp+BkmfmXRh4hSF/t7EnS4iD+SOTmq7w5pPm/SiPeto4ADbKS6dHUDWFA==}

  swrv@1.1.0:
    resolution: {integrity: sha512-pjllRDr2s0iTwiE5Isvip51dZGR7GjLH1gCSVyE8bQnbAx6xackXsFdojau+1O5u98yHF5V73HQGOFxKUXO9gQ==}
    peerDependencies:
      vue: '>=3.2.26 < 4'

  throttleit@2.1.0:
    resolution: {integrity: sha512-nt6AMGKW1p/70DF/hGBdJB57B8Tspmbp5gfJ8ilhLnt7kkr2ye7hzD6NVG8GGErk2HWF34igrL2CXmNIkzKqKw==}
    engines: {node: '>=18'}

  use-sync-external-store@1.6.0:
    resolution: {integrity: sha512-Pp6GSwGP/NrPIrxVFAIkOQeyw8lFenOHijQWkUTrDvrF4ALqylP2C/KCkeS9dpUM3KvYRQhna5vt7IL95+ZQ9w==}
    peerDependencies:
      react: ^16.8.0 || ^17.0.0 || ^18.0.0 || ^19.0.0

  vue@3.5.30:
    resolution: {integrity: sha512-hTHLc6VNZyzzEH/l7PFGjpcTvUgiaPK5mdLkbjrTeWSRcEfxFrv56g/XckIYlE9ckuobsdwqd5mk2g1sBkMewg==}
    peerDependencies:
      typescript: '*'
    peerDependenciesMeta:
      typescript:
        optional: true

  zimmerframe@1.1.4:
    resolution: {integrity: sha512-B58NGBEoc8Y9MWWCQGl/gq9xBCe4IiKM0a2x7GZdQKOW5Exr8S1W24J6OgM1njK8xCRGvAJIL/MxXHf6SkmQKQ==}

  zod-to-json-schema@3.25.1:
    resolution: {integrity: sha512-pM/SU9d3YAggzi6MtR4h7ruuQlqKtad8e9S0fmxcMi+ueAK5Korys/aWcV9LIIHTVbj01NdzxcnXSN+O74ZIVA==}
    peerDependencies:
      zod: ^3.25 || ^4

  zod@3.25.76:
    resolution: {integrity: sha512-gzUt/qt81nXsFGKIFcC3YnfEAx5NkunCfnDlvuBSSFS02bcXu4Lmea0AFIUwbLWxWPx3d9p8S5QoaujKcNQxcQ==}

snapshots:

  '@ai-sdk/gateway@2.0.3(zod@3.25.76)':
    dependencies:
      '@ai-sdk/provider': 2.0.0
      '@ai-sdk/provider-utils': 3.0.14(zod@3.25.76)
      '@vercel/oidc': 3.0.3
      zod: 3.25.76

  '@ai-sdk/gateway@3.0.0(zod@3.25.76)':
    dependencies:
      '@ai-sdk/provider': 3.0.0
      '@ai-sdk/provider-utils': 4.0.0(zod@3.25.76)
      '@vercel/oidc': 3.0.5
      zod: 3.25.76

  '@ai-sdk/openai@1.3.24(zod@3.25.76)':
    dependencies:
      '@ai-sdk/provider': 1.1.3
      '@ai-sdk/provider-utils': 2.2.8(zod@3.25.76)
      zod: 3.25.76

  '@ai-sdk/openai@2.0.57(zod@3.25.76)':
    dependencies:
      '@ai-sdk/provider': 2.0.0
      '@ai-sdk/provider-utils': 3.0.14(zod@3.25.76)
      zod: 3.25.76

  '@ai-sdk/openai@3.0.7(zod@3.25.76)':
    dependencies:
      '@ai-sdk/provider': 3.0.2
      '@ai-sdk/provider-utils': 4.0.4(zod@3.25.76)
      zod: 3.25.76

  '@ai-sdk/provider-utils@1.0.22(zod@3.25.76)':
    dependencies:
      '@ai-sdk/provider': 0.0.26
      eventsource-parser: 1.1.2
      nanoid: 3.3.11
      secure-json-parse: 2.7.0
    optionalDependencies:
      zod: 3.25.76

  '@ai-sdk/provider-utils@2.2.8(zod@3.25.76)':
    dependencies:
      '@ai-sdk/provider': 1.1.3
      nanoid: 3.3.11
      secure-json-parse: 2.7.0
      zod: 3.25.76

  '@ai-sdk/provider-utils@3.0.14(zod@3.25.76)':
    dependencies:
      '@ai-sdk/provider': 2.0.0
      '@standard-schema/spec': 1.1.0
      eventsource-parser: 3.0.6
      zod: 3.25.76

  '@ai-sdk/provider-utils@4.0.0(zod@3.25.76)':
    dependencies:
      '@ai-sdk/provider': 3.0.0
      '@standard-schema/spec': 1.1.0
      eventsource-parser: 3.0.6
      zod: 3.25.76

  '@ai-sdk/provider-utils@4.0.4(zod@3.25.76)':
    dependencies:
      '@ai-sdk/provider': 3.0.2
      '@standard-schema/spec': 1.1.0
      eventsource-parser: 3.0.6
      zod: 3.25.76

  '@ai-sdk/provider@0.0.26':
    dependencies:
      json-schema: 0.4.0

  '@ai-sdk/provider@1.1.3':
    dependencies:
      json-schema: 0.4.0

  '@ai-sdk/provider@2.0.0':
    dependencies:
      json-schema: 0.4.0

  '@ai-sdk/provider@3.0.0':
    dependencies:
      json-schema: 0.4.0

  '@ai-sdk/provider@3.0.2':
    dependencies:
      json-schema: 0.4.0

  '@ai-sdk/react@0.0.70(react@19.2.4)(zod@3.25.76)':
    dependencies:
      '@ai-sdk/provider-utils': 1.0.22(zod@3.25.76)
      '@ai-sdk/ui-utils': 0.0.50(zod@3.25.76)
      swr: 2.4.1(react@19.2.4)
      throttleit: 2.1.0
    optionalDependencies:
      react: 19.2.4
      zod: 3.25.76

  '@ai-sdk/react@1.2.12(react@19.2.4)(zod@3.25.76)':
    dependencies:
      '@ai-sdk/provider-utils': 2.2.8(zod@3.25.76)
      '@ai-sdk/ui-utils': 1.2.11(zod@3.25.76)
      react: 19.2.4
      swr: 2.4.1(react@19.2.4)
      throttleit: 2.1.0
    optionalDependencies:
      zod: 3.25.76

  '@ai-sdk/solid@0.0.54(zod@3.25.76)':
    dependencies:
      '@ai-sdk/provider-utils': 1.0.22(zod@3.25.76)
      '@ai-sdk/ui-utils': 0.0.50(zod@3.25.76)
    transitivePeerDependencies:
      - zod

  '@ai-sdk/svelte@0.0.57(svelte@5.54.0)(zod@3.25.76)':
    dependencies:
      '@ai-sdk/provider-utils': 1.0.22(zod@3.25.76)
      '@ai-sdk/ui-utils': 0.0.50(zod@3.25.76)
      sswr: 2.2.0(svelte@5.54.0)
    optionalDependencies:
      svelte: 5.54.0
    transitivePeerDependencies:
      - zod

  '@ai-sdk/ui-utils@0.0.50(zod@3.25.76)':
    dependencies:
      '@ai-sdk/provider': 0.0.26
      '@ai-sdk/provider-utils': 1.0.22(zod@3.25.76)
      json-schema: 0.4.0
      secure-json-parse: 2.7.0
      zod-to-json-schema: 3.25.1(zod@3.25.76)
    optionalDependencies:
      zod: 3.25.76

  '@ai-sdk/ui-utils@1.2.11(zod@3.25.76)':
    dependencies:
      '@ai-sdk/provider': 1.1.3
      '@ai-sdk/provider-utils': 2.2.8(zod@3.25.76)
      zod: 3.25.76
      zod-to-json-schema: 3.25.1(zod@3.25.76)

  '@ai-sdk/vue@0.0.59(vue@3.5.30)(zod@3.25.76)':
    dependencies:
      '@ai-sdk/provider-utils': 1.0.22(zod@3.25.76)
      '@ai-sdk/ui-utils': 0.0.50(zod@3.25.76)
      swrv: 1.1.0(vue@3.5.30)
    optionalDependencies:
      vue: 3.5.30
    transitivePeerDependencies:
      - zod

  '@babel/helper-string-parser@7.27.1': {}

  '@babel/helper-validator-identifier@7.28.5': {}

  '@babel/parser@7.29.2':
    dependencies:
      '@babel/types': 7.29.0

  '@babel/types@7.29.0':
    dependencies:
      '@babel/helper-string-parser': 7.27.1
      '@babel/helper-validator-identifier': 7.28.5

  '@jridgewell/gen-mapping@0.3.13':
    dependencies:
      '@jridgewell/sourcemap-codec': 1.5.5
      '@jridgewell/trace-mapping': 0.3.31

  '@jridgewell/remapping@2.3.5':
    dependencies:
      '@jridgewell/gen-mapping': 0.3.13
      '@jridgewell/trace-mapping': 0.3.31

  '@jridgewell/resolve-uri@3.1.2': {}

  '@jridgewell/sourcemap-codec@1.5.5': {}

  '@jridgewell/trace-mapping@0.3.31':
    dependencies:
      '@jridgewell/resolve-uri': 3.1.2
      '@jridgewell/sourcemap-codec': 1.5.5

  '@opentelemetry/api@1.9.0': {}

  '@standard-schema/spec@1.1.0': {}

  '@sveltejs/acorn-typescript@1.0.9(acorn@8.16.0)':
    dependencies:
      acorn: 8.16.0

  '@types/diff-match-patch@1.0.36': {}

  '@types/estree@1.0.8': {}

  '@types/trusted-types@2.0.7': {}

  '@typescript-eslint/types@8.57.1': {}

  '@vercel/oidc@3.0.3': {}

  '@vercel/oidc@3.0.5': {}

  '@vue/compiler-core@3.5.30':
    dependencies:
      '@babel/parser': 7.29.2
      '@vue/shared': 3.5.30
      entities: 7.0.1
      estree-walker: 2.0.2
      source-map-js: 1.2.1

  '@vue/compiler-dom@3.5.30':
    dependencies:
      '@vue/compiler-core': 3.5.30
      '@vue/shared': 3.5.30

  '@vue/compiler-sfc@3.5.30':
    dependencies:
      '@babel/parser': 7.29.2
      '@vue/compiler-core': 3.5.30
      '@vue/compiler-dom': 3.5.30
      '@vue/compiler-ssr': 3.5.30
      '@vue/shared': 3.5.30
      estree-walker: 2.0.2
      magic-string: 0.30.21
      postcss: 8.5.8
      source-map-js: 1.2.1

  '@vue/compiler-ssr@3.5.30':
    dependencies:
      '@vue/compiler-dom': 3.5.30
      '@vue/shared': 3.5.30

  '@vue/reactivity@3.5.30':
    dependencies:
      '@vue/shared': 3.5.30

  '@vue/runtime-core@3.5.30':
    dependencies:
      '@vue/reactivity': 3.5.30
      '@vue/shared': 3.5.30

  '@vue/runtime-dom@3.5.30':
    dependencies:
      '@vue/reactivity': 3.5.30
      '@vue/runtime-core': 3.5.30
      '@vue/shared': 3.5.30
      csstype: 3.2.3

  '@vue/server-renderer@3.5.30(vue@3.5.30)':
    dependencies:
      '@vue/compiler-ssr': 3.5.30
      '@vue/shared': 3.5.30
      vue: 3.5.30

  '@vue/shared@3.5.30': {}

  acorn@8.16.0: {}

  ai@3.4.33(react@19.2.4)(sswr@2.2.0(svelte@5.54.0))(svelte@5.54.0)(vue@3.5.30)(zod@3.25.76):
    dependencies:
      '@ai-sdk/provider': 0.0.26
      '@ai-sdk/provider-utils': 1.0.22(zod@3.25.76)
      '@ai-sdk/react': 0.0.70(react@19.2.4)(zod@3.25.76)
      '@ai-sdk/solid': 0.0.54(zod@3.25.76)
      '@ai-sdk/svelte': 0.0.57(svelte@5.54.0)(zod@3.25.76)
      '@ai-sdk/ui-utils': 0.0.50(zod@3.25.76)
      '@ai-sdk/vue': 0.0.59(vue@3.5.30)(zod@3.25.76)
      '@opentelemetry/api': 1.9.0
      eventsource-parser: 1.1.2
      json-schema: 0.4.0
      jsondiffpatch: 0.6.0
      secure-json-parse: 2.7.0
      zod-to-json-schema: 3.25.1(zod@3.25.76)
    optionalDependencies:
      react: 19.2.4
      sswr: 2.2.0(svelte@5.54.0)
      svelte: 5.54.0
      zod: 3.25.76
    transitivePeerDependencies:
      - solid-js
      - vue

  ai@4.3.19(react@19.2.4)(zod@3.25.76):
    dependencies:
      '@ai-sdk/provider': 1.1.3
      '@ai-sdk/provider-utils': 2.2.8(zod@3.25.76)
      '@ai-sdk/react': 1.2.12(react@19.2.4)(zod@3.25.76)
      '@ai-sdk/ui-utils': 1.2.11(zod@3.25.76)
      '@opentelemetry/api': 1.9.0
      jsondiffpatch: 0.6.0
      zod: 3.25.76
    optionalDependencies:
      react: 19.2.4

  ai@5.0.82(zod@3.25.76):
    dependencies:
      '@ai-sdk/gateway': 2.0.3(zod@3.25.76)
      '@ai-sdk/provider': 2.0.0
      '@ai-sdk/provider-utils': 3.0.14(zod@3.25.76)
      '@opentelemetry/api': 1.9.0
      zod: 3.25.76

  ai@6.0.1(zod@3.25.76):
    dependencies:
      '@ai-sdk/gateway': 3.0.0(zod@3.25.76)
      '@ai-sdk/provider': 3.0.0
      '@ai-sdk/provider-utils': 4.0.0(zod@3.25.76)
      '@opentelemetry/api': 1.9.0
      zod: 3.25.76

  aria-query@5.3.1: {}

  axobject-query@4.1.0: {}

  chalk@5.6.2: {}

  clsx@2.1.1: {}

  csstype@3.2.3: {}

  dequal@2.0.3: {}

  devalue@5.6.4: {}

  diff-match-patch@1.0.5: {}

  entities@7.0.1: {}

  esm-env@1.2.2: {}

  esrap@2.2.4:
    dependencies:
      '@jridgewell/sourcemap-codec': 1.5.5
      '@typescript-eslint/types': 8.57.1

  estree-walker@2.0.2: {}

  eventsource-parser@1.1.2: {}

  eventsource-parser@3.0.6: {}

  is-reference@3.0.3:
    dependencies:
      '@types/estree': 1.0.8

  json-schema@0.4.0: {}

  jsondiffpatch@0.6.0:
    dependencies:
      '@types/diff-match-patch': 1.0.36
      chalk: 5.6.2
      diff-match-patch: 1.0.5

  locate-character@3.0.0: {}

  magic-string@0.30.21:
    dependencies:
      '@jridgewell/sourcemap-codec': 1.5.5

  nanoid@3.3.11: {}

  picocolors@1.1.1: {}

  postcss@8.5.8:
    dependencies:
      nanoid: 3.3.11
      picocolors: 1.1.1
      source-map-js: 1.2.1

  react@19.2.4: {}

  secure-json-parse@2.7.0: {}

  source-map-js@1.2.1: {}

  sswr@2.2.0(svelte@5.54.0):
    dependencies:
      svelte: 5.54.0
      swrev: 4.0.0

  svelte@5.54.0:
    dependencies:
      '@jridgewell/remapping': 2.3.5
      '@jridgewell/sourcemap-codec': 1.5.5
      '@sveltejs/acorn-typescript': 1.0.9(acorn@8.16.0)
      '@types/estree': 1.0.8
      '@types/trusted-types': 2.0.7
      acorn: 8.16.0
      aria-query: 5.3.1
      axobject-query: 4.1.0
      clsx: 2.1.1
      devalue: 5.6.4
      esm-env: 1.2.2
      esrap: 2.2.4
      is-reference: 3.0.3
      locate-character: 3.0.0
      magic-string: 0.30.21
      zimmerframe: 1.1.4

  swr@2.4.1(react@19.2.4):
    dependencies:
      dequal: 2.0.3
      react: 19.2.4
      use-sync-external-store: 1.6.0(react@19.2.4)

  swrev@4.0.0: {}

  swrv@1.1.0(vue@3.5.30):
    dependencies:
      vue: 3.5.30

  throttleit@2.1.0: {}

  use-sync-external-store@1.6.0(react@19.2.4):
    dependencies:
      react: 19.2.4

  vue@3.5.30:
    dependencies:
      '@vue/compiler-dom': 3.5.30
      '@vue/compiler-sfc': 3.5.30
      '@vue/runtime-dom': 3.5.30
      '@vue/server-renderer': 3.5.30(vue@3.5.30)
      '@vue/shared': 3.5.30

  zimmerframe@1.1.4: {}

  zod-to-json-schema@3.25.1(zod@3.25.76):
    dependencies:
      zod: 3.25.76

  zod@3.25.76: {}
