{
  "version": "5",
  "specifiers": {
    "jsr:@std/assert@^1.0.14": "1.0.15",
    "jsr:@std/internal@^1.0.12": "1.0.12",
    "npm:@vercel/functions@^3.3.0": "3.3.4",
    "npm:eventsource-parser@^3.0.6": "3.0.6",
    "npm:mustache@^4.2.0": "4.2.0",
    "npm:uuid@13": "13.0.0",
    "npm:zod-to-json-schema@^3.25.0": "3.25.0_zod@3.25.76",
    "npm:zod@^3.24.1": "3.25.76",
    "npm:zod@^4.1.12": "4.2.1"
  },
  "jsr": {
    "@std/assert@1.0.15": {
      "integrity": "d64018e951dbdfab9777335ecdb000c0b4e3df036984083be219ce5941e4703b",
      "dependencies": [
        "jsr:@std/internal"
      ]
    },
    "@std/internal@1.0.12": {
      "integrity": "972a634fd5bc34b242024402972cd5143eac68d8dffaca5eaa4dba30ce17b027"
    }
  },
  "npm": {
    "@vercel/functions@3.3.4": {
      "integrity": "sha512-IoP8Xfr1QeCm+Dv5od3bfPiw/VgLKsA7IBd/88M/Wr421HdbH4b6bW5z8CTxiz1QRpalrPFZcLdMdxu+2hAjZg==",
      "dependencies": [
        "@vercel/oidc"
      ]
    },
    "@vercel/oidc@3.0.5": {
      "integrity": "sha512-fnYhv671l+eTTp48gB4zEsTW/YtRgRPnkI2nT7x6qw5rkI1Lq2hTmQIpHPgyThI0znLK+vX2n9XxKdXZ7BUbbw=="
    },
    "eventsource-parser@3.0.6": {
      "integrity": "sha512-Vo1ab+QXPzZ4tCa8SwIHJFaSzy4R6SHf7BY79rFBDf0idraZWAkYrDjDj8uWaSm3S2TK+hJ7/t1CEmZ7jXw+pg=="
    },
    "mustache@4.2.0": {
      "integrity": "sha512-71ippSywq5Yb7/tVYyGbkBggbU8H3u5Rz56fH60jGFgr8uHwxs+aSKeqmluIVzM0m0kB7xQjKS6qPfd0b2ZoqQ==",
      "bin": true
    },
    "uuid@13.0.0": {
      "integrity": "sha512-XQegIaBTVUjSHliKqcnFqYypAd4S+WCYt5NIeRs6w/UAry7z8Y9j5ZwRRL4kzq9U3sD6v+85er9FvkEaBpji2w==",
      "bin": true
    },
    "zod-to-json-schema@3.25.0_zod@3.25.76": {
      "integrity": "sha512-HvWtU2UG41LALjajJrML6uQejQhNJx+JBO9IflpSja4R03iNWfKXrj6W2h7ljuLyc1nKS+9yDyL/9tD1U/yBnQ==",
      "dependencies": [
        "zod@3.25.76"
      ]
    },
    "zod@3.25.76": {
      "integrity": "sha512-gzUt/qt81nXsFGKIFcC3YnfEAx5NkunCfnDlvuBSSFS02bcXu4Lmea0AFIUwbLWxWPx3d9p8S5QoaujKcNQxcQ=="
    },
    "zod@4.2.1": {
      "integrity": "sha512-0wZ1IRqGGhMP76gLqz8EyfBXKk0J2qo2+H3fi4mcUP/KtTocoX08nmIAHl1Z2kJIZbZee8KOpBCSNPRgauucjw=="
    }
  }
}
