lockfileVersion: '9.0'

settings:
  autoInstallPeers: true
  excludeLinksFromLockfile: false

importers:

  .:
    dependencies:
      '@anthropic-ai/sdk':
        specifier: 0.60.0
        version: 0.60.0

packages:

  '@anthropic-ai/sdk@0.60.0':
    resolution: {integrity: sha512-9zu/TXaUy8BZhXedDtt1wT3H4LOlpKDO1/ftiFpeR3N1PCr3KJFKkxxlQWWt1NNp08xSwUNJ3JNY8yhl8av6eQ==}
    hasBin: true

snapshots:

  '@anthropic-ai/sdk@0.60.0': {}
