lockfileVersion: '9.0'

settings:
  autoInstallPeers: true
  excludeLinksFromLockfile: false

importers:

  .:
    dependencies:
      '@smithy/node-http-handler':
        specifier: 4.8.1
        version: 4.8.1
      bedrock-runtime-sdk-v3:
        specifier: npm:@aws-sdk/client-bedrock-runtime@3.1048.0
        version: '@aws-sdk/client-bedrock-runtime@3.1048.0'
      bedrock-runtime-sdk-v3-latest:
        specifier: npm:@aws-sdk/client-bedrock-runtime@3.1115.0
        version: '@aws-sdk/client-bedrock-runtime@3.1115.0'

packages:

  '@aws-crypto/crc32@5.2.0':
    resolution: {integrity: sha512-nLbCWqQNgUiwwtFsen1AdzAtvuLRsQS8rYgMuxCrdKf9kOssamGLuPwyTY9wyYblNr9+1XM8v6zoDTPPSIeANg==}
    engines: {node: '>=16.0.0'}

  '@aws-crypto/sha256-browser@5.2.0':
    resolution: {integrity: sha512-AXfN/lGotSQwu6HNcEsIASo7kWXZ5HYWvfOmSNKDsEqC4OashTp8alTmaz+F7TC2L083SFv5RdB+qU3Vs1kZqw==}

  '@aws-crypto/sha256-js@5.2.0':
    resolution: {integrity: sha512-FFQQyu7edu4ufvIZ+OadFpHHOt+eSTBaYaki44c+akjg7qZg9oOQeLlk77F6tSYqjDAFClrHJk9tMf0HdVyOvA==}
    engines: {node: '>=16.0.0'}

  '@aws-crypto/supports-web-crypto@5.2.0':
    resolution: {integrity: sha512-iAvUotm021kM33eCdNfwIN//F77/IADDSs58i+MDaOqFrVjZo9bAal0NK7HurRuWLLpF1iLX7gbWrjHjeo+YFg==}

  '@aws-crypto/util@5.2.0':
    resolution: {integrity: sha512-4RkU9EsI6ZpBve5fseQlGNUWKMa1RLPQ1dnjnQoe07ldfIzcsGb5hC5W0Dm7u423KWzawlrpbjXBrXCEv9zazQ==}

  '@aws-sdk/client-bedrock-runtime@3.1048.0':
    resolution: {integrity: sha512-u+NT61JZEkRFtpL0CAw1N1dwxnaLgwVXQl/zjJxTGgLyS/jTIdg2SdoEoCTHxgDyCnqa1HEi9QOoE9/pYRNpOQ==}
    engines: {node: '>=20.0.0'}

  '@aws-sdk/client-bedrock-runtime@3.1115.0':
    resolution: {integrity: sha512-nenJKAe6OB0R13xaHpogadyqJ6rogFZk++ahWNdlJDf5sM4a6KFsXU5Zh3l3ox2Y+8YZp4l4msz+IYWFiQ7Bzg==}
    engines: {node: '>=20.0.0'}

  '@aws-sdk/core@3.974.22':
    resolution: {integrity: sha512-YofH63shc6YRdXjz80BJkpJW+Bkn0Cuu2dn4Rv7s9G2Idt58tgtzQEWxrR2xVljlVfIBeUjPuULnSVYLke3sUQ==}
    engines: {node: '>=20.0.0'}

  '@aws-sdk/core@3.977.7':
    resolution: {integrity: sha512-I88Iov89NVmjSmJLKSv7Cn9M2J+a2942OkA8nZCbz+sl4ZeY4zEOcoLOrbt1GRfQ8zEQKnjAJdXixA3J/p1fDQ==}
    engines: {node: '>=20.0.0'}

  '@aws-sdk/core@3.977.9':
    resolution: {integrity: sha512-reqPFEQrZxDZpeGj4PFMepBeR5LGYHRqq/L0motTzgFkCRBA4rFdaVXDSLYyGHhxVz7sT2PDnPN9CluGSfgyJA==}
    engines: {node: '>=20.0.0'}

  '@aws-sdk/credential-provider-env@3.972.48':
    resolution: {integrity: sha512-h6FEC95fbexUd6zxm4PdgS82bTcI2PRtUb2ZwMipb/Xr8bPwtf0G8rBo2jp7NA24Mbx2JA8/WingiYpA9RCCyw==}
    engines: {node: '>=20.0.0'}

  '@aws-sdk/credential-provider-env@3.972.68':
    resolution: {integrity: sha512-2a20A/IdNOwUvaDq91iqqS7BA0XlNMfW3iLGZGZLJv0EbUqhSxB0PIx4rQQqssvWj1uXImb3/UCCdHz/+1dOiA==}
    engines: {node: '>=20.0.0'}

  '@aws-sdk/credential-provider-env@3.972.70':
    resolution: {integrity: sha512-H404B7dJl2mCrBqahDEYsanB0xhdDp6tXnXcTUnXmmpy2Q3J0Ho0bUajZ2jr/RdwzCyS59Gi8xXIFwPLGBl6Uw==}
    engines: {node: '>=20.0.0'}

  '@aws-sdk/credential-provider-http@3.972.50':
    resolution: {integrity: sha512-lJO3OLpjvz5m/RSBQmsG/CEUGsvCy5ruxKwPQaOCqxqCMuyYT2BZwQUTDZVVwqQ9LrZKuK24JSa6r31hL/tvkg==}
    engines: {node: '>=20.0.0'}

  '@aws-sdk/credential-provider-http@3.972.70':
    resolution: {integrity: sha512-0yRem2Fs52r/Nn6UAqIlpjexfaYj8ziEozOe9tamtAVT/5bzFLKx8O2r7MaRqgS3hGKHIa1Jij9nKHSsNnb04A==}
    engines: {node: '>=20.0.0'}

  '@aws-sdk/credential-provider-http@3.972.72':
    resolution: {integrity: sha512-X98zYOrVOeuosCX+6ktf29FC2N2GHPLia7qv6mzPzTc+RPAuHWCDS++Z6JK7eGYqb/v6uaW7bAXaOvDBfol+0w==}
    engines: {node: '>=20.0.0'}

  '@aws-sdk/credential-provider-ini@3.972.55':
    resolution: {integrity: sha512-TBoF4buBGYhXjdZAryayY2TrkQj2B2KfE/msG4V53XCt+w0EhEwM2JRjx8p2grJ2C6gtH5++SAwEvGMRdi0yyw==}
    engines: {node: '>=20.0.0'}

  '@aws-sdk/credential-provider-ini@3.973.15':
    resolution: {integrity: sha512-Rykg6s5ceBuynMOGWgoowO4N+27JfnqXAnVaSunZl0hOO1XodSrxGNz6sCEbnmS0lAfQZDKyb3fbr46gSuv6Sg==}
    engines: {node: '>=20.0.0'}

  '@aws-sdk/credential-provider-login@3.972.54':
    resolution: {integrity: sha512-hBWI3wZTdTGiuMfmPts6AWbAjFfRniOQnqx68tc2cQvRKWawFbN9wkLOVPWM1FAOyowZU73mC6Fi+rHSHNyLFw==}
    engines: {node: '>=20.0.0'}

  '@aws-sdk/credential-provider-login@3.972.77':
    resolution: {integrity: sha512-Jb59xfEISoN5mmbnA+HYqdtrSX3CgCtJoof+V5D8/TgUI56W63GEEd5Y58WijU3Ou6+WEgaLD1feVzaRXV5IDQ==}
    engines: {node: '>=20.0.0'}

  '@aws-sdk/credential-provider-node@3.972.57':
    resolution: {integrity: sha512-u6dClpzNdWf1HGWz4wwhdXi1wiOofCLniM9S4BQQGlLAN9TW7VB+ld5V533GdKrYMaFeBGFqKnj0JCYvynLqwQ==}
    engines: {node: '>=20.0.0'}

  '@aws-sdk/credential-provider-node@3.972.81':
    resolution: {integrity: sha512-Rml+WitoFvXmv6JZ18U/xGdGDGGvB/mOin0ya0lTnTrdC0Z1lrVxTYh7iNklZBcvcRMrs4DoEf6xy1KWyrLQQw==}
    engines: {node: '>=20.0.0'}

  '@aws-sdk/credential-provider-process@3.972.48':
    resolution: {integrity: sha512-w6VZwojPt12WnEkAUy6Nu4K6sWCbBmR7QX390b0nE6vRvkXbrYr9Lq9VySGkfjiMjpUA87op+J4EgvRmtWIDoQ==}
    engines: {node: '>=20.0.0'}

  '@aws-sdk/credential-provider-process@3.972.68':
    resolution: {integrity: sha512-nLP3Pda2MQTFJ25hKBMmUuB9Uv+bTZQNlufbeCwklP549Vwnkd8bRLJoCKp5k6xjmdyptrPrOfGOhN0mKuca8A==}
    engines: {node: '>=20.0.0'}

  '@aws-sdk/credential-provider-process@3.972.70':
    resolution: {integrity: sha512-2ry03fGRJr4sV3jI+ocjj5JqALnFD6ymM5KiNCDZMvq8bX2GSbE0vji4aM43TVCl2nXqqLRZaUxdq/KeWRAY4Q==}
    engines: {node: '>=20.0.0'}

  '@aws-sdk/credential-provider-sso@3.972.54':
    resolution: {integrity: sha512-23uZpIpF2SIFDCa1fcWa202tK4gGeyvX6GIIAjiB8WBsvsVRBMnJ/7dCxHzxf7eZT7GToJg837LDIBnZsl/VUg==}
    engines: {node: '>=20.0.0'}

  '@aws-sdk/credential-provider-sso@3.973.12':
    resolution: {integrity: sha512-EmgyyHn+f9WCcelp3L/vci+LGbX8GigWaVphRArjVo5Pktkr9YnLy/mQ6VDkDyBD72dtfRNTgHmD2ts4rTDXKQ==}
    engines: {node: '>=20.0.0'}

  '@aws-sdk/credential-provider-sso@3.973.14':
    resolution: {integrity: sha512-jkhg/8ocAAoc0RFyLMhCw+/zZh7gystQgd4F4hznNa8P4Cc501PQmxd+jGLiMHodPJ+7Zv/3znM62gZojyasmA==}
    engines: {node: '>=20.0.0'}

  '@aws-sdk/credential-provider-web-identity@3.972.54':
    resolution: {integrity: sha512-0Iv5QttS6wcATlodYKgvQj6B9Db51rx7NU9fqu0PoLeS4BIgdYMc/QK4smwLwpm5RFrs02V/eLyEFp3FklvlNQ==}
    engines: {node: '>=20.0.0'}

  '@aws-sdk/credential-provider-web-identity@3.972.74':
    resolution: {integrity: sha512-0YfczxGXF3RjGj8z7QG/Ho2HnLGKDHfPSHiTs47UU1U/+mmwISDN+rvGKt2zh+3FX8NdT4xd95LGBGyhQw2dgQ==}
    engines: {node: '>=20.0.0'}

  '@aws-sdk/credential-provider-web-identity@3.972.76':
    resolution: {integrity: sha512-d3AGyVu759PGr35mEB2s22xxlNEA5rpdxtSPJthfPFJvoQ8dt357iVPECqWfUxXp1toJAvKmbtcIYVGigaGsCA==}
    engines: {node: '>=20.0.0'}

  '@aws-sdk/eventstream-handler-node@3.972.22':
    resolution: {integrity: sha512-tqPJv0dz4+O0hWGm1a6YekcMZyPhDFs/zH73Von7icaVT5n0Jqvm86typ3jRrG+qoUdPhALOnboRLTmnWQTlYQ==}
    engines: {node: '>=20.0.0'}

  '@aws-sdk/eventstream-handler-node@3.972.34':
    resolution: {integrity: sha512-cTeVzpu1xEAkryTZBYhGwnQ6gOGyp8ZYZvmn0Sg/nI/ABmy/CRHHxPDJDUi9PxwxUtGGaatvfRUB3FCgT/rSWw==}
    engines: {node: '>=20.0.0'}

  '@aws-sdk/middleware-eventstream@3.972.18':
    resolution: {integrity: sha512-OHpk8YoZi3yexPq8aFt1vN1IxA2zLKvsIR5GpWYylX/ve6kQmY7wxHNSFy/D3t2apMZ16rs76Co4dJWcDyIk3A==}
    engines: {node: '>=20.0.0'}

  '@aws-sdk/middleware-eventstream@3.972.29':
    resolution: {integrity: sha512-dlRzHCgyB8W6hLuDC5pcT5q+ziPt00n4QGgGBE17ucLVU4zMa6lsbuUdQ2Pm75Z5VA8GF+R/+SgrRcaTdIzSIQ==}
    engines: {node: '>=20.0.0'}

  '@aws-sdk/middleware-websocket@3.972.30':
    resolution: {integrity: sha512-kH6N4f/Fzi9r/dYap8EQ+Zk4NOz8pl4AtWKhzAoG2C1/4YkIHok9APp/e+75woreWQq264n+LkrJsJVZ0Q+M1Q==}
    engines: {node: '>= 14.0.0'}

  '@aws-sdk/middleware-websocket@3.972.52':
    resolution: {integrity: sha512-vsPPM+nMbKJlUCFU+eoGZbdxdxDIAX9LbpjSXaR5Ufpmqgp8TdYQnoExhLu4T3umW/JIIPny1ydbhWidZZYokQ==}
    engines: {node: '>= 14.0.0'}

  '@aws-sdk/nested-clients@3.997.22':
    resolution: {integrity: sha512-4IwtcYSxEIVw5hcp8ogq0CMbFNZFw7jJUetpfFUhFFeqsa1K8j2Ihg2hnxLyOp3stMZnXda6VzOmPi1AFZQXcg==}
    engines: {node: '>=20.0.0'}

  '@aws-sdk/nested-clients@3.997.42':
    resolution: {integrity: sha512-XWRyon2MTHXD/zMoo0Mbge6Vwf+iE0qQaM/RyGO6NfZ9WukCFiQL27nQVZjYy2JwSIg+iXZxKOX95OBXqlSM4w==}
    engines: {node: '>=20.0.0'}

  '@aws-sdk/nested-clients@3.997.44':
    resolution: {integrity: sha512-NhEgryjlBF9w38ZXqGymQV28IhkYa1mKhlbYnqIis57AYwWGVYfUPgg/qC2rLRqOUfblxx++irvju10kVTa8Vw==}
    engines: {node: '>=20.0.0'}

  '@aws-sdk/signature-v4-multi-region@3.996.35':
    resolution: {integrity: sha512-6L/VWs+Wch2stHemCGTmUNqKLMzURxQDK5boNG3Jn3kAOp71meDUuS5sbObpEvFxHDq0uWeSLFDNSYsjNt+Dlg==}
    engines: {node: '>=20.0.0'}

  '@aws-sdk/signature-v4-multi-region@3.996.44':
    resolution: {integrity: sha512-ZSfQ35Qn4MhSY+A0Whyr+KBx+wJKZUyBsOrjB2pSHOafRzbFe47T8XcXM8hZqUAC69qnqIy0C9ArxTuud0CC2w==}
    engines: {node: '>=20.0.0'}

  '@aws-sdk/signature-v4-multi-region@3.996.46':
    resolution: {integrity: sha512-L+2xZTye/2T96f3lwCws0Zw6GG2JHZW9e8FpVgGBeeExSKyeoZ6CWRpBml/7DNiK/O26jrgPM9F+Ay8VkgzUWQ==}
    engines: {node: '>=20.0.0'}

  '@aws-sdk/token-providers@3.1048.0':
    resolution: {integrity: sha512-k0y/GcuesuSfWyUM0WamrGyeZmltRYaPbHO82UDA6mZ/doB+FOHKutikPAtSXMn/hDz970cF+iRuuiYO9VEbAA==}
    engines: {node: '>=20.0.0'}

  '@aws-sdk/token-providers@3.1071.0':
    resolution: {integrity: sha512-4LDW2Qob6LoLFuqYSYZq2AyTE9koSE9+i+n5UZcm10GpmQOK0zRD9L4uYlzItiTKksIWgC/qMFChAi3RvKYtMg==}
    engines: {node: '>=20.0.0'}

  '@aws-sdk/token-providers@3.1108.0':
    resolution: {integrity: sha512-rI80zxDxGJ6904eC/YbjkdjY6JdaZvQ01kOmrMvw7cFQGIHo27fhnIVbMSVDS4T6foQImjxYSRoOu/uSJscXDw==}
    engines: {node: '>=20.0.0'}

  '@aws-sdk/token-providers@3.1115.0':
    resolution: {integrity: sha512-ZQ9LMRuMbaZTTX6SJE8c7uP0PHSxerzs2wHBF0URQLB8hLQbPqi8RUoD3/ZaBqwIUue3RIPnCTvZKaE2MInX5Q==}
    engines: {node: '>=20.0.0'}

  '@aws-sdk/token-providers@3.1116.0':
    resolution: {integrity: sha512-ygIivKqh8aHzNkucOCXHyIBgBpLPfrSI0mCqXF+vLBsPTUKqj0VSqAY0GFPe7lQl4HntjOcQ+KSyS7oUV2C54Q==}
    engines: {node: '>=20.0.0'}

  '@aws-sdk/types@3.973.13':
    resolution: {integrity: sha512-pEHZqRkAlHfnfAU9tK+WpKv/gBNjGJrHMgA3A0iYRGyswBS2t0pfez+lWlwktb3Bqa0ovh7w/QJTFwp3fDxLNg==}
    engines: {node: '>=20.0.0'}

  '@aws-sdk/types@3.973.15':
    resolution: {integrity: sha512-IULn8uBV/SMtmOIANsm4WHXIOtVPBWfOWs3WGL0j/sI+KhaYehvOw0ET+9urnn8MBpiijuU/0JOpuwKOE451PQ==}
    engines: {node: '>=20.0.0'}

  '@aws-sdk/types@3.974.3':
    resolution: {integrity: sha512-ECAqfpNsef+7MO8qtR0h9KcFIBAygaE7Cm6UOiQl+ft+uVap+1G7bNEjs4mdJE2OnA4m6k7i8peH8uGIAsOMGw==}
    engines: {node: '>=20.0.0'}

  '@aws-sdk/types@3.974.5':
    resolution: {integrity: sha512-LkwLL2BLbC6wNNm4JaH9mbEqBMdOZCct6VAYqhdN4U1xrWM+fUJQEfbHwQgDypapOWTRtlk25akb5afM0P8CIQ==}
    engines: {node: '>=20.0.0'}

  '@aws-sdk/util-locate-window@3.965.8':
    resolution: {integrity: sha512-uUbMs1cBZPafD0ohUj6EwNf0fPZ534NvBxHox4hjX+0Rxq5paSYUem7+hi833pYrzrcnBATKIYpR02MDXT5M9g==}
    engines: {node: '>=20.0.0'}

  '@aws-sdk/xml-builder@3.972.30':
    resolution: {integrity: sha512-StElZPEoBquWwNqw1AcfpzEyZqJvFxouG+mpDNYlcH6ZOrqd2CuIryv+8LV8gNHZUOyKyJF3Dq9vxaXEmDR9TQ==}
    engines: {node: '>=20.0.0'}

  '@aws-sdk/xml-builder@3.972.38':
    resolution: {integrity: sha512-grf7mzfVxBS5AlsuTvBN7uDpzqohFww9fRPCO+EBSUdvtsYMcPSKdz54h/7XiscqNcUM1Ae1MF7JLHmiYYuzbQ==}
    engines: {node: '>=20.0.0'}

  '@aws-sdk/xml-builder@3.972.40':
    resolution: {integrity: sha512-wlFmCIGUlwF4zx/kncw+bmxTQh1HeSJq4mYV/V5cZUSJadDP3kXvGW8Rn21cimj/7y9ju+47oYWXi97vF7czaA==}
    engines: {node: '>=20.0.0'}

  '@aws/lambda-invoke-store@0.2.4':
    resolution: {integrity: sha512-iY8yvjE0y651BixKNPgmv1WrQc+GZ142sb0z4gYnChDDY2YqI4P/jsSopBWrKfAt7LOJAkOXt7rC/hms+WclQQ==}
    engines: {node: '>=18.0.0'}

  '@aws/lambda-invoke-store@0.3.0':
    resolution: {integrity: sha512-sl4Bm6yiMNYrZKkqqDFWN0UfnWhlS8ivKxrYl+6t0gCLrqr8y3B2IqZZbFRkfaVVp7C/baApyh71P+LeE1A2sQ==}
    engines: {node: '>=18.0.0'}

  '@nodable/entities@2.2.0':
    resolution: {integrity: sha512-9uGyhaQavEUMC8AIddIjau4NsnsXhou+j5sBAGojCM1oxmQpVKTWR/9JxABD6UAv12vpIms55fPZKFQEhG6uBg==}

  '@smithy/core@3.25.1':
    resolution: {integrity: sha512-zpDbpXBCBsxfLtG2GEUyfgvHvSFrw5CwDZSNzL0v52gx/c3oPlPbm+7W7num8xs6vyiUBn+bvYPHcQDOXZynCQ==}
    engines: {node: '>=18.0.0'}

  '@smithy/core@3.32.0':
    resolution: {integrity: sha512-NAiCSC78fzbNIEWoheoF74Ob5ZorLijCHpMY26Fqvqg/+9LuyIqMfHDg2p8Yk1rqOyowtiL3y7WX0AW+teL6zw==}
    engines: {node: '>=18.0.0'}

  '@smithy/core@3.33.3':
    resolution: {integrity: sha512-CsOeKq/9kA3y6VJHt+/+VTCtBaxJ4OTFpgrjIUhPpDIKxBci1k2bJaQASF2h/ELWrulGp+t97DZ0mevfAD8idg==}
    engines: {node: '>=18.0.0'}

  '@smithy/credential-provider-imds@4.4.1':
    resolution: {integrity: sha512-TSAF5NHgxEsllbErYWbK8aLnl5L601NGc5VYJlSPsKnf3YlkhdoBN+geGcaU00oiw2OK3QO5LA3QNXiiWhCidQ==}
    engines: {node: '>=18.0.0'}

  '@smithy/credential-provider-imds@4.5.0':
    resolution: {integrity: sha512-2jsPi+7Zv2hSzD9IXR9D7DTqSn7mv4XalzRm+bESh53jiaUS3NKEUbpQFTJP0HhQy9qzZvluxQ3yS24zdRrqsA==}
    engines: {node: '>=18.0.0'}

  '@smithy/fetch-http-handler@5.5.1':
    resolution: {integrity: sha512-96JrD1q71anokymx9Iblb+zKmNQYNstlV/25A9ZYIJ2A0rp1r7/GZAIm0bDWSmVvz3DpNOCZuabzsiL+w0UHhw==}
    engines: {node: '>=18.0.0'}

  '@smithy/fetch-http-handler@5.7.0':
    resolution: {integrity: sha512-W/exA8T0LEzCQtJ02w4IzaEQPIspgarqZprb7W8FwnYiDowgCrjl2fTQ6FvuSSUnJORuepBF81abmBJwqh+0XQ==}
    engines: {node: '>=18.0.0'}

  '@smithy/fetch-http-handler@5.7.2':
    resolution: {integrity: sha512-nZyWTmSpJEXl6VtWVMBJve/7x12DZu6sIX1z1a+ZMaHlQQRs9Zpu6NbTe/gmxYXVRpkjxyDYpZ5gx2IM6f/Wkw==}
    engines: {node: '>=18.0.0'}

  '@smithy/is-array-buffer@2.2.0':
    resolution: {integrity: sha512-GGP3O9QFD24uGeAXYUjwSTXARoqpZykHadOmA8G5vfJPK0/DC67qa//0qvqrJzL1xc8WQWX7/yc7fwudjPHPhA==}
    engines: {node: '>=14.0.0'}

  '@smithy/node-http-handler@4.10.0':
    resolution: {integrity: sha512-nrh7VxqzPQS/ip1hS293aI/OAWDWARQvjUxCfuKhyrfHa2gTdk28066RNeWLI1uuoHXaKAkOF8IcSAHuOp0+SA==}
    engines: {node: '>=18.0.0'}

  '@smithy/node-http-handler@4.11.3':
    resolution: {integrity: sha512-2jY1tSpERfPfWqyBV2pH+iGFaghVsIJszJNsT7hxtQYhVJpWDyc0LqOWI+nXOxOAHaEfZ4PXXtp1wW1TGpHhkA==}
    engines: {node: '>=18.0.0'}

  '@smithy/node-http-handler@4.8.1':
    resolution: {integrity: sha512-emtXvoky671puri18ETf64AFIQUGIEA093F2drXpBgB0OGnBLjcwNR3CA2mYu62IAqNsS56xa5lnTxAgPq7cjw==}
    engines: {node: '>=18.0.0'}

  '@smithy/signature-v4@5.7.0':
    resolution: {integrity: sha512-hCynhm22wMJ8wTF9crcwu8mxggtUrSLLJgDcGUvYFBqpofxycYJCGKOMYg4xtPPFtgNiDJSYmhsWLTrcU/g59Q==}
    engines: {node: '>=18.0.0'}

  '@smithy/types@4.15.0':
    resolution: {integrity: sha512-Z5TAOxygoFvybJV3igo5SloFflSokHx2hu1eFA+DxDTcn+FtKxUSui+rbTRG1pAafMA888Z3MVvCWUuvCrTXjg==}
    engines: {node: '>=18.0.0'}

  '@smithy/types@4.17.0':
    resolution: {integrity: sha512-Aw4joiM0ZdErpo39lCj8phT2lxoiKZV+KZzBxnnQhWVtU2Is/WffQSL04uUWRcXUse9Ln8vXZK6V/FwqRVnQpg==}
    engines: {node: '>=18.0.0'}

  '@smithy/types@4.17.2':
    resolution: {integrity: sha512-FOKpVZob9MPTn2znRzGrnsMHv7BOsKVw3XiP/cOyYLDVZ9qKp4nifIiSCuUU/fIj5Vu0UOAxCFr+qRAtG0NUkA==}
    engines: {node: '>=18.0.0'}

  '@smithy/util-buffer-from@2.2.0':
    resolution: {integrity: sha512-IJdWBbTcMQ6DA0gdNhh/BwrLkDR+ADW5Kr1aZmd4k3DIF6ezMV4R2NIAmT08wQJ3yUK82thHWmC/TnK/wpMMIA==}
    engines: {node: '>=14.0.0'}

  '@smithy/util-utf8@2.3.0':
    resolution: {integrity: sha512-R8Rdn8Hy72KKcebgLiv8jQcQkXoLMOGGv5uI1/k0l+snqkOzQ1R0ChUBCxWMlBsFMekWjq0wRudIweFs7sKT5A==}
    engines: {node: '>=14.0.0'}

  anynum@1.0.1:
    resolution: {integrity: sha512-N6//FLET/tXYNM/F6ABca1oH6fWB+KlTt909Le28WMDBk8oaT4vY17DCrwg2MvmuqUKt3Ni4N5dGJ/EoBgcO6A==}

  bowser@2.14.1:
    resolution: {integrity: sha512-tzPjzCxygAKWFOJP011oxFHs57HzIhOEracIgAePE4pqB3LikALKnSzUyU4MGs9/iCEUuHlAJTjTc5M+u7YEGg==}

  fast-xml-builder@1.2.0:
    resolution: {integrity: sha512-00aAWieqff+ZJhsXA4g1g7M8k+7AYoMUUHF+/zFb5U6Uv/P0Vl4QZo84/IcufzYalLuEj9928bXN9PbbFzMF0Q==}

  fast-xml-parser@5.7.3:
    resolution: {integrity: sha512-C0AaNuC+mscy6vrAQKAc/rMq+zAPHodfHGZu4sGVehvAQt/JLG1O5zEcYcXSY5zSqr4YVgxsB+pHXTq0i7eDlg==}
    hasBin: true

  path-expression-matcher@1.5.0:
    resolution: {integrity: sha512-cbrerZV+6rvdQrrD+iGMcZFEiiSrbv9Tfdkvnusy6y0x0GKBXREFg/Y65GhIfm0tnLntThhzCnfKwp1WRjeCyQ==}
    engines: {node: '>=14.0.0'}

  strnum@2.4.1:
    resolution: {integrity: sha512-M9eUSMT2dCB2cTNPG7UYj6KuK7RJR2SN2+yCV/fTW3xzTCS6EaGZ5pSMgDIjB7r8zSfTGk+dvvn9rTjpVS9Mwg==}

  tslib@2.8.1:
    resolution: {integrity: sha512-oJFu94HQb+KVduSUQL7wnpmqnfmLsOA/nAh6b6EH0wCEoK0/mPeXU6c3wKDV83MkOuHPRHtSXKKU99IBazS/2w==}

  xml-naming@0.1.0:
    resolution: {integrity: sha512-k8KO9hrMyNk6tUWqUfkTEZbezRRpONVOzUTnc97VnCvyj6Tf9lyUR9EDAIeiVLv56jsMcoXEwjW8Kv5yPY52lw==}
    engines: {node: '>=16.0.0'}

snapshots:

  '@aws-crypto/crc32@5.2.0':
    dependencies:
      '@aws-crypto/util': 5.2.0
      '@aws-sdk/types': 3.973.15
      tslib: 2.8.1

  '@aws-crypto/sha256-browser@5.2.0':
    dependencies:
      '@aws-crypto/sha256-js': 5.2.0
      '@aws-crypto/supports-web-crypto': 5.2.0
      '@aws-crypto/util': 5.2.0
      '@aws-sdk/types': 3.974.3
      '@aws-sdk/util-locate-window': 3.965.8
      '@smithy/util-utf8': 2.3.0
      tslib: 2.8.1

  '@aws-crypto/sha256-js@5.2.0':
    dependencies:
      '@aws-crypto/util': 5.2.0
      '@aws-sdk/types': 3.974.3
      tslib: 2.8.1

  '@aws-crypto/supports-web-crypto@5.2.0':
    dependencies:
      tslib: 2.8.1

  '@aws-crypto/util@5.2.0':
    dependencies:
      '@aws-sdk/types': 3.974.3
      '@smithy/util-utf8': 2.3.0
      tslib: 2.8.1

  '@aws-sdk/client-bedrock-runtime@3.1048.0':
    dependencies:
      '@aws-crypto/sha256-browser': 5.2.0
      '@aws-crypto/sha256-js': 5.2.0
      '@aws-sdk/core': 3.974.22
      '@aws-sdk/credential-provider-node': 3.972.57
      '@aws-sdk/eventstream-handler-node': 3.972.22
      '@aws-sdk/middleware-eventstream': 3.972.18
      '@aws-sdk/middleware-websocket': 3.972.30
      '@aws-sdk/token-providers': 3.1048.0
      '@aws-sdk/types': 3.973.13
      '@smithy/core': 3.25.1
      '@smithy/fetch-http-handler': 5.5.1
      '@smithy/node-http-handler': 4.8.1
      '@smithy/types': 4.15.0
      tslib: 2.8.1

  '@aws-sdk/client-bedrock-runtime@3.1115.0':
    dependencies:
      '@aws-sdk/core': 3.977.9
      '@aws-sdk/credential-provider-node': 3.972.81
      '@aws-sdk/eventstream-handler-node': 3.972.34
      '@aws-sdk/middleware-eventstream': 3.972.29
      '@aws-sdk/middleware-websocket': 3.972.52
      '@aws-sdk/token-providers': 3.1115.0
      '@aws-sdk/types': 3.974.5
      '@smithy/core': 3.32.0
      '@smithy/fetch-http-handler': 5.7.0
      '@smithy/node-http-handler': 4.10.0
      '@smithy/types': 4.17.0
      tslib: 2.8.1

  '@aws-sdk/core@3.974.22':
    dependencies:
      '@aws-sdk/types': 3.974.3
      '@aws-sdk/xml-builder': 3.972.30
      '@aws/lambda-invoke-store': 0.2.4
      '@smithy/core': 3.32.0
      '@smithy/signature-v4': 5.7.0
      '@smithy/types': 4.17.0
      bowser: 2.14.1
      tslib: 2.8.1

  '@aws-sdk/core@3.977.7':
    dependencies:
      '@aws-sdk/types': 3.974.3
      '@aws-sdk/xml-builder': 3.972.38
      '@aws/lambda-invoke-store': 0.3.0
      '@smithy/core': 3.32.0
      '@smithy/signature-v4': 5.7.0
      '@smithy/types': 4.17.0
      bowser: 2.14.1
      tslib: 2.8.1

  '@aws-sdk/core@3.977.9':
    dependencies:
      '@aws-sdk/types': 3.974.5
      '@aws-sdk/xml-builder': 3.972.40
      '@aws/lambda-invoke-store': 0.3.0
      '@smithy/core': 3.33.3
      '@smithy/signature-v4': 5.7.0
      '@smithy/types': 4.17.2
      bowser: 2.14.1
      tslib: 2.8.1

  '@aws-sdk/credential-provider-env@3.972.48':
    dependencies:
      '@aws-sdk/core': 3.977.7
      '@aws-sdk/types': 3.974.3
      '@smithy/core': 3.32.0
      '@smithy/types': 4.17.0
      tslib: 2.8.1

  '@aws-sdk/credential-provider-env@3.972.68':
    dependencies:
      '@aws-sdk/core': 3.977.7
      '@aws-sdk/types': 3.974.3
      '@smithy/core': 3.32.0
      '@smithy/types': 4.17.0
      tslib: 2.8.1

  '@aws-sdk/credential-provider-env@3.972.70':
    dependencies:
      '@aws-sdk/core': 3.977.9
      '@aws-sdk/types': 3.974.5
      '@smithy/core': 3.33.3
      '@smithy/types': 4.17.2
      tslib: 2.8.1

  '@aws-sdk/credential-provider-http@3.972.50':
    dependencies:
      '@aws-sdk/core': 3.977.7
      '@aws-sdk/types': 3.974.3
      '@smithy/core': 3.32.0
      '@smithy/fetch-http-handler': 5.7.0
      '@smithy/node-http-handler': 4.8.1
      '@smithy/types': 4.17.0
      tslib: 2.8.1

  '@aws-sdk/credential-provider-http@3.972.70':
    dependencies:
      '@aws-sdk/core': 3.977.7
      '@aws-sdk/types': 3.974.3
      '@smithy/core': 3.32.0
      '@smithy/fetch-http-handler': 5.7.0
      '@smithy/node-http-handler': 4.10.0
      '@smithy/types': 4.17.0
      tslib: 2.8.1

  '@aws-sdk/credential-provider-http@3.972.72':
    dependencies:
      '@aws-sdk/core': 3.977.9
      '@aws-sdk/types': 3.974.5
      '@smithy/core': 3.33.3
      '@smithy/fetch-http-handler': 5.7.2
      '@smithy/node-http-handler': 4.11.3
      '@smithy/types': 4.17.2
      tslib: 2.8.1

  '@aws-sdk/credential-provider-ini@3.972.55':
    dependencies:
      '@aws-sdk/core': 3.977.7
      '@aws-sdk/credential-provider-env': 3.972.68
      '@aws-sdk/credential-provider-http': 3.972.70
      '@aws-sdk/credential-provider-login': 3.972.54
      '@aws-sdk/credential-provider-process': 3.972.68
      '@aws-sdk/credential-provider-sso': 3.973.12
      '@aws-sdk/credential-provider-web-identity': 3.972.74
      '@aws-sdk/nested-clients': 3.997.42
      '@aws-sdk/types': 3.974.3
      '@smithy/core': 3.32.0
      '@smithy/credential-provider-imds': 4.5.0
      '@smithy/types': 4.17.0
      tslib: 2.8.1

  '@aws-sdk/credential-provider-ini@3.973.15':
    dependencies:
      '@aws-sdk/core': 3.977.9
      '@aws-sdk/credential-provider-env': 3.972.70
      '@aws-sdk/credential-provider-http': 3.972.72
      '@aws-sdk/credential-provider-login': 3.972.77
      '@aws-sdk/credential-provider-process': 3.972.70
      '@aws-sdk/credential-provider-sso': 3.973.14
      '@aws-sdk/credential-provider-web-identity': 3.972.76
      '@aws-sdk/nested-clients': 3.997.44
      '@aws-sdk/types': 3.974.5
      '@smithy/core': 3.33.3
      '@smithy/credential-provider-imds': 4.5.0
      '@smithy/types': 4.17.2
      tslib: 2.8.1

  '@aws-sdk/credential-provider-login@3.972.54':
    dependencies:
      '@aws-sdk/core': 3.977.7
      '@aws-sdk/nested-clients': 3.997.42
      '@aws-sdk/types': 3.974.3
      '@smithy/core': 3.32.0
      '@smithy/types': 4.17.0
      tslib: 2.8.1

  '@aws-sdk/credential-provider-login@3.972.77':
    dependencies:
      '@aws-sdk/core': 3.977.9
      '@aws-sdk/nested-clients': 3.997.44
      '@aws-sdk/types': 3.974.5
      '@smithy/core': 3.33.3
      '@smithy/types': 4.17.2
      tslib: 2.8.1

  '@aws-sdk/credential-provider-node@3.972.57':
    dependencies:
      '@aws-sdk/credential-provider-env': 3.972.48
      '@aws-sdk/credential-provider-http': 3.972.50
      '@aws-sdk/credential-provider-ini': 3.972.55
      '@aws-sdk/credential-provider-process': 3.972.48
      '@aws-sdk/credential-provider-sso': 3.972.54
      '@aws-sdk/credential-provider-web-identity': 3.972.54
      '@aws-sdk/types': 3.974.3
      '@smithy/core': 3.32.0
      '@smithy/credential-provider-imds': 4.4.1
      '@smithy/types': 4.17.0
      tslib: 2.8.1

  '@aws-sdk/credential-provider-node@3.972.81':
    dependencies:
      '@aws-sdk/credential-provider-env': 3.972.70
      '@aws-sdk/credential-provider-http': 3.972.72
      '@aws-sdk/credential-provider-ini': 3.973.15
      '@aws-sdk/credential-provider-process': 3.972.70
      '@aws-sdk/credential-provider-sso': 3.973.14
      '@aws-sdk/credential-provider-web-identity': 3.972.76
      '@aws-sdk/types': 3.974.5
      '@smithy/core': 3.33.3
      '@smithy/credential-provider-imds': 4.5.0
      '@smithy/types': 4.17.2
      tslib: 2.8.1

  '@aws-sdk/credential-provider-process@3.972.48':
    dependencies:
      '@aws-sdk/core': 3.977.7
      '@aws-sdk/types': 3.974.3
      '@smithy/core': 3.32.0
      '@smithy/types': 4.17.0
      tslib: 2.8.1

  '@aws-sdk/credential-provider-process@3.972.68':
    dependencies:
      '@aws-sdk/core': 3.977.7
      '@aws-sdk/types': 3.974.3
      '@smithy/core': 3.32.0
      '@smithy/types': 4.17.0
      tslib: 2.8.1

  '@aws-sdk/credential-provider-process@3.972.70':
    dependencies:
      '@aws-sdk/core': 3.977.9
      '@aws-sdk/types': 3.974.5
      '@smithy/core': 3.33.3
      '@smithy/types': 4.17.2
      tslib: 2.8.1

  '@aws-sdk/credential-provider-sso@3.972.54':
    dependencies:
      '@aws-sdk/core': 3.977.7
      '@aws-sdk/nested-clients': 3.997.42
      '@aws-sdk/token-providers': 3.1071.0
      '@aws-sdk/types': 3.974.3
      '@smithy/core': 3.32.0
      '@smithy/types': 4.17.0
      tslib: 2.8.1

  '@aws-sdk/credential-provider-sso@3.973.12':
    dependencies:
      '@aws-sdk/core': 3.977.7
      '@aws-sdk/nested-clients': 3.997.42
      '@aws-sdk/token-providers': 3.1108.0
      '@aws-sdk/types': 3.974.3
      '@smithy/core': 3.32.0
      '@smithy/types': 4.17.0
      tslib: 2.8.1

  '@aws-sdk/credential-provider-sso@3.973.14':
    dependencies:
      '@aws-sdk/core': 3.977.9
      '@aws-sdk/nested-clients': 3.997.44
      '@aws-sdk/token-providers': 3.1116.0
      '@aws-sdk/types': 3.974.5
      '@smithy/core': 3.33.3
      '@smithy/types': 4.17.2
      tslib: 2.8.1

  '@aws-sdk/credential-provider-web-identity@3.972.54':
    dependencies:
      '@aws-sdk/core': 3.977.7
      '@aws-sdk/nested-clients': 3.997.42
      '@aws-sdk/types': 3.974.3
      '@smithy/core': 3.32.0
      '@smithy/types': 4.17.0
      tslib: 2.8.1

  '@aws-sdk/credential-provider-web-identity@3.972.74':
    dependencies:
      '@aws-sdk/core': 3.977.7
      '@aws-sdk/nested-clients': 3.997.42
      '@aws-sdk/types': 3.974.3
      '@smithy/core': 3.32.0
      '@smithy/types': 4.17.0
      tslib: 2.8.1

  '@aws-sdk/credential-provider-web-identity@3.972.76':
    dependencies:
      '@aws-sdk/core': 3.977.9
      '@aws-sdk/nested-clients': 3.997.44
      '@aws-sdk/types': 3.974.5
      '@smithy/core': 3.33.3
      '@smithy/types': 4.17.2
      tslib: 2.8.1

  '@aws-sdk/eventstream-handler-node@3.972.22':
    dependencies:
      '@aws-sdk/types': 3.974.3
      '@smithy/core': 3.32.0
      '@smithy/types': 4.17.0
      tslib: 2.8.1

  '@aws-sdk/eventstream-handler-node@3.972.34':
    dependencies:
      '@aws-sdk/types': 3.974.5
      '@smithy/core': 3.33.3
      '@smithy/types': 4.17.2
      tslib: 2.8.1

  '@aws-sdk/middleware-eventstream@3.972.18':
    dependencies:
      '@aws-sdk/types': 3.974.3
      '@smithy/core': 3.32.0
      '@smithy/types': 4.17.0
      tslib: 2.8.1

  '@aws-sdk/middleware-eventstream@3.972.29':
    dependencies:
      '@aws-sdk/types': 3.974.5
      '@smithy/core': 3.33.3
      '@smithy/types': 4.17.2
      tslib: 2.8.1

  '@aws-sdk/middleware-websocket@3.972.30':
    dependencies:
      '@aws-sdk/core': 3.977.7
      '@aws-sdk/types': 3.974.3
      '@smithy/core': 3.32.0
      '@smithy/fetch-http-handler': 5.7.0
      '@smithy/signature-v4': 5.7.0
      '@smithy/types': 4.17.0
      tslib: 2.8.1

  '@aws-sdk/middleware-websocket@3.972.52':
    dependencies:
      '@aws-sdk/core': 3.977.9
      '@aws-sdk/types': 3.974.5
      '@smithy/core': 3.33.3
      '@smithy/fetch-http-handler': 5.7.2
      '@smithy/signature-v4': 5.7.0
      '@smithy/types': 4.17.2
      tslib: 2.8.1

  '@aws-sdk/nested-clients@3.997.22':
    dependencies:
      '@aws-crypto/sha256-browser': 5.2.0
      '@aws-crypto/sha256-js': 5.2.0
      '@aws-sdk/core': 3.977.7
      '@aws-sdk/signature-v4-multi-region': 3.996.35
      '@aws-sdk/types': 3.974.3
      '@smithy/core': 3.32.0
      '@smithy/fetch-http-handler': 5.7.0
      '@smithy/node-http-handler': 4.8.1
      '@smithy/types': 4.17.0
      tslib: 2.8.1

  '@aws-sdk/nested-clients@3.997.42':
    dependencies:
      '@aws-sdk/core': 3.977.7
      '@aws-sdk/signature-v4-multi-region': 3.996.44
      '@aws-sdk/types': 3.974.3
      '@smithy/core': 3.32.0
      '@smithy/fetch-http-handler': 5.7.0
      '@smithy/node-http-handler': 4.10.0
      '@smithy/types': 4.17.0
      tslib: 2.8.1

  '@aws-sdk/nested-clients@3.997.44':
    dependencies:
      '@aws-sdk/core': 3.977.9
      '@aws-sdk/signature-v4-multi-region': 3.996.46
      '@aws-sdk/types': 3.974.5
      '@smithy/core': 3.33.3
      '@smithy/fetch-http-handler': 5.7.2
      '@smithy/node-http-handler': 4.11.3
      '@smithy/types': 4.17.2
      tslib: 2.8.1

  '@aws-sdk/signature-v4-multi-region@3.996.35':
    dependencies:
      '@aws-sdk/types': 3.974.3
      '@smithy/signature-v4': 5.7.0
      '@smithy/types': 4.17.0
      tslib: 2.8.1

  '@aws-sdk/signature-v4-multi-region@3.996.44':
    dependencies:
      '@aws-sdk/types': 3.974.3
      '@smithy/signature-v4': 5.7.0
      '@smithy/types': 4.17.0
      tslib: 2.8.1

  '@aws-sdk/signature-v4-multi-region@3.996.46':
    dependencies:
      '@aws-sdk/types': 3.974.5
      '@smithy/signature-v4': 5.7.0
      '@smithy/types': 4.17.2
      tslib: 2.8.1

  '@aws-sdk/token-providers@3.1048.0':
    dependencies:
      '@aws-sdk/core': 3.977.7
      '@aws-sdk/nested-clients': 3.997.22
      '@aws-sdk/types': 3.974.3
      '@smithy/core': 3.32.0
      '@smithy/types': 4.17.0
      tslib: 2.8.1

  '@aws-sdk/token-providers@3.1071.0':
    dependencies:
      '@aws-sdk/core': 3.977.7
      '@aws-sdk/nested-clients': 3.997.42
      '@aws-sdk/types': 3.974.3
      '@smithy/core': 3.32.0
      '@smithy/types': 4.17.0
      tslib: 2.8.1

  '@aws-sdk/token-providers@3.1108.0':
    dependencies:
      '@aws-sdk/core': 3.977.7
      '@aws-sdk/nested-clients': 3.997.42
      '@aws-sdk/types': 3.974.3
      '@smithy/core': 3.32.0
      '@smithy/types': 4.17.0
      tslib: 2.8.1

  '@aws-sdk/token-providers@3.1115.0':
    dependencies:
      '@aws-sdk/core': 3.977.9
      '@aws-sdk/nested-clients': 3.997.44
      '@aws-sdk/types': 3.974.5
      '@smithy/core': 3.32.0
      '@smithy/types': 4.17.0
      tslib: 2.8.1

  '@aws-sdk/token-providers@3.1116.0':
    dependencies:
      '@aws-sdk/core': 3.977.9
      '@aws-sdk/nested-clients': 3.997.44
      '@aws-sdk/types': 3.974.5
      '@smithy/core': 3.33.3
      '@smithy/types': 4.17.2
      tslib: 2.8.1

  '@aws-sdk/types@3.973.13':
    dependencies:
      '@smithy/types': 4.17.0
      tslib: 2.8.1

  '@aws-sdk/types@3.973.15':
    dependencies:
      '@smithy/types': 4.17.0
      tslib: 2.8.1

  '@aws-sdk/types@3.974.3':
    dependencies:
      '@smithy/types': 4.17.0
      tslib: 2.8.1

  '@aws-sdk/types@3.974.5':
    dependencies:
      '@smithy/types': 4.17.2
      tslib: 2.8.1

  '@aws-sdk/util-locate-window@3.965.8':
    dependencies:
      tslib: 2.8.1

  '@aws-sdk/xml-builder@3.972.30':
    dependencies:
      '@smithy/types': 4.17.0
      fast-xml-parser: 5.7.3
      tslib: 2.8.1

  '@aws-sdk/xml-builder@3.972.38':
    dependencies:
      '@smithy/types': 4.17.0
      tslib: 2.8.1

  '@aws-sdk/xml-builder@3.972.40':
    dependencies:
      '@smithy/types': 4.17.2
      tslib: 2.8.1

  '@aws/lambda-invoke-store@0.2.4': {}

  '@aws/lambda-invoke-store@0.3.0': {}

  '@nodable/entities@2.2.0': {}

  '@smithy/core@3.25.1':
    dependencies:
      '@aws-crypto/crc32': 5.2.0
      '@smithy/types': 4.15.0
      tslib: 2.8.1

  '@smithy/core@3.32.0':
    dependencies:
      '@smithy/types': 4.17.0
      tslib: 2.8.1

  '@smithy/core@3.33.3':
    dependencies:
      '@smithy/types': 4.17.2
      tslib: 2.8.1

  '@smithy/credential-provider-imds@4.4.1':
    dependencies:
      '@smithy/core': 3.32.0
      '@smithy/types': 4.17.0
      tslib: 2.8.1

  '@smithy/credential-provider-imds@4.5.0':
    dependencies:
      '@smithy/core': 3.33.3
      '@smithy/types': 4.17.2
      tslib: 2.8.1

  '@smithy/fetch-http-handler@5.5.1':
    dependencies:
      '@smithy/core': 3.32.0
      '@smithy/types': 4.17.0
      tslib: 2.8.1

  '@smithy/fetch-http-handler@5.7.0':
    dependencies:
      '@smithy/core': 3.32.0
      '@smithy/types': 4.17.0
      tslib: 2.8.1

  '@smithy/fetch-http-handler@5.7.2':
    dependencies:
      '@smithy/core': 3.33.3
      '@smithy/types': 4.17.2
      tslib: 2.8.1

  '@smithy/is-array-buffer@2.2.0':
    dependencies:
      tslib: 2.8.1

  '@smithy/node-http-handler@4.10.0':
    dependencies:
      '@smithy/core': 3.32.0
      '@smithy/types': 4.17.0
      tslib: 2.8.1

  '@smithy/node-http-handler@4.11.3':
    dependencies:
      '@smithy/core': 3.33.3
      '@smithy/types': 4.17.2
      tslib: 2.8.1

  '@smithy/node-http-handler@4.8.1':
    dependencies:
      '@smithy/core': 3.25.1
      '@smithy/types': 4.15.0
      tslib: 2.8.1

  '@smithy/signature-v4@5.7.0':
    dependencies:
      '@smithy/core': 3.33.3
      '@smithy/types': 4.17.2
      tslib: 2.8.1

  '@smithy/types@4.15.0':
    dependencies:
      tslib: 2.8.1

  '@smithy/types@4.17.0':
    dependencies:
      tslib: 2.8.1

  '@smithy/types@4.17.2':
    dependencies:
      tslib: 2.8.1

  '@smithy/util-buffer-from@2.2.0':
    dependencies:
      '@smithy/is-array-buffer': 2.2.0
      tslib: 2.8.1

  '@smithy/util-utf8@2.3.0':
    dependencies:
      '@smithy/util-buffer-from': 2.2.0
      tslib: 2.8.1

  anynum@1.0.1: {}

  bowser@2.14.1: {}

  fast-xml-builder@1.2.0:
    dependencies:
      path-expression-matcher: 1.5.0
      xml-naming: 0.1.0

  fast-xml-parser@5.7.3:
    dependencies:
      '@nodable/entities': 2.2.0
      fast-xml-builder: 1.2.0
      path-expression-matcher: 1.5.0
      strnum: 2.4.1

  path-expression-matcher@1.5.0: {}

  strnum@2.4.1:
    dependencies:
      anynum: 1.0.1

  tslib@2.8.1: {}

  xml-naming@0.1.0: {}
