lockfileVersion: '9.0'

settings:
  autoInstallPeers: true
  excludeLinksFromLockfile: false

importers:

  .:
    dependencies:
      '@openrouter/sdk':
        specifier: 0.9.11
        version: 0.9.11
      zod:
        specifier: 4.1.11
        version: 4.1.11

packages:

  '@openrouter/sdk@0.9.11':
    resolution: {integrity: sha512-BgFu6NcIJO4a9aVjr04y3kZ8pyM71j15I+bzfVAGEvxnj+KQNIkBYQGgwrG3D+aT1QpDKLki8btcQmpaxUas6A==}

  zod@4.1.11:
    resolution: {integrity: sha512-WPsqwxITS2tzx1bzhIKsEs19ABD5vmCVa4xBo2tq/SrV4RNZtfws1EnCWQXM6yh8bD08a1idvkB5MZSBiZsjwg==}

snapshots:

  '@openrouter/sdk@0.9.11':
    dependencies:
      zod: 4.1.11

  zod@4.1.11: {}
