lockfileVersion: '9.0'

settings:
  autoInstallPeers: true
  excludeLinksFromLockfile: false

importers:

  .:
    dependencies:
      ai-sdk-harness-codex-v1:
        specifier: npm:@ai-sdk/harness-codex@1.0.0
        version: '@ai-sdk/harness-codex@1.0.0'
      ai-sdk-harness-v1:
        specifier: npm:@ai-sdk/harness@1.0.0
        version: '@ai-sdk/harness@1.0.0(ws@8.21.1)(zod@4.4.3)'
      ai-sdk-harness-v1-latest:
        specifier: npm:@ai-sdk/harness@1.0.94
        version: '@ai-sdk/harness@1.0.94(ws@8.21.1)(zod@4.4.3)'

packages:

  '@ai-sdk/gateway@4.0.0':
    resolution: {integrity: sha512-rcKukspbM4h511ot2E8TsPl7rXjRK1zHKrMCP7w4+XF55UKqQHaDzo2kKbGv5rp8Bjb1yQatIHJZE1E2yrOOMw==}
    engines: {node: '>=22'}
    peerDependencies:
      zod: ^3.25.76 || ^4.1.8

  '@ai-sdk/gateway@4.0.69':
    resolution: {integrity: sha512-W5MMdyqsaziQy/A4kxlK74iEQ+NuO6OaszH32cEQpUgBW0o15S2fAdP0aYSH2/5lrVZSMXLQLCzuMkRGHBua3A==}
    engines: {node: '>=22'}
    peerDependencies:
      zod: ^3.25.76 || ^4.1.8

  '@ai-sdk/harness-codex@1.0.0':
    resolution: {integrity: sha512-nQ1LbFVq8FKiRTqecimmYobFPW9fEY3qcwCuduavBRZ60jtaPaICjJ3Abemf3X7hJgXR02beTs3CAeomBv/Avw==}
    engines: {node: '>=22'}

  '@ai-sdk/harness@1.0.0':
    resolution: {integrity: sha512-XNAnCdw0nFt2qCzzdpDCDCMJStbTbQWUrpv1iy0MCrvZVBCRg7xrXNXEurakVaKuykac8JyxBzUS/s3QDIJP+g==}
    engines: {node: '>=22'}
    peerDependencies:
      ws: ^8.21.0
    peerDependenciesMeta:
      ws:
        optional: true

  '@ai-sdk/harness@1.0.94':
    resolution: {integrity: sha512-tExIejKe008+3SbHYbqvuyhCtS/vwR7gruwlp/012gQ2pDInMkbcEmnGgM37/xKFGe89xpQrS1/2+06iojHIhA==}
    engines: {node: '>=22'}
    peerDependencies:
      ws: ^8.21.0
      zod: ^3.25.76 || ^4.1.8
    peerDependenciesMeta:
      ws:
        optional: true

  '@ai-sdk/provider-utils@5.0.0':
    resolution: {integrity: sha512-zj66M02jc6ASYwIgWZowsooDUwaVngeNZQ3H10GwcPMZ+KR6gHMhcUuKl6tkai+JPXTKDyHY1pnszuxRtw2D4A==}
    engines: {node: '>=22'}
    peerDependencies:
      zod: ^3.25.76 || ^4.1.8

  '@ai-sdk/provider-utils@5.0.34':
    resolution: {integrity: sha512-tRBdgRcys/4d8wyQdOdyYScq1AxfMdMd0hIlwolxJKVIbBwXUgClZuQT0VIsz4e7pylY8FE6utYCCZ494UAMJQ==}
    engines: {node: '>=22'}
    peerDependencies:
      zod: ^3.25.76 || ^4.1.8

  '@ai-sdk/provider@4.0.0':
    resolution: {integrity: sha512-fr9Gs89prDWiuox/T+kCA+i2cJkHpxU5S+tr4megjTzRC27ZsvFhwjU/+XrqqMbvBUlfmXxTOYWy8ng45dsjIg==}
    engines: {node: '>=22'}

  '@ai-sdk/provider@4.0.9':
    resolution: {integrity: sha512-XnGXPWiBIfqjsVEud5pOaVneRByJQOu2sYNwlSVJTPCvakdCDkVuYKKfNuStkIpMUYl7JIkBZGBx+B5YfNeVjA==}
    engines: {node: '>=22'}

  '@standard-schema/spec@1.1.0':
    resolution: {integrity: sha512-l2aFy5jALhniG5HgqrD6jXLi/rUWrKvqN/qJx6yoJsgKhblVd+iqqU4RCXavm/jPityDo5TCvKMnpjKnOriy0w==}

  '@vercel/oidc@3.2.0':
    resolution: {integrity: sha512-UycprH3T6n3jH0k44NHMa7pnFHGu/N05MjojYr+Mc6I7obkoLIJujSWwin1pCvdy/eOxrI/l3uDLQsmcrOb4ug==}
    engines: {node: '>= 20'}

  '@workflow/serde@4.1.0':
    resolution: {integrity: sha512-pav4F2BoirECWR7Nf1TKt+2eETcBj7jj4cBefQ8VXQCA6NPkaKeLfj/zMgi+3zYV5ZIBT4GuUiphsj0/b9hPQQ==}

  ai@7.0.0:
    resolution: {integrity: sha512-hncs+jamJh8r36K6G8xky7oF4Ai/RLU5TF85FMzI2vElyMJGGnLoHihpdmuDiuY2BsktDWHevKaJM1l0VcRLGw==}
    engines: {node: '>=22'}
    peerDependencies:
      zod: ^3.25.76 || ^4.1.8

  ai@7.0.85:
    resolution: {integrity: sha512-HVtPz0qLbTUad+QBnWWReIUmwk+U4PcRENMx+9PsHGVoinoc5CLDiVjNR+VBXTKOSaNgce8kSU/Rtbb4kjZsSw==}
    engines: {node: '>=22'}
    peerDependencies:
      zod: ^3.25.76 || ^4.1.8

  eventsource-parser@3.1.0:
    resolution: {integrity: sha512-kJezFj9YFAMLeORyi7aCLxLbD5/qWMQnoMVlVPyHIll7lgRJCc3JVln9Vgl9nwQi0YkMnhdGTMNn7CkRRAptMg==}
    engines: {node: '>=18.0.0'}

  json-schema@0.4.0:
    resolution: {integrity: sha512-es94M3nTIfsEPisRafak+HDLfHXnKBhV3vU5eqPcS3flIWqcxJWgXHXiey3YrpaNsanY5ei1VoYEbOzijuq9BA==}

  undici@7.29.0:
    resolution: {integrity: sha512-IDxfleLmmbSskfWSUATiN1nfn2rDuvnMOqb5CWR92iIfojA0Ud+ulOAAEQ57LPr9rWmsreUyf5lwyao+7GNNVw==}
    engines: {node: '>=20.18.1'}

  ws@8.21.1:
    resolution: {integrity: sha512-+0NTnW77fFN/DjQi6k/Sq/Yvk4Sgajw7urW8V+asjXnRgDs9gyGkdb7EzgfhA4goXsRIZKE28fzIXBHEzhuiWw==}
    engines: {node: '>=10.0.0'}
    peerDependencies:
      bufferutil: ^4.0.1
      utf-8-validate: '>=5.0.2'
    peerDependenciesMeta:
      bufferutil:
        optional: true
      utf-8-validate:
        optional: true

  zod@3.25.76:
    resolution: {integrity: sha512-gzUt/qt81nXsFGKIFcC3YnfEAx5NkunCfnDlvuBSSFS02bcXu4Lmea0AFIUwbLWxWPx3d9p8S5QoaujKcNQxcQ==}

  zod@4.4.3:
    resolution: {integrity: sha512-ytENFjIJFl2UwYglde2jchW2Hwm4GJFLDiSXWdTrJQBIN9Fcyp7n4DhxJEiWNAJMV1/BqWfW/kkg71UDcHJyTQ==}

snapshots:

  '@ai-sdk/gateway@4.0.0(zod@3.25.76)':
    dependencies:
      '@ai-sdk/provider': 4.0.0
      '@ai-sdk/provider-utils': 5.0.0(zod@3.25.76)
      '@vercel/oidc': 3.2.0
      zod: 3.25.76

  '@ai-sdk/gateway@4.0.0(zod@4.4.3)':
    dependencies:
      '@ai-sdk/provider': 4.0.0
      '@ai-sdk/provider-utils': 5.0.0(zod@4.4.3)
      '@vercel/oidc': 3.2.0
      zod: 4.4.3

  '@ai-sdk/gateway@4.0.69(zod@4.4.3)':
    dependencies:
      '@ai-sdk/provider': 4.0.9
      '@ai-sdk/provider-utils': 5.0.34(zod@4.4.3)
      '@vercel/oidc': 3.2.0
      zod: 4.4.3

  '@ai-sdk/harness-codex@1.0.0':
    dependencies:
      '@ai-sdk/harness': 1.0.0(ws@8.21.1)(zod@3.25.76)
      '@ai-sdk/provider-utils': 5.0.0(zod@3.25.76)
      ws: 8.21.1
      zod: 3.25.76
    transitivePeerDependencies:
      - bufferutil
      - utf-8-validate

  '@ai-sdk/harness@1.0.0(ws@8.21.1)(zod@3.25.76)':
    dependencies:
      '@ai-sdk/provider': 4.0.0
      '@ai-sdk/provider-utils': 5.0.0(zod@3.25.76)
      ai: 7.0.0(zod@3.25.76)
    optionalDependencies:
      ws: 8.21.1
    transitivePeerDependencies:
      - zod

  '@ai-sdk/harness@1.0.0(ws@8.21.1)(zod@4.4.3)':
    dependencies:
      '@ai-sdk/provider': 4.0.0
      '@ai-sdk/provider-utils': 5.0.0(zod@4.4.3)
      ai: 7.0.0(zod@4.4.3)
    optionalDependencies:
      ws: 8.21.1
    transitivePeerDependencies:
      - zod

  '@ai-sdk/harness@1.0.94(ws@8.21.1)(zod@4.4.3)':
    dependencies:
      '@ai-sdk/provider': 4.0.9
      '@ai-sdk/provider-utils': 5.0.34(zod@4.4.3)
      ai: 7.0.85(zod@4.4.3)
      zod: 4.4.3
    optionalDependencies:
      ws: 8.21.1

  '@ai-sdk/provider-utils@5.0.0(zod@3.25.76)':
    dependencies:
      '@ai-sdk/provider': 4.0.0
      '@standard-schema/spec': 1.1.0
      '@workflow/serde': 4.1.0
      eventsource-parser: 3.1.0
      zod: 3.25.76

  '@ai-sdk/provider-utils@5.0.0(zod@4.4.3)':
    dependencies:
      '@ai-sdk/provider': 4.0.0
      '@standard-schema/spec': 1.1.0
      '@workflow/serde': 4.1.0
      eventsource-parser: 3.1.0
      zod: 4.4.3

  '@ai-sdk/provider-utils@5.0.34(zod@4.4.3)':
    dependencies:
      '@ai-sdk/provider': 4.0.9
      '@standard-schema/spec': 1.1.0
      '@workflow/serde': 4.1.0
      eventsource-parser: 3.1.0
      undici: 7.29.0
      zod: 4.4.3

  '@ai-sdk/provider@4.0.0':
    dependencies:
      json-schema: 0.4.0

  '@ai-sdk/provider@4.0.9':
    dependencies:
      json-schema: 0.4.0

  '@standard-schema/spec@1.1.0': {}

  '@vercel/oidc@3.2.0': {}

  '@workflow/serde@4.1.0': {}

  ai@7.0.0(zod@3.25.76):
    dependencies:
      '@ai-sdk/gateway': 4.0.0(zod@3.25.76)
      '@ai-sdk/provider': 4.0.0
      '@ai-sdk/provider-utils': 5.0.0(zod@3.25.76)
      zod: 3.25.76

  ai@7.0.0(zod@4.4.3):
    dependencies:
      '@ai-sdk/gateway': 4.0.0(zod@4.4.3)
      '@ai-sdk/provider': 4.0.0
      '@ai-sdk/provider-utils': 5.0.0(zod@4.4.3)
      zod: 4.4.3

  ai@7.0.85(zod@4.4.3):
    dependencies:
      '@ai-sdk/gateway': 4.0.69(zod@4.4.3)
      '@ai-sdk/provider': 4.0.9
      '@ai-sdk/provider-utils': 5.0.34(zod@4.4.3)
      zod: 4.4.3

  eventsource-parser@3.1.0: {}

  json-schema@0.4.0: {}

  undici@7.29.0: {}

  ws@8.21.1: {}

  zod@3.25.76: {}

  zod@4.4.3: {}
