{
  "version": "5",
  "specifiers": {
    "jsr:@std/assert@^1.0.14": "1.0.16",
    "jsr:@std/internal@^1.0.12": "1.0.12",
    "npm:@types/node@*": "24.2.0",
    "npm:@vercel/functions@^3.3.0": "3.3.4",
    "npm:eventsource-parser@^3.0.6": "3.0.6",
    "npm:mustache@^4.2.0": "4.2.0",
    "npm:nunjucks@^3.2.4": "3.2.4",
    "npm:simple-git@^3.21.0": "3.30.0",
    "npm:uuid@13": "13.0.0",
    "npm:zod-to-json-schema@^3.25.0": "3.25.0_zod@4.1.13",
    "npm:zod@^4.1.12": "4.1.13"
  },
  "jsr": {
    "@std/assert@1.0.16": {
      "integrity": "6a7272ed1eaa77defe76e5ff63ca705d9c495077e2d5fd0126d2b53fc5bd6532",
      "dependencies": [
        "jsr:@std/internal"
      ]
    },
    "@std/internal@1.0.12": {
      "integrity": "972a634fd5bc34b242024402972cd5143eac68d8dffaca5eaa4dba30ce17b027"
    }
  },
  "npm": {
    "@kwsites/file-exists@1.1.1": {
      "integrity": "sha512-m9/5YGR18lIwxSFDwfE3oA7bWuq9kdau6ugN4H2rJeyhFQZcG9AgSHkQtSD15a8WvTgfz9aikZMrKPHvbpqFiw==",
      "dependencies": [
        "debug"
      ]
    },
    "@kwsites/promise-deferred@1.1.1": {
      "integrity": "sha512-GaHYm+c0O9MjZRu0ongGBRbinu8gVAMd2UZjji6jVmqKtZluZnptXGWhz1E8j8D2HJ3f/yMxKAUC0b+57wncIw=="
    },
    "@types/node@24.2.0": {
      "integrity": "sha512-3xyG3pMCq3oYCNg7/ZP+E1ooTaGB4cG8JWRsqqOYQdbWNY4zbaV0Ennrd7stjiJEFZCaybcIgpTjJWHRfBSIDw==",
      "dependencies": [
        "undici-types"
      ]
    },
    "@vercel/functions@3.3.4": {
      "integrity": "sha512-IoP8Xfr1QeCm+Dv5od3bfPiw/VgLKsA7IBd/88M/Wr421HdbH4b6bW5z8CTxiz1QRpalrPFZcLdMdxu+2hAjZg==",
      "dependencies": [
        "@vercel/oidc"
      ]
    },
    "@vercel/oidc@3.0.5": {
      "integrity": "sha512-fnYhv671l+eTTp48gB4zEsTW/YtRgRPnkI2nT7x6qw5rkI1Lq2hTmQIpHPgyThI0znLK+vX2n9XxKdXZ7BUbbw=="
    },
    "a-sync-waterfall@1.0.1": {
      "integrity": "sha512-RYTOHHdWipFUliRFMCS4X2Yn2X8M87V/OpSqWzKKOGhzqyUxzyVmhHDH9sAvG+ZuQf/TAOFsLCpMw09I1ufUnA=="
    },
    "asap@2.0.6": {
      "integrity": "sha512-BSHWgDSAiKs50o2Re8ppvp3seVHXSRM44cdSsT9FfNEUUZLOGWVCsiWaRPWM1Znn+mqZ1OfVZ3z3DWEzSp7hRA=="
    },
    "commander@5.1.0": {
      "integrity": "sha512-P0CysNDQ7rtVw4QIQtm+MRxV66vKFSvlsQvGYXZWR3qFU0jlMKHZZZgw8e+8DSah4UDKMqnknRDQz+xuQXQ/Zg=="
    },
    "debug@4.4.3": {
      "integrity": "sha512-RGwwWnwQvkVfavKVt22FGLw+xYSdzARwm0ru6DhTVA3umU5hZc28V3kO4stgYryrTlLpuvgI9GiijltAjNbcqA==",
      "dependencies": [
        "ms"
      ]
    },
    "eventsource-parser@3.0.6": {
      "integrity": "sha512-Vo1ab+QXPzZ4tCa8SwIHJFaSzy4R6SHf7BY79rFBDf0idraZWAkYrDjDj8uWaSm3S2TK+hJ7/t1CEmZ7jXw+pg=="
    },
    "ms@2.1.3": {
      "integrity": "sha512-6FlzubTLZG3J2a/NVCAleEhjzq5oxgHyaCU9yYXvcLsvoVaHJq/s5xXI6/XXP6tz7R9xAOtHnSO/tXtF3WRTlA=="
    },
    "mustache@4.2.0": {
      "integrity": "sha512-71ippSywq5Yb7/tVYyGbkBggbU8H3u5Rz56fH60jGFgr8uHwxs+aSKeqmluIVzM0m0kB7xQjKS6qPfd0b2ZoqQ==",
      "bin": true
    },
    "nunjucks@3.2.4": {
      "integrity": "sha512-26XRV6BhkgK0VOxfbU5cQI+ICFUtMLixv1noZn1tGU38kQH5A5nmmbk/O45xdyBhD1esk47nKrY0mvQpZIhRjQ==",
      "dependencies": [
        "a-sync-waterfall",
        "asap",
        "commander"
      ],
      "bin": true
    },
    "simple-git@3.30.0": {
      "integrity": "sha512-q6lxyDsCmEal/MEGhP1aVyQ3oxnagGlBDOVSIB4XUVLl1iZh0Pah6ebC9V4xBap/RfgP2WlI8EKs0WS0rMEJHg==",
      "dependencies": [
        "@kwsites/file-exists",
        "@kwsites/promise-deferred",
        "debug"
      ]
    },
    "undici-types@7.10.0": {
      "integrity": "sha512-t5Fy/nfn+14LuOc2KNYg75vZqClpAiqscVvMygNnlsHBFpSXdJaYtXMcdNLpl/Qvc3P2cB3s6lOV51nqsFq4ag=="
    },
    "uuid@13.0.0": {
      "integrity": "sha512-XQegIaBTVUjSHliKqcnFqYypAd4S+WCYt5NIeRs6w/UAry7z8Y9j5ZwRRL4kzq9U3sD6v+85er9FvkEaBpji2w==",
      "bin": true
    },
    "zod-to-json-schema@3.25.0_zod@4.1.13": {
      "integrity": "sha512-HvWtU2UG41LALjajJrML6uQejQhNJx+JBO9IflpSja4R03iNWfKXrj6W2h7ljuLyc1nKS+9yDyL/9tD1U/yBnQ==",
      "dependencies": [
        "zod"
      ]
    },
    "zod@4.1.13": {
      "integrity": "sha512-AvvthqfqrAhNH9dnfmrfKzX5upOdjUVJYFqNSlkmGf64gRaTzlPwz99IHYnVs28qYAybvAlBV+H7pn0saFY4Ig=="
    }
  },
  "remote": {
    "https://mozilla.github.io/nunjucks/files/nunjucks.min.js": "36b31fabed0b7d923a840f963d9c7465ce390d3a6e71a2fe29b8287fad35dbd6"
  },
  "workspace": {
    "dependencies": [
      "npm:@vercel/functions@^3.3.0",
      "npm:eventsource-parser@^3.0.6",
      "npm:mustache@^4.2.0",
      "npm:nunjucks@^3.2.4",
      "npm:simple-git@^3.21.0",
      "npm:uuid@13",
      "npm:zod-to-json-schema@^3.25.0",
      "npm:zod@^4.1.12"
    ]
  }
}
