lockfileVersion: '9.0'

settings:
  autoInstallPeers: true
  excludeLinksFromLockfile: false

importers:

  .:
    dependencies:
      langgraph-sdk-v1:
        specifier: npm:@langchain/langgraph-sdk@1.9.25
        version: '@langchain/langgraph-sdk@1.9.25(@langchain/core@1.2.9)'
      langgraph-sdk-v1-latest:
        specifier: npm:@langchain/langgraph-sdk@1.10.2
        version: '@langchain/langgraph-sdk@1.10.2(@langchain/core@1.2.9)'

packages:

  '@cfworker/json-schema@4.1.1':
    resolution: {integrity: sha512-gAmrUZSGtKc3AiBL71iNWxDsyUC5uMaKKGdvzYsBoTW/xi42JQHl7eKV2OYzCUqvc+D2RCcf7EXY2iCyFIk6og==}

  '@langchain/core@1.2.9':
    resolution: {integrity: sha512-conzSEj9Zu1AyXJLXsSbgrtxtxinmI1yGqQ5CIJZSoV5rvv+yvQE/vgBnoySpBQ/bl3YPgj2FL/gbDjWykLSfg==}
    engines: {node: '>=20'}

  '@langchain/langgraph-sdk@1.10.2':
    resolution: {integrity: sha512-86qsfdBZWu1ZgywLN8AThU/jXi9rjPDZPWcTJp4SA1A/L62ypTNoSXbvtiwZt1odokXccYTxK1XWS8tmVdvEmw==}
    peerDependencies:
      '@langchain/core': ^1.1.48
      react: ^18 || ^19
      react-dom: ^18 || ^19
    peerDependenciesMeta:
      react:
        optional: true
      react-dom:
        optional: true

  '@langchain/langgraph-sdk@1.9.25':
    resolution: {integrity: sha512-mRKW8zyQUaHox+HirRFMRrPqOvNbQI3xeXDt6kkk4PbBg77V92bsO1WzUVNrmJ81zCkvxyOrWSK8D6ioCj0a8A==}
    peerDependencies:
      '@langchain/core': ^1.1.48
      react: ^18 || ^19
      react-dom: ^18 || ^19
      svelte: ^4.0.0 || ^5.0.0
      vue: ^3.0.0
    peerDependenciesMeta:
      react:
        optional: true
      react-dom:
        optional: true
      svelte:
        optional: true
      vue:
        optional: true

  '@langchain/protocol@0.0.18':
    resolution: {integrity: sha512-XW1egQtPfsGI41w2AMZNFZrUIwFSQHTjVMZs0OaTpCAvht/QLoaPN8FQcsysMVypOhupG28J29yOorrc70otBQ==}

  '@langchain/protocol@0.0.19':
    resolution: {integrity: sha512-9hKcRrH7cBX6gfutdfXPoft1OCchHe4FEpALoDJMl5Qu+n/YG5ynZmyu8+8cxORlPwHBoKTxggvXz+76M1yX1Q==}

  '@standard-schema/spec@1.1.0':
    resolution: {integrity: sha512-l2aFy5jALhniG5HgqrD6jXLi/rUWrKvqN/qJx6yoJsgKhblVd+iqqU4RCXavm/jPityDo5TCvKMnpjKnOriy0w==}

  '@types/json-schema@7.0.15':
    resolution: {integrity: sha512-5+fP8P8MFNC+AyZCDxrB2pkZFPGzqQWUzpSeuuVLvm8VMcorNYavBqoFcxK8bQz4Qsbn4oUEEem4wDLfcysGHA==}

  base64-js@1.5.1:
    resolution: {integrity: sha512-AKpaYlHn8t4SVbOHCy+b5+KKgvR4vrsD8vbvrbiQJps7fKDTkjkDry6ji0rUJjC0kzbNePLwzxq8iypo41qeWA==}

  eventemitter3@4.0.7:
    resolution: {integrity: sha512-8guHBZCwKnFhYdHr2ysuRWErTwhoN2X8XELRlrRwpmfeY2jjuUN4taQMsULKUVo1K4DvZl+0pgfyoysHxvmvEw==}

  eventemitter3@5.0.4:
    resolution: {integrity: sha512-mlsTRyGaPBjPedk6Bvw+aqbsXDtoAyAzm5MO7JgU+yVRyMQ5O8bD4Kcci7BS85f93veegeCPkL8R4GLClnjLFw==}

  is-network-error@1.3.2:
    resolution: {integrity: sha512-PhBY86zaxNZUuWP6h13Vu5oFe0XY6/UlKzQnYFELzGVHygP3MxmvTfYSG7GN3aIab/iWudSMgjSnG9Dq+nHrgA==}
    engines: {node: '>=16'}

  js-tiktoken@1.0.21:
    resolution: {integrity: sha512-biOj/6M5qdgx5TKjDnFT1ymSpM5tbd3ylwDtrQvFQSu0Z7bBYko2dF+W/aUkXUPuk6IVpRxk/3Q2sHOzGlS36g==}

  langsmith@0.10.2:
    resolution: {integrity: sha512-9iqIcEPBMlRT+vvijcjCo4AeHlJHUZjxwbPtDdvQPpGgvo7nYxhsQ7jVd53zXkPstiPfjRhexfnIe0vLltVFmg==}
    peerDependencies:
      '@opentelemetry/api': '*'
      '@opentelemetry/exporter-trace-otlp-proto': '*'
      '@opentelemetry/sdk-trace-base': '*'
      openai: '*'
      ws: '>=7'
    peerDependenciesMeta:
      '@opentelemetry/api':
        optional: true
      '@opentelemetry/exporter-trace-otlp-proto':
        optional: true
      '@opentelemetry/sdk-trace-base':
        optional: true
      openai:
        optional: true
      ws:
        optional: true

  mustache@4.2.0:
    resolution: {integrity: sha512-71ippSywq5Yb7/tVYyGbkBggbU8H3u5Rz56fH60jGFgr8uHwxs+aSKeqmluIVzM0m0kB7xQjKS6qPfd0b2ZoqQ==}
    hasBin: true

  p-finally@1.0.0:
    resolution: {integrity: sha512-LICb2p9CB7FS+0eR1oqWnHhp0FljGLZCWBE9aix0Uye9W8LTQPwMTYVGWQWIw9RdQiDg4+epXQODwIYJtSJaow==}
    engines: {node: '>=4'}

  p-queue@6.6.2:
    resolution: {integrity: sha512-RwFpb72c/BhQLEXIZ5K2e+AhgNVmIejGlTgiB9MzZ0e93GRvqZ7uSi0dvRF7/XIXDeNkra2fNHBxTyPDGySpjQ==}
    engines: {node: '>=8'}

  p-queue@9.3.3:
    resolution: {integrity: sha512-NXAOdnEe5FsZJfT4oK84lE1Y5cFFdWlRuOo5tww8DyNMxyRXwn39fIkUtNLKppcPC+UYU/bXujNCUGDv01y7CA==}
    engines: {node: '>=20'}

  p-retry@7.1.1:
    resolution: {integrity: sha512-J5ApzjyRkkf601HpEeykoiCvzHQjWxPAHhyjFcEUP2SWq0+35NKh8TLhpLw+Dkq5TZBFvUM6UigdE9hIVYTl5w==}
    engines: {node: '>=20'}

  p-timeout@3.2.0:
    resolution: {integrity: sha512-rhIwUycgwwKcP9yTOOFK/AKsAopjjCakVqLHePO3CC6Mir1Z99xT+R63jZxAT5lFZLa2inS5h+ZS2GvR99/FBg==}
    engines: {node: '>=8'}

  p-timeout@7.0.1:
    resolution: {integrity: sha512-AxTM2wDGORHGEkPCt8yqxOTMgpfbEHqF51f/5fJCmwFC3C/zNcGT63SymH2ttOAaiIws2zVg4+izQCjrakcwHg==}
    engines: {node: '>=20'}

  zod@4.5.4:
    resolution: {integrity: sha512-sC95tT5iHHH9gtpj6A81kh+NEaRAUFN+qlUPDUbRfOMvNf5QCBqsb3WgvnpVtK5Y+4UfA6KqufotuTvMGiTlsA==}

snapshots:

  '@cfworker/json-schema@4.1.1': {}

  '@langchain/core@1.2.9':
    dependencies:
      '@cfworker/json-schema': 4.1.1
      '@standard-schema/spec': 1.1.0
      js-tiktoken: 1.0.21
      langsmith: 0.10.2
      mustache: 4.2.0
      p-queue: 6.6.2
      zod: 4.5.4
    transitivePeerDependencies:
      - '@opentelemetry/api'
      - '@opentelemetry/exporter-trace-otlp-proto'
      - '@opentelemetry/sdk-trace-base'
      - openai
      - ws

  '@langchain/langgraph-sdk@1.10.2(@langchain/core@1.2.9)':
    dependencies:
      '@langchain/core': 1.2.9
      '@langchain/protocol': 0.0.19
      '@types/json-schema': 7.0.15
      p-queue: 9.3.3
      p-retry: 7.1.1

  '@langchain/langgraph-sdk@1.9.25(@langchain/core@1.2.9)':
    dependencies:
      '@langchain/core': 1.2.9
      '@langchain/protocol': 0.0.18
      '@types/json-schema': 7.0.15
      p-queue: 9.3.3
      p-retry: 7.1.1

  '@langchain/protocol@0.0.18': {}

  '@langchain/protocol@0.0.19': {}

  '@standard-schema/spec@1.1.0': {}

  '@types/json-schema@7.0.15': {}

  base64-js@1.5.1: {}

  eventemitter3@4.0.7: {}

  eventemitter3@5.0.4: {}

  is-network-error@1.3.2: {}

  js-tiktoken@1.0.21:
    dependencies:
      base64-js: 1.5.1

  langsmith@0.10.2:
    dependencies:
      p-queue: 6.6.2

  mustache@4.2.0: {}

  p-finally@1.0.0: {}

  p-queue@6.6.2:
    dependencies:
      eventemitter3: 4.0.7
      p-timeout: 3.2.0

  p-queue@9.3.3:
    dependencies:
      eventemitter3: 5.0.4
      p-timeout: 7.0.1

  p-retry@7.1.1:
    dependencies:
      is-network-error: 1.3.2

  p-timeout@3.2.0:
    dependencies:
      p-finally: 1.0.0

  p-timeout@7.0.1: {}

  zod@4.5.4: {}
